{
  "version": 4,
  "terraform_version": "0.12.16",
  "serial": 165,
  "lineage": "d6c8a507-3bd2-cefb-7295-821b2bc23b04",
  "outputs": {},
  "resources": [
    {
      "module": "module.eks-cluster",
      "mode": "data",
      "type": "aws_ami",
      "name": "eks_worker",
      "provider": "provider.aws",
      "instances": [
        {
          "schema_version": 0,
          "attributes": {
            "architecture": "x86_64",
            "block_device_mappings": [
              {
                "device_name": "/dev/xvda",
                "ebs": {
                  "delete_on_termination": "true",
                  "encrypted": "false",
                  "iops": "0",
                  "snapshot_id": "snap-0931417d5dd2133c8",
                  "volume_size": "20",
                  "volume_type": "gp2"
                },
                "no_device": "",
                "virtual_name": ""
              }
            ],
            "creation_date": "2019-11-19T07:02:32.000Z",
            "description": "EKS Kubernetes Worker AMI with AmazonLinux2 image, (k8s: 1.14.7, docker:18.09.9ce-2.amzn2)",
            "executable_users": null,
            "filter": [
              {
                "name": "name",
                "values": [
                  "amazon-eks-node-1.14-v*"
                ]
              }
            ],
            "hypervisor": "xen",
            "id": "ami-02dca57ad67c7bf57",
            "image_id": "ami-02dca57ad67c7bf57",
            "image_location": "amazon/amazon-eks-node-1.14-v20191119",
            "image_owner_alias": "amazon",
            "image_type": "machine",
            "kernel_id": null,
            "most_recent": true,
            "name": "amazon-eks-node-1.14-v20191119",
            "name_regex": null,
            "owner_id": "602401143452",
            "owners": [
              "602401143452"
            ],
            "platform": null,
            "product_codes": [],
            "public": true,
            "ramdisk_id": null,
            "root_device_name": "/dev/xvda",
            "root_device_type": "ebs",
            "root_snapshot_id": "snap-0931417d5dd2133c8",
            "sriov_net_support": "simple",
            "state": "available",
            "state_reason": {
              "code": "UNSET",
              "message": "UNSET"
            },
            "tags": {},
            "virtualization_type": "hvm"
          }
        }
      ]
    },
    {
      "module": "module.eks-cluster",
      "mode": "data",
      "type": "aws_ami",
      "name": "eks_worker_windows",
      "provider": "provider.aws",
      "instances": [
        {
          "schema_version": 0,
          "attributes": {
            "architecture": "x86_64",
            "block_device_mappings": [
              {
                "device_name": "/dev/sda1",
                "ebs": {
                  "delete_on_termination": "true",
                  "encrypted": "false",
                  "iops": "0",
                  "snapshot_id": "snap-087cbb2bb3f5dfb0f",
                  "volume_size": "50",
                  "volume_type": "gp2"
                },
                "no_device": "",
                "virtual_name": ""
              },
              {
                "device_name": "xvdca",
                "ebs": {},
                "no_device": "",
                "virtual_name": "ephemeral0"
              },
              {
                "device_name": "xvdcb",
                "ebs": {},
                "no_device": "",
                "virtual_name": "ephemeral1"
              },
              {
                "device_name": "xvdcc",
                "ebs": {},
                "no_device": "",
                "virtual_name": "ephemeral2"
              },
              {
                "device_name": "xvdcd",
                "ebs": {},
                "no_device": "",
                "virtual_name": "ephemeral3"
              },
              {
                "device_name": "xvdce",
                "ebs": {},
                "no_device": "",
                "virtual_name": "ephemeral4"
              },
              {
                "device_name": "xvdcf",
                "ebs": {},
                "no_device": "",
                "virtual_name": "ephemeral5"
              },
              {
                "device_name": "xvdcg",
                "ebs": {},
                "no_device": "",
                "virtual_name": "ephemeral6"
              },
              {
                "device_name": "xvdch",
                "ebs": {},
                "no_device": "",
                "virtual_name": "ephemeral7"
              },
              {
                "device_name": "xvdci",
                "ebs": {},
                "no_device": "",
                "virtual_name": "ephemeral8"
              },
              {
                "device_name": "xvdcj",
                "ebs": {},
                "no_device": "",
                "virtual_name": "ephemeral9"
              },
              {
                "device_name": "xvdck",
                "ebs": {},
                "no_device": "",
                "virtual_name": "ephemeral10"
              },
              {
                "device_name": "xvdcl",
                "ebs": {},
                "no_device": "",
                "virtual_name": "ephemeral11"
              },
              {
                "device_name": "xvdcm",
                "ebs": {},
                "no_device": "",
                "virtual_name": "ephemeral12"
              },
              {
                "device_name": "xvdcn",
                "ebs": {},
                "no_device": "",
                "virtual_name": "ephemeral13"
              },
              {
                "device_name": "xvdco",
                "ebs": {},
                "no_device": "",
                "virtual_name": "ephemeral14"
              },
              {
                "device_name": "xvdcp",
                "ebs": {},
                "no_device": "",
                "virtual_name": "ephemeral15"
              },
              {
                "device_name": "xvdcq",
                "ebs": {},
                "no_device": "",
                "virtual_name": "ephemeral16"
              },
              {
                "device_name": "xvdcr",
                "ebs": {},
                "no_device": "",
                "virtual_name": "ephemeral17"
              },
              {
                "device_name": "xvdcs",
                "ebs": {},
                "no_device": "",
                "virtual_name": "ephemeral18"
              },
              {
                "device_name": "xvdct",
                "ebs": {},
                "no_device": "",
                "virtual_name": "ephemeral19"
              },
              {
                "device_name": "xvdcu",
                "ebs": {},
                "no_device": "",
                "virtual_name": "ephemeral20"
              },
              {
                "device_name": "xvdcv",
                "ebs": {},
                "no_device": "",
                "virtual_name": "ephemeral21"
              },
              {
                "device_name": "xvdcw",
                "ebs": {},
                "no_device": "",
                "virtual_name": "ephemeral22"
              },
              {
                "device_name": "xvdcx",
                "ebs": {},
                "no_device": "",
                "virtual_name": "ephemeral23"
              },
              {
                "device_name": "xvdcy",
                "ebs": {},
                "no_device": "",
                "virtual_name": "ephemeral24"
              },
              {
                "device_name": "xvdcz",
                "ebs": {},
                "no_device": "",
                "virtual_name": "ephemeral25"
              }
            ],
            "creation_date": "2019-11-13T08:25:31.000Z",
            "description": "Microsoft Windows Server 2019 Core optimized for EKS and provided by Amazon",
            "executable_users": null,
            "filter": [
              {
                "name": "name",
                "values": [
                  "Windows_Server-2019-English-Core-EKS_Optimized-1.14-*"
                ]
              },
              {
                "name": "platform",
                "values": [
                  "windows"
                ]
              }
            ],
            "hypervisor": "xen",
            "id": "ami-063946968933ab1d6",
            "image_id": "ami-063946968933ab1d6",
            "image_location": "amazon/Windows_Server-2019-English-Core-EKS_Optimized-1.14-2019.11.13",
            "image_owner_alias": "amazon",
            "image_type": "machine",
            "kernel_id": null,
            "most_recent": true,
            "name": "Windows_Server-2019-English-Core-EKS_Optimized-1.14-2019.11.13",
            "name_regex": null,
            "owner_id": "801119661308",
            "owners": [
              "801119661308"
            ],
            "platform": "windows",
            "product_codes": [],
            "public": true,
            "ramdisk_id": null,
            "root_device_name": "/dev/sda1",
            "root_device_type": "ebs",
            "root_snapshot_id": "snap-087cbb2bb3f5dfb0f",
            "sriov_net_support": "simple",
            "state": "available",
            "state_reason": {
              "code": "UNSET",
              "message": "UNSET"
            },
            "tags": {},
            "virtualization_type": "hvm"
          }
        }
      ]
    },
    {
      "module": "module.eks-cluster",
      "mode": "data",
      "type": "aws_caller_identity",
      "name": "current",
      "provider": "provider.aws",
      "instances": [
        {
          "schema_version": 0,
          "attributes": {
            "account_id": "787171992146",
            "arn": "arn:aws:sts::787171992146:assumed-role/Admin/SESSION_NAME",
            "id": "2019-11-23 20:58:17.225964 +0000 UTC",
            "user_id": "AROA3ORY3MJJI4UXCD266:SESSION_NAME"
          }
        }
      ]
    },
    {
      "module": "module.eks-cluster",
      "mode": "data",
      "type": "aws_iam_instance_profile",
      "name": "custom_worker_group_iam_instance_profile",
      "each": "list",
      "provider": "provider.aws",
      "instances": []
    },
    {
      "module": "module.eks-cluster",
      "mode": "data",
      "type": "aws_iam_instance_profile",
      "name": "custom_worker_group_launch_template_iam_instance_profile",
      "each": "list",
      "provider": "provider.aws",
      "instances": []
    },
    {
      "module": "module.eks-cluster",
      "mode": "data",
      "type": "aws_iam_policy_document",
      "name": "cluster_assume_role_policy",
      "provider": "provider.aws",
      "instances": [
        {
          "schema_version": 0,
          "attributes": {
            "id": "2764486067",
            "json": "{\n  \"Version\": \"2012-10-17\",\n  \"Statement\": [\n    {\n      \"Sid\": \"EKSClusterAssumeRole\",\n      \"Effect\": \"Allow\",\n      \"Action\": \"sts:AssumeRole\",\n      \"Principal\": {\n        \"Service\": \"eks.amazonaws.com\"\n      }\n    }\n  ]\n}",
            "override_json": null,
            "policy_id": null,
            "source_json": null,
            "statement": [
              {
                "actions": [
                  "sts:AssumeRole"
                ],
                "condition": [],
                "effect": "Allow",
                "not_actions": [],
                "not_principals": [],
                "not_resources": [],
                "principals": [
                  {
                    "identifiers": [
                      "eks.amazonaws.com"
                    ],
                    "type": "Service"
                  }
                ],
                "resources": [],
                "sid": "EKSClusterAssumeRole"
              }
            ],
            "version": "2012-10-17"
          }
        }
      ]
    },
    {
      "module": "module.eks-cluster",
      "mode": "data",
      "type": "aws_iam_policy_document",
      "name": "worker_autoscaling",
      "provider": "provider.aws",
      "instances": [
        {
          "schema_version": 0,
          "attributes": {
            "id": "3675438658",
            "json": "{\n  \"Version\": \"2012-10-17\",\n  \"Statement\": [\n    {\n      \"Sid\": \"eksWorkerAutoscalingAll\",\n      \"Effect\": \"Allow\",\n      \"Action\": [\n        \"ec2:DescribeLaunchTemplateVersions\",\n        \"autoscaling:DescribeTags\",\n        \"autoscaling:DescribeLaunchConfigurations\",\n        \"autoscaling:DescribeAutoScalingInstances\",\n        \"autoscaling:DescribeAutoScalingGroups\"\n      ],\n      \"Resource\": \"*\"\n    },\n    {\n      \"Sid\": \"eksWorkerAutoscalingOwn\",\n      \"Effect\": \"Allow\",\n      \"Action\": [\n        \"autoscaling:UpdateAutoScalingGroup\",\n        \"autoscaling:TerminateInstanceInAutoScalingGroup\",\n        \"autoscaling:SetDesiredCapacity\"\n      ],\n      \"Resource\": \"*\",\n      \"Condition\": {\n        \"StringEquals\": {\n          \"autoscaling:ResourceTag/k8s.io/cluster-autoscaler/enabled\": \"true\",\n          \"autoscaling:ResourceTag/kubernetes.io/cluster/mytests\": \"owned\"\n        }\n      }\n    }\n  ]\n}",
            "override_json": null,
            "policy_id": null,
            "source_json": null,
            "statement": [
              {
                "actions": [
                  "autoscaling:DescribeAutoScalingGroups",
                  "autoscaling:DescribeAutoScalingInstances",
                  "autoscaling:DescribeLaunchConfigurations",
                  "autoscaling:DescribeTags",
                  "ec2:DescribeLaunchTemplateVersions"
                ],
                "condition": [],
                "effect": "Allow",
                "not_actions": [],
                "not_principals": [],
                "not_resources": [],
                "principals": [],
                "resources": [
                  "*"
                ],
                "sid": "eksWorkerAutoscalingAll"
              },
              {
                "actions": [
                  "autoscaling:SetDesiredCapacity",
                  "autoscaling:TerminateInstanceInAutoScalingGroup",
                  "autoscaling:UpdateAutoScalingGroup"
                ],
                "condition": [
                  {
                    "test": "StringEquals",
                    "values": [
                      "owned"
                    ],
                    "variable": "autoscaling:ResourceTag/kubernetes.io/cluster/mytests"
                  },
                  {
                    "test": "StringEquals",
                    "values": [
                      "true"
                    ],
                    "variable": "autoscaling:ResourceTag/k8s.io/cluster-autoscaler/enabled"
                  }
                ],
                "effect": "Allow",
                "not_actions": [],
                "not_principals": [],
                "not_resources": [],
                "principals": [],
                "resources": [
                  "*"
                ],
                "sid": "eksWorkerAutoscalingOwn"
              }
            ],
            "version": "2012-10-17"
          }
        }
      ]
    },
    {
      "module": "module.eks-cluster",
      "mode": "data",
      "type": "aws_iam_policy_document",
      "name": "workers_assume_role_policy",
      "provider": "provider.aws",
      "instances": [
        {
          "schema_version": 0,
          "attributes": {
            "id": "3778018924",
            "json": "{\n  \"Version\": \"2012-10-17\",\n  \"Statement\": [\n    {\n      \"Sid\": \"EKSWorkerAssumeRole\",\n      \"Effect\": \"Allow\",\n      \"Action\": \"sts:AssumeRole\",\n      \"Principal\": {\n        \"Service\": \"ec2.amazonaws.com\"\n      }\n    }\n  ]\n}",
            "override_json": null,
            "policy_id": null,
            "source_json": null,
            "statement": [
              {
                "actions": [
                  "sts:AssumeRole"
                ],
                "condition": [],
                "effect": "Allow",
                "not_actions": [],
                "not_principals": [],
                "not_resources": [],
                "principals": [
                  {
                    "identifiers": [
                      "ec2.amazonaws.com"
                    ],
                    "type": "Service"
                  }
                ],
                "resources": [],
                "sid": "EKSWorkerAssumeRole"
              }
            ],
            "version": "2012-10-17"
          }
        }
      ]
    },
    {
      "module": "module.eks-cluster",
      "mode": "data",
      "type": "aws_iam_role",
      "name": "custom_cluster_iam_role",
      "each": "list",
      "provider": "provider.aws",
      "instances": []
    },
    {
      "module": "module.vpc",
      "mode": "data",
      "type": "aws_vpc_endpoint_service",
      "name": "apigw",
      "each": "list",
      "provider": "provider.aws",
      "instances": []
    },
    {
      "module": "module.vpc",
      "mode": "data",
      "type": "aws_vpc_endpoint_service",
      "name": "appmesh_envoy_management",
      "each": "list",
      "provider": "provider.aws",
      "instances": []
    },
    {
      "module": "module.vpc",
      "mode": "data",
      "type": "aws_vpc_endpoint_service",
      "name": "appstream",
      "each": "list",
      "provider": "provider.aws",
      "instances": []
    },
    {
      "module": "module.vpc",
      "mode": "data",
      "type": "aws_vpc_endpoint_service",
      "name": "athena",
      "each": "list",
      "provider": "provider.aws",
      "instances": []
    },
    {
      "module": "module.vpc",
      "mode": "data",
      "type": "aws_vpc_endpoint_service",
      "name": "cloudformation",
      "each": "list",
      "provider": "provider.aws",
      "instances": []
    },
    {
      "module": "module.vpc",
      "mode": "data",
      "type": "aws_vpc_endpoint_service",
      "name": "cloudtrail",
      "each": "list",
      "provider": "provider.aws",
      "instances": []
    },
    {
      "module": "module.vpc",
      "mode": "data",
      "type": "aws_vpc_endpoint_service",
      "name": "codebuild",
      "each": "list",
      "provider": "provider.aws",
      "instances": []
    },
    {
      "module": "module.vpc",
      "mode": "data",
      "type": "aws_vpc_endpoint_service",
      "name": "codecommit",
      "each": "list",
      "provider": "provider.aws",
      "instances": []
    },
    {
      "module": "module.vpc",
      "mode": "data",
      "type": "aws_vpc_endpoint_service",
      "name": "codepipeline",
      "each": "list",
      "provider": "provider.aws",
      "instances": []
    },
    {
      "module": "module.vpc",
      "mode": "data",
      "type": "aws_vpc_endpoint_service",
      "name": "config",
      "each": "list",
      "provider": "provider.aws",
      "instances": []
    },
    {
      "module": "module.vpc",
      "mode": "data",
      "type": "aws_vpc_endpoint_service",
      "name": "dynamodb",
      "each": "list",
      "provider": "provider.aws",
      "instances": []
    },
    {
      "module": "module.vpc",
      "mode": "data",
      "type": "aws_vpc_endpoint_service",
      "name": "ec2",
      "each": "list",
      "provider": "provider.aws",
      "instances": []
    },
    {
      "module": "module.vpc",
      "mode": "data",
      "type": "aws_vpc_endpoint_service",
      "name": "ec2messages",
      "each": "list",
      "provider": "provider.aws",
      "instances": []
    },
    {
      "module": "module.vpc",
      "mode": "data",
      "type": "aws_vpc_endpoint_service",
      "name": "ecr_api",
      "each": "list",
      "provider": "provider.aws",
      "instances": []
    },
    {
      "module": "module.vpc",
      "mode": "data",
      "type": "aws_vpc_endpoint_service",
      "name": "ecr_dkr",
      "each": "list",
      "provider": "provider.aws",
      "instances": []
    },
    {
      "module": "module.vpc",
      "mode": "data",
      "type": "aws_vpc_endpoint_service",
      "name": "ecs",
      "each": "list",
      "provider": "provider.aws",
      "instances": []
    },
    {
      "module": "module.vpc",
      "mode": "data",
      "type": "aws_vpc_endpoint_service",
      "name": "ecs_agent",
      "each": "list",
      "provider": "provider.aws",
      "instances": []
    },
    {
      "module": "module.vpc",
      "mode": "data",
      "type": "aws_vpc_endpoint_service",
      "name": "ecs_telemetry",
      "each": "list",
      "provider": "provider.aws",
      "instances": []
    },
    {
      "module": "module.vpc",
      "mode": "data",
      "type": "aws_vpc_endpoint_service",
      "name": "elasticloadbalancing",
      "each": "list",
      "provider": "provider.aws",
      "instances": []
    },
    {
      "module": "module.vpc",
      "mode": "data",
      "type": "aws_vpc_endpoint_service",
      "name": "events",
      "each": "list",
      "provider": "provider.aws",
      "instances": []
    },
    {
      "module": "module.vpc",
      "mode": "data",
      "type": "aws_vpc_endpoint_service",
      "name": "git_codecommit",
      "each": "list",
      "provider": "provider.aws",
      "instances": []
    },
    {
      "module": "module.vpc",
      "mode": "data",
      "type": "aws_vpc_endpoint_service",
      "name": "glue",
      "each": "list",
      "provider": "provider.aws",
      "instances": []
    },
    {
      "module": "module.vpc",
      "mode": "data",
      "type": "aws_vpc_endpoint_service",
      "name": "kinesis_firehose",
      "each": "list",
      "provider": "provider.aws",
      "instances": []
    },
    {
      "module": "module.vpc",
      "mode": "data",
      "type": "aws_vpc_endpoint_service",
      "name": "kinesis_streams",
      "each": "list",
      "provider": "provider.aws",
      "instances": []
    },
    {
      "module": "module.vpc",
      "mode": "data",
      "type": "aws_vpc_endpoint_service",
      "name": "kms",
      "each": "list",
      "provider": "provider.aws",
      "instances": []
    },
    {
      "module": "module.vpc",
      "mode": "data",
      "type": "aws_vpc_endpoint_service",
      "name": "logs",
      "each": "list",
      "provider": "provider.aws",
      "instances": []
    },
    {
      "module": "module.vpc",
      "mode": "data",
      "type": "aws_vpc_endpoint_service",
      "name": "monitoring",
      "each": "list",
      "provider": "provider.aws",
      "instances": []
    },
    {
      "module": "module.vpc",
      "mode": "data",
      "type": "aws_vpc_endpoint_service",
      "name": "rekognition",
      "each": "list",
      "provider": "provider.aws",
      "instances": []
    },
    {
      "module": "module.vpc",
      "mode": "data",
      "type": "aws_vpc_endpoint_service",
      "name": "s3",
      "each": "list",
      "provider": "provider.aws",
      "instances": []
    },
    {
      "module": "module.vpc",
      "mode": "data",
      "type": "aws_vpc_endpoint_service",
      "name": "sagemaker_api",
      "each": "list",
      "provider": "provider.aws",
      "instances": []
    },
    {
      "module": "module.vpc",
      "mode": "data",
      "type": "aws_vpc_endpoint_service",
      "name": "sagemaker_notebook",
      "each": "list",
      "provider": "provider.aws",
      "instances": []
    },
    {
      "module": "module.vpc",
      "mode": "data",
      "type": "aws_vpc_endpoint_service",
      "name": "sagemaker_runtime",
      "each": "list",
      "provider": "provider.aws",
      "instances": []
    },
    {
      "module": "module.vpc",
      "mode": "data",
      "type": "aws_vpc_endpoint_service",
      "name": "secretsmanager",
      "each": "list",
      "provider": "provider.aws",
      "instances": []
    },
    {
      "module": "module.vpc",
      "mode": "data",
      "type": "aws_vpc_endpoint_service",
      "name": "servicecatalog",
      "each": "list",
      "provider": "provider.aws",
      "instances": []
    },
    {
      "module": "module.vpc",
      "mode": "data",
      "type": "aws_vpc_endpoint_service",
      "name": "sns",
      "each": "list",
      "provider": "provider.aws",
      "instances": []
    },
    {
      "module": "module.vpc",
      "mode": "data",
      "type": "aws_vpc_endpoint_service",
      "name": "sqs",
      "each": "list",
      "provider": "provider.aws",
      "instances": []
    },
    {
      "module": "module.vpc",
      "mode": "data",
      "type": "aws_vpc_endpoint_service",
      "name": "ssm",
      "each": "list",
      "provider": "provider.aws",
      "instances": []
    },
    {
      "module": "module.vpc",
      "mode": "data",
      "type": "aws_vpc_endpoint_service",
      "name": "ssmmessages",
      "each": "list",
      "provider": "provider.aws",
      "instances": []
    },
    {
      "module": "module.vpc",
      "mode": "data",
      "type": "aws_vpc_endpoint_service",
      "name": "storagegateway",
      "each": "list",
      "provider": "provider.aws",
      "instances": []
    },
    {
      "module": "module.vpc",
      "mode": "data",
      "type": "aws_vpc_endpoint_service",
      "name": "sts",
      "each": "list",
      "provider": "provider.aws",
      "instances": []
    },
    {
      "module": "module.vpc",
      "mode": "data",
      "type": "aws_vpc_endpoint_service",
      "name": "transfer",
      "each": "list",
      "provider": "provider.aws",
      "instances": []
    },
    {
      "module": "module.vpc",
      "mode": "data",
      "type": "aws_vpc_endpoint_service",
      "name": "transferserver",
      "each": "list",
      "provider": "provider.aws",
      "instances": []
    },
    {
      "module": "module.eks-cluster",
      "mode": "data",
      "type": "template_file",
      "name": "aws_authenticator_env_variables",
      "each": "list",
      "provider": "provider.template",
      "instances": []
    },
    {
      "module": "module.eks-cluster",
      "mode": "data",
      "type": "template_file",
      "name": "config_map_aws_auth",
      "provider": "provider.template",
      "instances": [
        {
          "schema_version": 0,
          "attributes": {
            "filename": null,
            "id": "3537e9272ba510336f76f3cb36a48c6f9aa48de82a851daa1abc20c30690955b",
            "rendered": "apiVersion: v1\nkind: ConfigMap\nmetadata:\n  name: aws-auth\n  namespace: kube-system\ndata:\n  mapRoles: |\n    - rolearn: arn:aws:iam::787171992146:role/mytests20191123210940502300000005\n      username: system:node:{{EC2PrivateDNSName}}\n      groups:\n        - system:bootstrappers\n        - system:nodes\n\n  \n  \n  \n",
            "template": "apiVersion: v1\nkind: ConfigMap\nmetadata:\n  name: aws-auth\n  namespace: kube-system\ndata:\n  mapRoles: |\n${worker_role_arn}\n  %{if chomp(map_roles) != \"[]\" }\n    ${indent(4, map_roles)}\n  %{ endif }\n  %{if chomp(map_users) != \"[]\" }\n  mapUsers: |\n    ${indent(4, map_users)}\n  %{ endif }\n  %{if chomp(map_accounts) != \"[]\" }\n  mapAccounts: |\n    ${indent(4, map_accounts)}\n  %{ endif }\n",
            "vars": {
              "map_accounts": "[]\n",
              "map_roles": "[]\n",
              "map_users": "[]\n",
              "worker_role_arn": "    - rolearn: arn:aws:iam::787171992146:role/mytests20191123210940502300000005\n      username: system:node:{{EC2PrivateDNSName}}\n      groups:\n        - system:bootstrappers\n        - system:nodes\n"
            }
          }
        }
      ]
    },
    {
      "module": "module.eks-cluster",
      "mode": "data",
      "type": "template_file",
      "name": "kubeconfig",
      "provider": "provider.template",
      "instances": [
        {
          "schema_version": 0,
          "attributes": {
            "filename": null,
            "id": "5c858cdfe520727f618f93a51017273bc413395b4721cd7c635dea29c0139aa0",
            "rendered": "apiVersion: v1\npreferences: {}\nkind: Config\n\nclusters:\n- cluster:\n    server: https://F9D6314890900A54DE008D498D13D996.sk1.eu-west-1.eks.amazonaws.com\n    certificate-authority-data: LS0tLS1CRUdJTiBDRVJUSUZJQ0FURS0tLS0tCk1JSUN5RENDQWJDZ0F3SUJBZ0lCQURBTkJna3Foa2lHOXcwQkFRc0ZBREFWTVJNd0VRWURWUVFERXdwcmRXSmwKY201bGRHVnpNQjRYRFRFNU1URXlNekl4TURZek5Wb1hEVEk1TVRFeU1ESXhNRFl6TlZvd0ZURVRNQkVHQTFVRQpBeE1LYTNWaVpYSnVaWFJsY3pDQ0FTSXdEUVlKS29aSWh2Y05BUUVCQlFBRGdnRVBBRENDQVFvQ2dnRUJBSzhFClB2aHRNeU5qeVE3emdnNTc1SkZidGFKTUg3T1IwUUF1M3piczJBLzFoYjZLZUhzOEwyR2k3dkZQR0lkc3JRZjcKYnBuNm1UMmVvdDQ0UmFEamRGNGg1bGs2djBTZHJ5QXRaaXlUVzZVUkNBbzFiWnpIOHpEeXU3ZXpXRTl5OUZSMQptMlRUSTFCbmcwazdWL0FFZ05tK0ZkMmYyaDN3SVdZYzBna1pTa1JQcmxabng3ZWFFZnRPM21rUGRQSHZsOGE4ClRXa2lEWExYaFhkQ3FNN0Npd3M2bGZmMVB4T0RFTVZzZnVwYzRsM1A0SUF3dVQ0RGxJczhMZFN0bDM3VHVIZk8KcFl4VXlsajB1bnJrMloySU91Vys5U2hrbCsza1BwMmlQNlJMNmhPeXlsTVFtcjJVUmdEaGJqWEZERkJTdXQ0UwpOWXBVQldFdDZ4T1FQQ1dCUnM4Q0F3RUFBYU1qTUNFd0RnWURWUjBQQVFIL0JBUURBZ0trTUE4R0ExVWRFd0VCCi93UUZNQU1CQWY4d0RRWUpLb1pJaHZjTkFRRUxCUUFEZ2dFQkFJNCswaDhydS9WekoybGFWV2plVTFGSCtoL1EKcTltKzBrcndWVW9sOWVyMnlmS3dDRzgwQUVsNFk4aFVTMWluc2NiM0g1WmpaWktUVjVBTGhxOGtjUnROL3I5UwpYSFdXY2ZCRlJZNGdzQVBkTUNKOTNWUUJ6NEQxOHlBR2k1Z1BEMmVhRmlVWHVqWHEvbWtOTUVMaW1uOEhJWEVpCnBHN3ZKZW9jMy9wcE5xcngxblJwdjN4d080LzR6OUkzdkhLV2dta2ttMXh0VmM5QTRGVlorY3QvMHQ3UEpvaWkKazFuYTdlUDh5cGxFMkg5bHZVSU9LVmEyWWRCVzBXN292WlFRcHNPeTBuUTJLWjFMSEROQWJyb2dEeDRVZHAxbgpDK1o3d3dFUHJXcERPMmVvaXB5QnFDZXowL0F4bDNpUEsvZjE2OWxYdkN5Y1p0c1YwV1Y4RVVYekxvMD0KLS0tLS1FTkQgQ0VSVElGSUNBVEUtLS0tLQo=\n  name: eks_mytests\n\ncontexts:\n- context:\n    cluster: eks_mytests\n    user: eks_mytests\n  name: eks_mytests\n\ncurrent-context: eks_mytests\n\nusers:\n- name: eks_mytests\n  user:\n    exec:\n      apiVersion: client.authentication.k8s.io/v1alpha1\n      command: aws-iam-authenticator\n      args:\n        - \"token\"\n        - \"-i\"\n        - \"mytests\"\n\n\n",
            "template": "apiVersion: v1\npreferences: {}\nkind: Config\n\nclusters:\n- cluster:\n    server: ${endpoint}\n    certificate-authority-data: ${cluster_auth_base64}\n  name: ${kubeconfig_name}\n\ncontexts:\n- context:\n    cluster: ${kubeconfig_name}\n    user: ${kubeconfig_name}\n  name: ${kubeconfig_name}\n\ncurrent-context: ${kubeconfig_name}\n\nusers:\n- name: ${kubeconfig_name}\n  user:\n    exec:\n      apiVersion: client.authentication.k8s.io/v1alpha1\n      command: ${aws_authenticator_command}\n      args:\n${aws_authenticator_command_args}\n${aws_authenticator_additional_args}\n${aws_authenticator_env_variables}\n",
            "vars": {
              "aws_authenticator_additional_args": "",
              "aws_authenticator_command": "aws-iam-authenticator",
              "aws_authenticator_command_args": "        - \"token\"\n        - \"-i\"\n        - \"mytests\"",
              "aws_authenticator_env_variables": "",
              "cluster_auth_base64": "LS0tLS1CRUdJTiBDRVJUSUZJQ0FURS0tLS0tCk1JSUN5RENDQWJDZ0F3SUJBZ0lCQURBTkJna3Foa2lHOXcwQkFRc0ZBREFWTVJNd0VRWURWUVFERXdwcmRXSmwKY201bGRHVnpNQjRYRFRFNU1URXlNekl4TURZek5Wb1hEVEk1TVRFeU1ESXhNRFl6TlZvd0ZURVRNQkVHQTFVRQpBeE1LYTNWaVpYSnVaWFJsY3pDQ0FTSXdEUVlKS29aSWh2Y05BUUVCQlFBRGdnRVBBRENDQVFvQ2dnRUJBSzhFClB2aHRNeU5qeVE3emdnNTc1SkZidGFKTUg3T1IwUUF1M3piczJBLzFoYjZLZUhzOEwyR2k3dkZQR0lkc3JRZjcKYnBuNm1UMmVvdDQ0UmFEamRGNGg1bGs2djBTZHJ5QXRaaXlUVzZVUkNBbzFiWnpIOHpEeXU3ZXpXRTl5OUZSMQptMlRUSTFCbmcwazdWL0FFZ05tK0ZkMmYyaDN3SVdZYzBna1pTa1JQcmxabng3ZWFFZnRPM21rUGRQSHZsOGE4ClRXa2lEWExYaFhkQ3FNN0Npd3M2bGZmMVB4T0RFTVZzZnVwYzRsM1A0SUF3dVQ0RGxJczhMZFN0bDM3VHVIZk8KcFl4VXlsajB1bnJrMloySU91Vys5U2hrbCsza1BwMmlQNlJMNmhPeXlsTVFtcjJVUmdEaGJqWEZERkJTdXQ0UwpOWXBVQldFdDZ4T1FQQ1dCUnM4Q0F3RUFBYU1qTUNFd0RnWURWUjBQQVFIL0JBUURBZ0trTUE4R0ExVWRFd0VCCi93UUZNQU1CQWY4d0RRWUpLb1pJaHZjTkFRRUxCUUFEZ2dFQkFJNCswaDhydS9WekoybGFWV2plVTFGSCtoL1EKcTltKzBrcndWVW9sOWVyMnlmS3dDRzgwQUVsNFk4aFVTMWluc2NiM0g1WmpaWktUVjVBTGhxOGtjUnROL3I5UwpYSFdXY2ZCRlJZNGdzQVBkTUNKOTNWUUJ6NEQxOHlBR2k1Z1BEMmVhRmlVWHVqWHEvbWtOTUVMaW1uOEhJWEVpCnBHN3ZKZW9jMy9wcE5xcngxblJwdjN4d080LzR6OUkzdkhLV2dta2ttMXh0VmM5QTRGVlorY3QvMHQ3UEpvaWkKazFuYTdlUDh5cGxFMkg5bHZVSU9LVmEyWWRCVzBXN292WlFRcHNPeTBuUTJLWjFMSEROQWJyb2dEeDRVZHAxbgpDK1o3d3dFUHJXcERPMmVvaXB5QnFDZXowL0F4bDNpUEsvZjE2OWxYdkN5Y1p0c1YwV1Y4RVVYekxvMD0KLS0tLS1FTkQgQ0VSVElGSUNBVEUtLS0tLQo=",
              "endpoint": "https://F9D6314890900A54DE008D498D13D996.sk1.eu-west-1.eks.amazonaws.com",
              "kubeconfig_name": "eks_mytests"
            }
          }
        }
      ]
    },
    {
      "module": "module.eks-cluster",
      "mode": "data",
      "type": "template_file",
      "name": "launch_template_userdata",
      "each": "list",
      "provider": "provider.template",
      "instances": []
    },
    {
      "module": "module.eks-cluster",
      "mode": "data",
      "type": "template_file",
      "name": "launch_template_worker_role_arns",
      "each": "list",
      "provider": "provider.template",
      "instances": []
    },
    {
      "module": "module.eks-cluster",
      "mode": "data",
      "type": "template_file",
      "name": "userdata",
      "each": "list",
      "provider": "provider.template",
      "instances": [
        {
          "index_key": 0,
          "schema_version": 0,
          "attributes": {
            "filename": null,
            "id": "6ac6526ad8aadf40d806d4f996088de20d09d4f8569f422ed387c3c392da8f2b",
            "rendered": "#!/bin/bash -xe\n\n# Allow user supplied pre userdata code\n\n\n# Bootstrap and join the cluster\n/etc/eks/bootstrap.sh --b64-cluster-ca 'LS0tLS1CRUdJTiBDRVJUSUZJQ0FURS0tLS0tCk1JSUN5RENDQWJDZ0F3SUJBZ0lCQURBTkJna3Foa2lHOXcwQkFRc0ZBREFWTVJNd0VRWURWUVFERXdwcmRXSmwKY201bGRHVnpNQjRYRFRFNU1URXlNekl4TURZek5Wb1hEVEk1TVRFeU1ESXhNRFl6TlZvd0ZURVRNQkVHQTFVRQpBeE1LYTNWaVpYSnVaWFJsY3pDQ0FTSXdEUVlKS29aSWh2Y05BUUVCQlFBRGdnRVBBRENDQVFvQ2dnRUJBSzhFClB2aHRNeU5qeVE3emdnNTc1SkZidGFKTUg3T1IwUUF1M3piczJBLzFoYjZLZUhzOEwyR2k3dkZQR0lkc3JRZjcKYnBuNm1UMmVvdDQ0UmFEamRGNGg1bGs2djBTZHJ5QXRaaXlUVzZVUkNBbzFiWnpIOHpEeXU3ZXpXRTl5OUZSMQptMlRUSTFCbmcwazdWL0FFZ05tK0ZkMmYyaDN3SVdZYzBna1pTa1JQcmxabng3ZWFFZnRPM21rUGRQSHZsOGE4ClRXa2lEWExYaFhkQ3FNN0Npd3M2bGZmMVB4T0RFTVZzZnVwYzRsM1A0SUF3dVQ0RGxJczhMZFN0bDM3VHVIZk8KcFl4VXlsajB1bnJrMloySU91Vys5U2hrbCsza1BwMmlQNlJMNmhPeXlsTVFtcjJVUmdEaGJqWEZERkJTdXQ0UwpOWXBVQldFdDZ4T1FQQ1dCUnM4Q0F3RUFBYU1qTUNFd0RnWURWUjBQQVFIL0JBUURBZ0trTUE4R0ExVWRFd0VCCi93UUZNQU1CQWY4d0RRWUpLb1pJaHZjTkFRRUxCUUFEZ2dFQkFJNCswaDhydS9WekoybGFWV2plVTFGSCtoL1EKcTltKzBrcndWVW9sOWVyMnlmS3dDRzgwQUVsNFk4aFVTMWluc2NiM0g1WmpaWktUVjVBTGhxOGtjUnROL3I5UwpYSFdXY2ZCRlJZNGdzQVBkTUNKOTNWUUJ6NEQxOHlBR2k1Z1BEMmVhRmlVWHVqWHEvbWtOTUVMaW1uOEhJWEVpCnBHN3ZKZW9jMy9wcE5xcngxblJwdjN4d080LzR6OUkzdkhLV2dta2ttMXh0VmM5QTRGVlorY3QvMHQ3UEpvaWkKazFuYTdlUDh5cGxFMkg5bHZVSU9LVmEyWWRCVzBXN292WlFRcHNPeTBuUTJLWjFMSEROQWJyb2dEeDRVZHAxbgpDK1o3d3dFUHJXcERPMmVvaXB5QnFDZXowL0F4bDNpUEsvZjE2OWxYdkN5Y1p0c1YwV1Y4RVVYekxvMD0KLS0tLS1FTkQgQ0VSVElGSUNBVEUtLS0tLQo=' --apiserver-endpoint 'https://F9D6314890900A54DE008D498D13D996.sk1.eu-west-1.eks.amazonaws.com'  --kubelet-extra-args \"\" 'mytests'\n\n# Allow user supplied userdata code\n\n",
            "template": "#!/bin/bash -xe\n\n# Allow user supplied pre userdata code\n${pre_userdata}\n\n# Bootstrap and join the cluster\n/etc/eks/bootstrap.sh --b64-cluster-ca '${cluster_auth_base64}' --apiserver-endpoint '${endpoint}' ${bootstrap_extra_args} --kubelet-extra-args \"${kubelet_extra_args}\" '${cluster_name}'\n\n# Allow user supplied userdata code\n${additional_userdata}\n",
            "vars": {
              "additional_userdata": "",
              "bootstrap_extra_args": "",
              "cluster_auth_base64": "LS0tLS1CRUdJTiBDRVJUSUZJQ0FURS0tLS0tCk1JSUN5RENDQWJDZ0F3SUJBZ0lCQURBTkJna3Foa2lHOXcwQkFRc0ZBREFWTVJNd0VRWURWUVFERXdwcmRXSmwKY201bGRHVnpNQjRYRFRFNU1URXlNekl4TURZek5Wb1hEVEk1TVRFeU1ESXhNRFl6TlZvd0ZURVRNQkVHQTFVRQpBeE1LYTNWaVpYSnVaWFJsY3pDQ0FTSXdEUVlKS29aSWh2Y05BUUVCQlFBRGdnRVBBRENDQVFvQ2dnRUJBSzhFClB2aHRNeU5qeVE3emdnNTc1SkZidGFKTUg3T1IwUUF1M3piczJBLzFoYjZLZUhzOEwyR2k3dkZQR0lkc3JRZjcKYnBuNm1UMmVvdDQ0UmFEamRGNGg1bGs2djBTZHJ5QXRaaXlUVzZVUkNBbzFiWnpIOHpEeXU3ZXpXRTl5OUZSMQptMlRUSTFCbmcwazdWL0FFZ05tK0ZkMmYyaDN3SVdZYzBna1pTa1JQcmxabng3ZWFFZnRPM21rUGRQSHZsOGE4ClRXa2lEWExYaFhkQ3FNN0Npd3M2bGZmMVB4T0RFTVZzZnVwYzRsM1A0SUF3dVQ0RGxJczhMZFN0bDM3VHVIZk8KcFl4VXlsajB1bnJrMloySU91Vys5U2hrbCsza1BwMmlQNlJMNmhPeXlsTVFtcjJVUmdEaGJqWEZERkJTdXQ0UwpOWXBVQldFdDZ4T1FQQ1dCUnM4Q0F3RUFBYU1qTUNFd0RnWURWUjBQQVFIL0JBUURBZ0trTUE4R0ExVWRFd0VCCi93UUZNQU1CQWY4d0RRWUpLb1pJaHZjTkFRRUxCUUFEZ2dFQkFJNCswaDhydS9WekoybGFWV2plVTFGSCtoL1EKcTltKzBrcndWVW9sOWVyMnlmS3dDRzgwQUVsNFk4aFVTMWluc2NiM0g1WmpaWktUVjVBTGhxOGtjUnROL3I5UwpYSFdXY2ZCRlJZNGdzQVBkTUNKOTNWUUJ6NEQxOHlBR2k1Z1BEMmVhRmlVWHVqWHEvbWtOTUVMaW1uOEhJWEVpCnBHN3ZKZW9jMy9wcE5xcngxblJwdjN4d080LzR6OUkzdkhLV2dta2ttMXh0VmM5QTRGVlorY3QvMHQ3UEpvaWkKazFuYTdlUDh5cGxFMkg5bHZVSU9LVmEyWWRCVzBXN292WlFRcHNPeTBuUTJLWjFMSEROQWJyb2dEeDRVZHAxbgpDK1o3d3dFUHJXcERPMmVvaXB5QnFDZXowL0F4bDNpUEsvZjE2OWxYdkN5Y1p0c1YwV1Y4RVVYekxvMD0KLS0tLS1FTkQgQ0VSVElGSUNBVEUtLS0tLQo=",
              "cluster_name": "mytests",
              "endpoint": "https://F9D6314890900A54DE008D498D13D996.sk1.eu-west-1.eks.amazonaws.com",
              "kubelet_extra_args": "",
              "platform": "linux",
              "pre_userdata": ""
            }
          }
        }
      ]
    },
    {
      "module": "module.eks-cluster",
      "mode": "data",
      "type": "template_file",
      "name": "worker_role_arns",
      "each": "list",
      "provider": "provider.template",
      "instances": [
        {
          "index_key": 0,
          "schema_version": 0,
          "attributes": {
            "filename": null,
            "id": "22fbd749b89b7c33a8c61cda0ada4a6e82858dd926a87374caf4e1ed150a49d5",
            "rendered": "    - rolearn: arn:aws:iam::787171992146:role/mytests20191123210940502300000005\n      username: system:node:{{EC2PrivateDNSName}}\n      groups:\n        - system:bootstrappers\n        - system:nodes\n",
            "template": "    - rolearn: ${worker_role_arn}\n      username: system:node:{{EC2PrivateDNSName}}\n      groups:\n        - system:bootstrappers\n        - system:nodes\n        %{~ if platform == \"windows\" ~}\n        - eks:kube-proxy-windows\n        %{~ endif ~}\n",
            "vars": {
              "platform": "linux",
              "worker_role_arn": "arn:aws:iam::787171992146:role/mytests20191123210940502300000005"
            }
          }
        }
      ]
    },
    {
      "module": "module.eks-cluster",
      "mode": "managed",
      "type": "aws_autoscaling_group",
      "name": "workers",
      "each": "list",
      "provider": "provider.aws",
      "instances": [
        {
          "index_key": 0,
          "schema_version": 0,
          "attributes": {
            "arn": "arn:aws:autoscaling:eu-west-1:787171992146:autoScalingGroup:99e31576-44c6-4c34-9999-5a97b220ec7f:autoScalingGroupName/mytests-02019112321095288390000000e",
            "availability_zones": [
              "eu-west-1a",
              "eu-west-1b"
            ],
            "default_cooldown": 300,
            "desired_capacity": 1,
            "enabled_metrics": null,
            "force_delete": false,
            "health_check_grace_period": 300,
            "health_check_type": "EC2",
            "id": "mytests-02019112321095288390000000e",
            "initial_lifecycle_hook": [],
            "launch_configuration": "mytests-02019112321094357740000000d",
            "launch_template": [],
            "load_balancers": [],
            "max_size": 2,
            "metrics_granularity": "1Minute",
            "min_elb_capacity": null,
            "min_size": 1,
            "mixed_instances_policy": [],
            "name": "mytests-02019112321095288390000000e",
            "name_prefix": "mytests-0",
            "placement_group": "",
            "protect_from_scale_in": false,
            "service_linked_role_arn": "arn:aws:iam::787171992146:role/aws-service-role/autoscaling.amazonaws.com/AWSServiceRoleForAutoScaling",
            "suspended_processes": [
              "AZRebalance"
            ],
            "tag": [],
            "tags": [
              {
                "key": "Name",
                "propagate_at_launch": "true",
                "value": "mytests-0-eks_asg"
              },
              {
                "key": "kubernetes.io/cluster/mytests",
                "propagate_at_launch": "true",
                "value": "owned"
              },
              {
                "key": "k8s.io/cluster/mytests",
                "propagate_at_launch": "true",
                "value": "owned"
              },
              {
                "key": "k8s.io/cluster-autoscaler/enabled",
                "propagate_at_launch": "false",
                "value": "true"
              },
              {
                "key": "k8s.io/cluster-autoscaler/mytests",
                "propagate_at_launch": "false",
                "value": "mytests"
              },
              {
                "key": "k8s.io/cluster-autoscaler/node-template/resources/ephemeral-storage",
                "propagate_at_launch": "false",
                "value": "100Gi"
              },
              {
                "key": "environment",
                "propagate_at_launch": "true",
                "value": "test"
              },
              {
                "key": "foo",
                "propagate_at_launch": "true",
                "value": "bar"
              }
            ],
            "target_group_arns": [],
            "termination_policies": [],
            "timeouts": null,
            "vpc_zone_identifier": [
              "subnet-09f33a1bc013b51c5",
              "subnet-0f22bfe6b88ae92d3"
            ],
            "wait_for_capacity_timeout": "10m",
            "wait_for_elb_capacity": null
          },
          "private": "eyJlMmJmYjczMC1lY2FhLTExZTYtOGY4OC0zNDM2M2JjN2M0YzAiOnsiZGVsZXRlIjo2MDAwMDAwMDAwMDB9fQ==",
          "dependencies": [
            "module.eks-cluster.aws_cloudwatch_log_group.this",
            "module.eks-cluster.aws_eks_cluster.this",
            "module.eks-cluster.aws_iam_instance_profile.workers",
            "module.eks-cluster.aws_iam_role.cluster",
            "module.eks-cluster.aws_iam_role.workers",
            "module.eks-cluster.aws_iam_role_policy_attachment.cluster_AmazonEKSClusterPolicy",
            "module.eks-cluster.aws_iam_role_policy_attachment.cluster_AmazonEKSServicePolicy",
            "module.eks-cluster.aws_launch_configuration.workers",
            "module.eks-cluster.aws_security_group.cluster",
            "module.eks-cluster.aws_security_group.workers",
            "module.eks-cluster.random_pet.workers",
            "module.vpc.aws_subnet.private",
            "module.vpc.aws_vpc.this",
            "module.vpc.aws_vpc_ipv4_cidr_block_association.this"
          ]
        }
      ]
    },
    {
      "module": "module.eks-cluster",
      "mode": "managed",
      "type": "aws_autoscaling_group",
      "name": "workers_launch_template",
      "each": "list",
      "provider": "provider.aws",
      "instances": []
    },
    {
      "module": "module.eks-cluster",
      "mode": "managed",
      "type": "aws_cloudwatch_log_group",
      "name": "this",
      "each": "list",
      "provider": "provider.aws",
      "instances": []
    },
    {
      "module": "module.vpc",
      "mode": "managed",
      "type": "aws_db_subnet_group",
      "name": "database",
      "each": "list",
      "provider": "provider.aws",
      "instances": []
    },
    {
      "module": "module.vpc",
      "mode": "managed",
      "type": "aws_default_network_acl",
      "name": "this",
      "each": "list",
      "provider": "provider.aws",
      "instances": []
    },
    {
      "module": "module.vpc",
      "mode": "managed",
      "type": "aws_default_vpc",
      "name": "this",
      "each": "list",
      "provider": "provider.aws",
      "instances": []
    },
    {
      "module": "module.vpc",
      "mode": "managed",
      "type": "aws_egress_only_internet_gateway",
      "name": "this",
      "each": "list",
      "provider": "provider.aws",
      "instances": []
    },
    {
      "module": "module.vpc",
      "mode": "managed",
      "type": "aws_eip",
      "name": "nat",
      "each": "list",
      "provider": "provider.aws",
      "instances": [
        {
          "index_key": 0,
          "schema_version": 0,
          "attributes": {
            "allocation_id": null,
            "associate_with_private_ip": null,
            "association_id": "",
            "domain": "vpc",
            "id": "eipalloc-01b301f090785abc4",
            "instance": "",
            "network_interface": "",
            "private_dns": null,
            "private_ip": "",
            "public_dns": "ec2-54-229-17-66.eu-west-1.compute.amazonaws.com",
            "public_ip": "54.229.17.66",
            "public_ipv4_pool": "amazon",
            "tags": {
              "Environment": "dev",
              "Name": "my-vpc-eu-west-1a",
              "Terraform": "true"
            },
            "timeouts": null,
            "vpc": true
          },
          "private": "eyJlMmJmYjczMC1lY2FhLTExZTYtOGY4OC0zNDM2M2JjN2M0YzAiOnsiZGVsZXRlIjoxODAwMDAwMDAwMDAsInJlYWQiOjkwMDAwMDAwMDAwMCwidXBkYXRlIjozMDAwMDAwMDAwMDB9fQ=="
        }
      ]
    },
    {
      "module": "module.eks-cluster",
      "mode": "managed",
      "type": "aws_eks_cluster",
      "name": "this",
      "provider": "provider.aws",
      "instances": [
        {
          "schema_version": 0,
          "attributes": {
            "arn": "arn:aws:eks:eu-west-1:787171992146:cluster/mytests",
            "certificate_authority": [
              {
                "data": "LS0tLS1CRUdJTiBDRVJUSUZJQ0FURS0tLS0tCk1JSUN5RENDQWJDZ0F3SUJBZ0lCQURBTkJna3Foa2lHOXcwQkFRc0ZBREFWTVJNd0VRWURWUVFERXdwcmRXSmwKY201bGRHVnpNQjRYRFRFNU1URXlNekl4TURZek5Wb1hEVEk1TVRFeU1ESXhNRFl6TlZvd0ZURVRNQkVHQTFVRQpBeE1LYTNWaVpYSnVaWFJsY3pDQ0FTSXdEUVlKS29aSWh2Y05BUUVCQlFBRGdnRVBBRENDQVFvQ2dnRUJBSzhFClB2aHRNeU5qeVE3emdnNTc1SkZidGFKTUg3T1IwUUF1M3piczJBLzFoYjZLZUhzOEwyR2k3dkZQR0lkc3JRZjcKYnBuNm1UMmVvdDQ0UmFEamRGNGg1bGs2djBTZHJ5QXRaaXlUVzZVUkNBbzFiWnpIOHpEeXU3ZXpXRTl5OUZSMQptMlRUSTFCbmcwazdWL0FFZ05tK0ZkMmYyaDN3SVdZYzBna1pTa1JQcmxabng3ZWFFZnRPM21rUGRQSHZsOGE4ClRXa2lEWExYaFhkQ3FNN0Npd3M2bGZmMVB4T0RFTVZzZnVwYzRsM1A0SUF3dVQ0RGxJczhMZFN0bDM3VHVIZk8KcFl4VXlsajB1bnJrMloySU91Vys5U2hrbCsza1BwMmlQNlJMNmhPeXlsTVFtcjJVUmdEaGJqWEZERkJTdXQ0UwpOWXBVQldFdDZ4T1FQQ1dCUnM4Q0F3RUFBYU1qTUNFd0RnWURWUjBQQVFIL0JBUURBZ0trTUE4R0ExVWRFd0VCCi93UUZNQU1CQWY4d0RRWUpLb1pJaHZjTkFRRUxCUUFEZ2dFQkFJNCswaDhydS9WekoybGFWV2plVTFGSCtoL1EKcTltKzBrcndWVW9sOWVyMnlmS3dDRzgwQUVsNFk4aFVTMWluc2NiM0g1WmpaWktUVjVBTGhxOGtjUnROL3I5UwpYSFdXY2ZCRlJZNGdzQVBkTUNKOTNWUUJ6NEQxOHlBR2k1Z1BEMmVhRmlVWHVqWHEvbWtOTUVMaW1uOEhJWEVpCnBHN3ZKZW9jMy9wcE5xcngxblJwdjN4d080LzR6OUkzdkhLV2dta2ttMXh0VmM5QTRGVlorY3QvMHQ3UEpvaWkKazFuYTdlUDh5cGxFMkg5bHZVSU9LVmEyWWRCVzBXN292WlFRcHNPeTBuUTJLWjFMSEROQWJyb2dEeDRVZHAxbgpDK1o3d3dFUHJXcERPMmVvaXB5QnFDZXowL0F4bDNpUEsvZjE2OWxYdkN5Y1p0c1YwV1Y4RVVYekxvMD0KLS0tLS1FTkQgQ0VSVElGSUNBVEUtLS0tLQo="
              }
            ],
            "created_at": "2019-11-23 20:58:38 +0000 UTC",
            "enabled_cluster_log_types": null,
            "endpoint": "https://F9D6314890900A54DE008D498D13D996.sk1.eu-west-1.eks.amazonaws.com",
            "id": "mytests",
            "identity": [
              {
                "oidc": [
                  {
                    "issuer": "https://oidc.eks.eu-west-1.amazonaws.com/id/F9D6314890900A54DE008D498D13D996"
                  }
                ]
              }
            ],
            "name": "mytests",
            "platform_version": "eks.3",
            "role_arn": "arn:aws:iam::787171992146:role/mytests20191123205824170200000001",
            "status": "ACTIVE",
            "tags": {
              "environment": "test"
            },
            "timeouts": {
              "create": "15m",
              "delete": "15m",
              "update": null
            },
            "version": "1.14",
            "vpc_config": [
              {
                "endpoint_private_access": false,
                "endpoint_public_access": true,
                "security_group_ids": [
                  "sg-0601e630d0890acd2"
                ],
                "subnet_ids": [
                  "subnet-09f33a1bc013b51c5",
                  "subnet-0f22bfe6b88ae92d3"
                ],
                "vpc_id": "vpc-0b313b4ce412be0d7"
              }
            ]
          },
          "private": "eyJlMmJmYjczMC1lY2FhLTExZTYtOGY4OC0zNDM2M2JjN2M0YzAiOnsiY3JlYXRlIjo5MDAwMDAwMDAwMDAsImRlbGV0ZSI6OTAwMDAwMDAwMDAwLCJ1cGRhdGUiOjM2MDAwMDAwMDAwMDB9fQ==",
          "dependencies": [
            "module.eks-cluster.aws_cloudwatch_log_group.this",
            "module.eks-cluster.aws_iam_role.cluster",
            "module.eks-cluster.aws_iam_role_policy_attachment.cluster_AmazonEKSClusterPolicy",
            "module.eks-cluster.aws_iam_role_policy_attachment.cluster_AmazonEKSServicePolicy",
            "module.eks-cluster.aws_security_group.cluster",
            "module.vpc.aws_subnet.private",
            "module.vpc.aws_vpc.this",
            "module.vpc.aws_vpc_ipv4_cidr_block_association.this"
          ]
        }
      ]
    },
    {
      "module": "module.vpc",
      "mode": "managed",
      "type": "aws_elasticache_subnet_group",
      "name": "elasticache",
      "each": "list",
      "provider": "provider.aws",
      "instances": []
    },
    {
      "module": "module.eks-cluster",
      "mode": "managed",
      "type": "aws_iam_instance_profile",
      "name": "workers",
      "each": "list",
      "provider": "provider.aws",
      "instances": [
        {
          "index_key": 0,
          "schema_version": 0,
          "attributes": {
            "arn": "arn:aws:iam::787171992146:instance-profile/mytests20191123210941588400000008",
            "create_date": "2019-11-23T21:09:42Z",
            "id": "mytests20191123210941588400000008",
            "name": "mytests20191123210941588400000008",
            "name_prefix": "mytests",
            "path": "/",
            "role": "mytests20191123210940502300000005",
            "roles": [],
            "unique_id": "AIPA3ORY3MJJAVKN7ULED"
          },
          "private": "bnVsbA==",
          "dependencies": [
            "module.eks-cluster.aws_cloudwatch_log_group.this",
            "module.eks-cluster.aws_eks_cluster.this",
            "module.eks-cluster.aws_iam_role.cluster",
            "module.eks-cluster.aws_iam_role.workers",
            "module.eks-cluster.aws_iam_role_policy_attachment.cluster_AmazonEKSClusterPolicy",
            "module.eks-cluster.aws_iam_role_policy_attachment.cluster_AmazonEKSServicePolicy",
            "module.eks-cluster.aws_security_group.cluster",
            "module.vpc.aws_subnet.private",
            "module.vpc.aws_vpc.this",
            "module.vpc.aws_vpc_ipv4_cidr_block_association.this"
          ]
        }
      ]
    },
    {
      "module": "module.eks-cluster",
      "mode": "managed",
      "type": "aws_iam_instance_profile",
      "name": "workers_launch_template",
      "each": "list",
      "provider": "provider.aws",
      "instances": []
    },
    {
      "module": "module.eks-cluster",
      "mode": "managed",
      "type": "aws_iam_policy",
      "name": "worker_autoscaling",
      "each": "list",
      "provider": "provider.aws",
      "instances": [
        {
          "index_key": 0,
          "schema_version": 0,
          "attributes": {
            "arn": "arn:aws:iam::787171992146:policy/eks-worker-autoscaling-mytests20191123210940529200000007",
            "description": "EKS worker node autoscaling policy for cluster mytests",
            "id": "arn:aws:iam::787171992146:policy/eks-worker-autoscaling-mytests20191123210940529200000007",
            "name": "eks-worker-autoscaling-mytests20191123210940529200000007",
            "name_prefix": "eks-worker-autoscaling-mytests",
            "path": "/",
            "policy": "{\n  \"Version\": \"2012-10-17\",\n  \"Statement\": [\n    {\n      \"Sid\": \"eksWorkerAutoscalingAll\",\n      \"Effect\": \"Allow\",\n      \"Action\": [\n        \"ec2:DescribeLaunchTemplateVersions\",\n        \"autoscaling:DescribeTags\",\n        \"autoscaling:DescribeLaunchConfigurations\",\n        \"autoscaling:DescribeAutoScalingInstances\",\n        \"autoscaling:DescribeAutoScalingGroups\"\n      ],\n      \"Resource\": \"*\"\n    },\n    {\n      \"Sid\": \"eksWorkerAutoscalingOwn\",\n      \"Effect\": \"Allow\",\n      \"Action\": [\n        \"autoscaling:UpdateAutoScalingGroup\",\n        \"autoscaling:TerminateInstanceInAutoScalingGroup\",\n        \"autoscaling:SetDesiredCapacity\"\n      ],\n      \"Resource\": \"*\",\n      \"Condition\": {\n        \"StringEquals\": {\n          \"autoscaling:ResourceTag/k8s.io/cluster-autoscaler/enabled\": \"true\",\n          \"autoscaling:ResourceTag/kubernetes.io/cluster/mytests\": \"owned\"\n        }\n      }\n    }\n  ]\n}"
          },
          "private": "bnVsbA==",
          "dependencies": [
            "module.eks-cluster.aws_cloudwatch_log_group.this",
            "module.eks-cluster.aws_eks_cluster.this",
            "module.eks-cluster.aws_iam_role.cluster",
            "module.eks-cluster.aws_iam_role_policy_attachment.cluster_AmazonEKSClusterPolicy",
            "module.eks-cluster.aws_iam_role_policy_attachment.cluster_AmazonEKSServicePolicy",
            "module.eks-cluster.aws_security_group.cluster",
            "module.vpc.aws_subnet.private",
            "module.vpc.aws_vpc.this",
            "module.vpc.aws_vpc_ipv4_cidr_block_association.this"
          ]
        }
      ]
    },
    {
      "module": "module.eks-cluster",
      "mode": "managed",
      "type": "aws_iam_role",
      "name": "cluster",
      "each": "list",
      "provider": "provider.aws",
      "instances": [
        {
          "index_key": 0,
          "schema_version": 0,
          "attributes": {
            "arn": "arn:aws:iam::787171992146:role/mytests20191123205824170200000001",
            "assume_role_policy": "{\"Version\":\"2012-10-17\",\"Statement\":[{\"Sid\":\"EKSClusterAssumeRole\",\"Effect\":\"Allow\",\"Principal\":{\"Service\":\"eks.amazonaws.com\"},\"Action\":\"sts:AssumeRole\"}]}",
            "create_date": "2019-11-23T20:58:24Z",
            "description": "",
            "force_detach_policies": true,
            "id": "mytests20191123205824170200000001",
            "max_session_duration": 3600,
            "name": "mytests20191123205824170200000001",
            "name_prefix": "mytests",
            "path": "/",
            "permissions_boundary": null,
            "tags": {
              "environment": "test"
            },
            "unique_id": "AROA3ORY3MJJCAHLRJDMM"
          },
          "private": "bnVsbA=="
        }
      ]
    },
    {
      "module": "module.eks-cluster",
      "mode": "managed",
      "type": "aws_iam_role",
      "name": "workers",
      "each": "list",
      "provider": "provider.aws",
      "instances": [
        {
          "index_key": 0,
          "schema_version": 0,
          "attributes": {
            "arn": "arn:aws:iam::787171992146:role/mytests20191123210940502300000005",
            "assume_role_policy": "{\"Version\":\"2012-10-17\",\"Statement\":[{\"Sid\":\"EKSWorkerAssumeRole\",\"Effect\":\"Allow\",\"Principal\":{\"Service\":\"ec2.amazonaws.com\"},\"Action\":\"sts:AssumeRole\"}]}",
            "create_date": "2019-11-23T21:09:40Z",
            "description": "",
            "force_detach_policies": true,
            "id": "mytests20191123210940502300000005",
            "max_session_duration": 3600,
            "name": "mytests20191123210940502300000005",
            "name_prefix": "mytests",
            "path": "/",
            "permissions_boundary": null,
            "tags": {
              "environment": "test"
            },
            "unique_id": "AROA3ORY3MJJLKRIG6BHN"
          },
          "private": "bnVsbA==",
          "dependencies": [
            "module.eks-cluster.aws_cloudwatch_log_group.this",
            "module.eks-cluster.aws_eks_cluster.this",
            "module.eks-cluster.aws_iam_role.cluster",
            "module.eks-cluster.aws_iam_role_policy_attachment.cluster_AmazonEKSClusterPolicy",
            "module.eks-cluster.aws_iam_role_policy_attachment.cluster_AmazonEKSServicePolicy",
            "module.eks-cluster.aws_security_group.cluster",
            "module.vpc.aws_subnet.private",
            "module.vpc.aws_vpc.this",
            "module.vpc.aws_vpc_ipv4_cidr_block_association.this"
          ]
        }
      ]
    },
    {
      "module": "module.eks-cluster",
      "mode": "managed",
      "type": "aws_iam_role_policy_attachment",
      "name": "cluster_AmazonEKSClusterPolicy",
      "each": "list",
      "provider": "provider.aws",
      "instances": [
        {
          "index_key": 0,
          "schema_version": 0,
          "attributes": {
            "id": "mytests20191123205824170200000001-20191123205825751300000003",
            "policy_arn": "arn:aws:iam::aws:policy/AmazonEKSClusterPolicy",
            "role": "mytests20191123205824170200000001"
          },
          "private": "bnVsbA==",
          "dependencies": [
            "module.eks-cluster.aws_iam_role.cluster"
          ]
        }
      ]
    },
    {
      "module": "module.eks-cluster",
      "mode": "managed",
      "type": "aws_iam_role_policy_attachment",
      "name": "cluster_AmazonEKSServicePolicy",
      "each": "list",
      "provider": "provider.aws",
      "instances": [
        {
          "index_key": 0,
          "schema_version": 0,
          "attributes": {
            "id": "mytests20191123205824170200000001-20191123205825734200000002",
            "policy_arn": "arn:aws:iam::aws:policy/AmazonEKSServicePolicy",
            "role": "mytests20191123205824170200000001"
          },
          "private": "bnVsbA==",
          "dependencies": [
            "module.eks-cluster.aws_iam_role.cluster"
          ]
        }
      ]
    },
    {
      "module": "module.eks-cluster",
      "mode": "managed",
      "type": "aws_iam_role_policy_attachment",
      "name": "workers_AmazonEC2ContainerRegistryReadOnly",
      "each": "list",
      "provider": "provider.aws",
      "instances": [
        {
          "index_key": 0,
          "schema_version": 0,
          "attributes": {
            "id": "mytests20191123210940502300000005-2019112321094212210000000b",
            "policy_arn": "arn:aws:iam::aws:policy/AmazonEC2ContainerRegistryReadOnly",
            "role": "mytests20191123210940502300000005"
          },
          "private": "bnVsbA==",
          "dependencies": [
            "module.eks-cluster.aws_cloudwatch_log_group.this",
            "module.eks-cluster.aws_eks_cluster.this",
            "module.eks-cluster.aws_iam_role.cluster",
            "module.eks-cluster.aws_iam_role.workers",
            "module.eks-cluster.aws_iam_role_policy_attachment.cluster_AmazonEKSClusterPolicy",
            "module.eks-cluster.aws_iam_role_policy_attachment.cluster_AmazonEKSServicePolicy",
            "module.eks-cluster.aws_security_group.cluster",
            "module.vpc.aws_subnet.private",
            "module.vpc.aws_vpc.this",
            "module.vpc.aws_vpc_ipv4_cidr_block_association.this"
          ]
        }
      ]
    },
    {
      "module": "module.eks-cluster",
      "mode": "managed",
      "type": "aws_iam_role_policy_attachment",
      "name": "workers_AmazonEKSWorkerNodePolicy",
      "each": "list",
      "provider": "provider.aws",
      "instances": [
        {
          "index_key": 0,
          "schema_version": 0,
          "attributes": {
            "id": "mytests20191123210940502300000005-2019112321094210560000000a",
            "policy_arn": "arn:aws:iam::aws:policy/AmazonEKSWorkerNodePolicy",
            "role": "mytests20191123210940502300000005"
          },
          "private": "bnVsbA==",
          "dependencies": [
            "module.eks-cluster.aws_cloudwatch_log_group.this",
            "module.eks-cluster.aws_eks_cluster.this",
            "module.eks-cluster.aws_iam_role.cluster",
            "module.eks-cluster.aws_iam_role.workers",
            "module.eks-cluster.aws_iam_role_policy_attachment.cluster_AmazonEKSClusterPolicy",
            "module.eks-cluster.aws_iam_role_policy_attachment.cluster_AmazonEKSServicePolicy",
            "module.eks-cluster.aws_security_group.cluster",
            "module.vpc.aws_subnet.private",
            "module.vpc.aws_vpc.this",
            "module.vpc.aws_vpc_ipv4_cidr_block_association.this"
          ]
        }
      ]
    },
    {
      "module": "module.eks-cluster",
      "mode": "managed",
      "type": "aws_iam_role_policy_attachment",
      "name": "workers_AmazonEKS_CNI_Policy",
      "each": "list",
      "provider": "provider.aws",
      "instances": [
        {
          "index_key": 0,
          "schema_version": 0,
          "attributes": {
            "id": "mytests20191123210940502300000005-20191123210942097000000009",
            "policy_arn": "arn:aws:iam::aws:policy/AmazonEKS_CNI_Policy",
            "role": "mytests20191123210940502300000005"
          },
          "private": "bnVsbA==",
          "dependencies": [
            "module.eks-cluster.aws_cloudwatch_log_group.this",
            "module.eks-cluster.aws_eks_cluster.this",
            "module.eks-cluster.aws_iam_role.cluster",
            "module.eks-cluster.aws_iam_role.workers",
            "module.eks-cluster.aws_iam_role_policy_attachment.cluster_AmazonEKSClusterPolicy",
            "module.eks-cluster.aws_iam_role_policy_attachment.cluster_AmazonEKSServicePolicy",
            "module.eks-cluster.aws_security_group.cluster",
            "module.vpc.aws_subnet.private",
            "module.vpc.aws_vpc.this",
            "module.vpc.aws_vpc_ipv4_cidr_block_association.this"
          ]
        }
      ]
    },
    {
      "module": "module.eks-cluster",
      "mode": "managed",
      "type": "aws_iam_role_policy_attachment",
      "name": "workers_additional_policies",
      "each": "list",
      "provider": "provider.aws",
      "instances": []
    },
    {
      "module": "module.eks-cluster",
      "mode": "managed",
      "type": "aws_iam_role_policy_attachment",
      "name": "workers_autoscaling",
      "each": "list",
      "provider": "provider.aws",
      "instances": [
        {
          "index_key": 0,
          "schema_version": 0,
          "attributes": {
            "id": "mytests20191123210940502300000005-2019112321094253780000000c",
            "policy_arn": "arn:aws:iam::787171992146:policy/eks-worker-autoscaling-mytests20191123210940529200000007",
            "role": "mytests20191123210940502300000005"
          },
          "private": "bnVsbA==",
          "dependencies": [
            "module.eks-cluster.aws_cloudwatch_log_group.this",
            "module.eks-cluster.aws_eks_cluster.this",
            "module.eks-cluster.aws_iam_policy.worker_autoscaling",
            "module.eks-cluster.aws_iam_role.cluster",
            "module.eks-cluster.aws_iam_role.workers",
            "module.eks-cluster.aws_iam_role_policy_attachment.cluster_AmazonEKSClusterPolicy",
            "module.eks-cluster.aws_iam_role_policy_attachment.cluster_AmazonEKSServicePolicy",
            "module.eks-cluster.aws_security_group.cluster",
            "module.vpc.aws_subnet.private",
            "module.vpc.aws_vpc.this",
            "module.vpc.aws_vpc_ipv4_cidr_block_association.this"
          ]
        }
      ]
    },
    {
      "module": "module.vpc",
      "mode": "managed",
      "type": "aws_internet_gateway",
      "name": "this",
      "each": "list",
      "provider": "provider.aws",
      "instances": [
        {
          "index_key": 0,
          "schema_version": 0,
          "attributes": {
            "id": "igw-093c818184a647a7e",
            "owner_id": "787171992146",
            "tags": {
              "Environment": "dev",
              "Name": "my-vpc",
              "Terraform": "true"
            },
            "vpc_id": "vpc-0b313b4ce412be0d7"
          },
          "private": "bnVsbA==",
          "dependencies": [
            "module.vpc.aws_vpc.this",
            "module.vpc.aws_vpc_ipv4_cidr_block_association.this"
          ]
        }
      ]
    },
    {
      "module": "module.eks-cluster",
      "mode": "managed",
      "type": "aws_launch_configuration",
      "name": "workers",
      "each": "list",
      "provider": "provider.aws",
      "instances": [
        {
          "index_key": 0,
          "schema_version": 0,
          "attributes": {
            "associate_public_ip_address": false,
            "ebs_block_device": [],
            "ebs_optimized": true,
            "enable_monitoring": true,
            "ephemeral_block_device": [],
            "iam_instance_profile": "mytests20191123210941588400000008",
            "id": "mytests-02019112321094357740000000d",
            "image_id": "ami-02dca57ad67c7bf57",
            "instance_type": "t3.large",
            "key_name": "",
            "name": "mytests-02019112321094357740000000d",
            "name_prefix": "mytests-0",
            "placement_tenancy": "",
            "root_block_device": [
              {
                "delete_on_termination": true,
                "encrypted": false,
                "iops": 0,
                "volume_size": 100,
                "volume_type": "gp2"
              }
            ],
            "security_groups": [
              "sg-0fc4a366a83f17029"
            ],
            "spot_price": "",
            "user_data": null,
            "user_data_base64": "IyEvYmluL2Jhc2ggLXhlCgojIEFsbG93IHVzZXIgc3VwcGxpZWQgcHJlIHVzZXJkYXRhIGNvZGUKCgojIEJvb3RzdHJhcCBhbmQgam9pbiB0aGUgY2x1c3RlcgovZXRjL2Vrcy9ib290c3RyYXAuc2ggLS1iNjQtY2x1c3Rlci1jYSAnTFMwdExTMUNSVWRKVGlCRFJWSlVTVVpKUTBGVVJTMHRMUzB0Q2sxSlNVTjVSRU5EUVdKRFowRjNTVUpCWjBsQ1FVUkJUa0puYTNGb2EybEhPWGN3UWtGUmMwWkJSRUZXVFZKTmQwVlJXVVJXVVZGRVJYZHdjbVJYU213S1kyMDFiR1JIVm5wTlFqUllSRlJGTlUxVVJYbE5la2w0VFVSWmVrNVdiMWhFVkVrMVRWUkZlVTFFU1hoTlJGbDZUbFp2ZDBaVVJWUk5Ra1ZIUVRGVlJRcEJlRTFMWVROV2FWcFlTblZhV0ZKc1kzcERRMEZUU1hkRVVWbEtTMjlhU1doMlkwNUJVVVZDUWxGQlJHZG5SVkJCUkVORFFWRnZRMmRuUlVKQlN6aEZDbEIyYUhSTmVVNXFlVkUzZW1kbk5UYzFTa1ppZEdGS1RVZzNUMUl3VVVGMU0zcGljekpCTHpGb1lqWkxaVWh6T0V3eVIyazNka1pRUjBsa2MzSlJaamNLWW5CdU5tMVVNbVZ2ZERRMFVtRkVhbVJHTkdnMWJHczJkakJUWkhKNVFYUmFhWGxVVnpaVlVrTkJiekZpV25wSU9IcEVlWFUzWlhwWFJUbDVPVVpTTVFwdE1sUlVTVEZDYm1jd2F6ZFdMMEZGWjA1dEswWmtNbVl5YUROM1NWZFpZekJuYTFwVGExSlFjbXhhYm5nM1pXRkZablJQTTIxclVHUlFTSFpzT0dFNENsUlhhMmxFV0V4WWFGaGtRM0ZOTjBOcGQzTTJiR1ptTVZCNFQwUkZUVlp6Wm5Wd1l6UnNNMUEwU1VGM2RWUTBSR3hKY3poTVpGTjBiRE0zVkhWSVprOEtjRmw0Vlhsc2FqQjFibkpyTWxveVNVOTFWeXM1VTJocmJDc3phMUJ3TW1sUU5sSk1ObWhQZVhsc1RWRnRjakpWVW1kRWFHSnFXRVpFUmtKVGRYUTBVd3BPV1hCVlFsZEZkRFo0VDFGUVExZENVbk00UTBGM1JVRkJZVTFxVFVORmQwUm5XVVJXVWpCUVFWRklMMEpCVVVSQlowdHJUVUU0UjBFeFZXUkZkMFZDQ2k5M1VVWk5RVTFDUVdZNGQwUlJXVXBMYjFwSmFIWmpUa0ZSUlV4Q1VVRkVaMmRGUWtGSk5Dc3dhRGh5ZFM5V2Vrb3liR0ZXVjJwbFZURkdTQ3RvTDFFS2NUbHRLekJyY25kV1ZXOXNPV1Z5TW5sbVMzZERSemd3UVVWc05GazRhRlZUTVdsdWMyTmlNMGcxV21wYVdrdFVWalZCVEdoeE9HdGpVblJPTDNJNVV3cFlTRmRYWTJaQ1JsSlpOR2R6UVZCa1RVTktPVE5XVVVKNk5FUXhPSGxCUjJrMVoxQkVNbVZoUm1sVldIVnFXSEV2Yld0T1RVVk1hVzF1T0VoSldFVnBDbkJITjNaS1pXOWpNeTl3Y0U1eGNuZ3hibEp3ZGpONGQwODBMelI2T1VremRraExWMmR0YTJ0dE1YaDBWbU01UVRSR1Zsb3JZM1F2TUhRM1VFcHZhV2tLYXpGdVlUZGxVRGg1Y0d4Rk1rZzViSFpWU1U5TFZtRXlXV1JDVnpCWE4yOTJXbEZSY0hOUGVUQnVVVEpMV2pGTVNFUk9RV0p5YjJkRWVEUlZaSEF4YmdwREsxbzNkM2RGVUhKWGNFUlBNbVZ2YVhCNVFuRkRaWG93TDBGNGJETnBVRXN2WmpFMk9XeFlka041WTFwMGMxWXdWMVk0UlZWWWVreHZNRDBLTFMwdExTMUZUa1FnUTBWU1ZFbEdTVU5CVkVVdExTMHRMUW89JyAtLWFwaXNlcnZlci1lbmRwb2ludCAnaHR0cHM6Ly9GOUQ2MzE0ODkwOTAwQTU0REUwMDhENDk4RDEzRDk5Ni5zazEuZXUtd2VzdC0xLmVrcy5hbWF6b25hd3MuY29tJyAgLS1rdWJlbGV0LWV4dHJhLWFyZ3MgIiIgJ215dGVzdHMnCgojIEFsbG93IHVzZXIgc3VwcGxpZWQgdXNlcmRhdGEgY29kZQoK",
            "vpc_classic_link_id": "",
            "vpc_classic_link_security_groups": null
          },
          "private": "bnVsbA==",
          "dependencies": [
            "module.eks-cluster.aws_cloudwatch_log_group.this",
            "module.eks-cluster.aws_eks_cluster.this",
            "module.eks-cluster.aws_iam_instance_profile.workers",
            "module.eks-cluster.aws_iam_role.cluster",
            "module.eks-cluster.aws_iam_role.workers",
            "module.eks-cluster.aws_iam_role_policy_attachment.cluster_AmazonEKSClusterPolicy",
            "module.eks-cluster.aws_iam_role_policy_attachment.cluster_AmazonEKSServicePolicy",
            "module.eks-cluster.aws_security_group.cluster",
            "module.eks-cluster.aws_security_group.workers",
            "module.vpc.aws_subnet.private",
            "module.vpc.aws_vpc.this",
            "module.vpc.aws_vpc_ipv4_cidr_block_association.this"
          ]
        }
      ]
    },
    {
      "module": "module.eks-cluster",
      "mode": "managed",
      "type": "aws_launch_template",
      "name": "workers_launch_template",
      "each": "list",
      "provider": "provider.aws",
      "instances": []
    },
    {
      "module": "module.vpc",
      "mode": "managed",
      "type": "aws_nat_gateway",
      "name": "this",
      "each": "list",
      "provider": "provider.aws",
      "instances": [
        {
          "index_key": 0,
          "schema_version": 0,
          "attributes": {
            "allocation_id": "eipalloc-01b301f090785abc4",
            "id": "nat-0053dc01e1a376ede",
            "network_interface_id": "eni-08004a42ae8e09cfe",
            "private_ip": "10.10.11.84",
            "public_ip": "54.229.17.66",
            "subnet_id": "subnet-09f0b65b4a2fb257d",
            "tags": {
              "Environment": "dev",
              "Name": "my-vpc-eu-west-1a",
              "Terraform": "true"
            }
          },
          "private": "bnVsbA==",
          "dependencies": [
            "module.vpc.aws_eip.nat",
            "module.vpc.aws_internet_gateway.this",
            "module.vpc.aws_subnet.public",
            "module.vpc.aws_vpc.this",
            "module.vpc.aws_vpc_ipv4_cidr_block_association.this"
          ]
        }
      ]
    },
    {
      "module": "module.vpc",
      "mode": "managed",
      "type": "aws_network_acl",
      "name": "database",
      "each": "list",
      "provider": "provider.aws",
      "instances": []
    },
    {
      "module": "module.vpc",
      "mode": "managed",
      "type": "aws_network_acl",
      "name": "elasticache",
      "each": "list",
      "provider": "provider.aws",
      "instances": []
    },
    {
      "module": "module.vpc",
      "mode": "managed",
      "type": "aws_network_acl",
      "name": "intra",
      "each": "list",
      "provider": "provider.aws",
      "instances": []
    },
    {
      "module": "module.vpc",
      "mode": "managed",
      "type": "aws_network_acl",
      "name": "private",
      "each": "list",
      "provider": "provider.aws",
      "instances": []
    },
    {
      "module": "module.vpc",
      "mode": "managed",
      "type": "aws_network_acl",
      "name": "public",
      "each": "list",
      "provider": "provider.aws",
      "instances": []
    },
    {
      "module": "module.vpc",
      "mode": "managed",
      "type": "aws_network_acl",
      "name": "redshift",
      "each": "list",
      "provider": "provider.aws",
      "instances": []
    },
    {
      "module": "module.vpc",
      "mode": "managed",
      "type": "aws_network_acl_rule",
      "name": "database_inbound",
      "each": "list",
      "provider": "provider.aws",
      "instances": []
    },
    {
      "module": "module.vpc",
      "mode": "managed",
      "type": "aws_network_acl_rule",
      "name": "database_outbound",
      "each": "list",
      "provider": "provider.aws",
      "instances": []
    },
    {
      "module": "module.vpc",
      "mode": "managed",
      "type": "aws_network_acl_rule",
      "name": "elasticache_inbound",
      "each": "list",
      "provider": "provider.aws",
      "instances": []
    },
    {
      "module": "module.vpc",
      "mode": "managed",
      "type": "aws_network_acl_rule",
      "name": "elasticache_outbound",
      "each": "list",
      "provider": "provider.aws",
      "instances": []
    },
    {
      "module": "module.vpc",
      "mode": "managed",
      "type": "aws_network_acl_rule",
      "name": "intra_inbound",
      "each": "list",
      "provider": "provider.aws",
      "instances": []
    },
    {
      "module": "module.vpc",
      "mode": "managed",
      "type": "aws_network_acl_rule",
      "name": "intra_outbound",
      "each": "list",
      "provider": "provider.aws",
      "instances": []
    },
    {
      "module": "module.vpc",
      "mode": "managed",
      "type": "aws_network_acl_rule",
      "name": "private_inbound",
      "each": "list",
      "provider": "provider.aws",
      "instances": []
    },
    {
      "module": "module.vpc",
      "mode": "managed",
      "type": "aws_network_acl_rule",
      "name": "private_outbound",
      "each": "list",
      "provider": "provider.aws",
      "instances": []
    },
    {
      "module": "module.vpc",
      "mode": "managed",
      "type": "aws_network_acl_rule",
      "name": "public_inbound",
      "each": "list",
      "provider": "provider.aws",
      "instances": []
    },
    {
      "module": "module.vpc",
      "mode": "managed",
      "type": "aws_network_acl_rule",
      "name": "public_outbound",
      "each": "list",
      "provider": "provider.aws",
      "instances": []
    },
    {
      "module": "module.vpc",
      "mode": "managed",
      "type": "aws_network_acl_rule",
      "name": "redshift_inbound",
      "each": "list",
      "provider": "provider.aws",
      "instances": []
    },
    {
      "module": "module.vpc",
      "mode": "managed",
      "type": "aws_network_acl_rule",
      "name": "redshift_outbound",
      "each": "list",
      "provider": "provider.aws",
      "instances": []
    },
    {
      "module": "module.vpc",
      "mode": "managed",
      "type": "aws_redshift_subnet_group",
      "name": "redshift",
      "each": "list",
      "provider": "provider.aws",
      "instances": []
    },
    {
      "module": "module.vpc",
      "mode": "managed",
      "type": "aws_route",
      "name": "database_internet_gateway",
      "each": "list",
      "provider": "provider.aws",
      "instances": []
    },
    {
      "module": "module.vpc",
      "mode": "managed",
      "type": "aws_route",
      "name": "database_ipv6_egress",
      "each": "list",
      "provider": "provider.aws",
      "instances": []
    },
    {
      "module": "module.vpc",
      "mode": "managed",
      "type": "aws_route",
      "name": "database_nat_gateway",
      "each": "list",
      "provider": "provider.aws",
      "instances": []
    },
    {
      "module": "module.vpc",
      "mode": "managed",
      "type": "aws_route",
      "name": "private_ipv6_egress",
      "each": "list",
      "provider": "provider.aws",
      "instances": []
    },
    {
      "module": "module.vpc",
      "mode": "managed",
      "type": "aws_route",
      "name": "private_nat_gateway",
      "each": "list",
      "provider": "provider.aws",
      "instances": [
        {
          "index_key": 0,
          "schema_version": 0,
          "attributes": {
            "destination_cidr_block": "0.0.0.0/0",
            "destination_ipv6_cidr_block": null,
            "destination_prefix_list_id": "",
            "egress_only_gateway_id": "",
            "gateway_id": "",
            "id": "r-rtb-08f17dadc74ac54cd1080289494",
            "instance_id": "",
            "instance_owner_id": "",
            "nat_gateway_id": "nat-0053dc01e1a376ede",
            "network_interface_id": "",
            "origin": "CreateRoute",
            "route_table_id": "rtb-08f17dadc74ac54cd",
            "state": "active",
            "timeouts": {
              "create": "5m",
              "delete": null
            },
            "transit_gateway_id": "",
            "vpc_peering_connection_id": ""
          },
          "private": "eyJlMmJmYjczMC1lY2FhLTExZTYtOGY4OC0zNDM2M2JjN2M0YzAiOnsiY3JlYXRlIjozMDAwMDAwMDAwMDAsImRlbGV0ZSI6MzAwMDAwMDAwMDAwfX0=",
          "dependencies": [
            "module.vpc.aws_eip.nat",
            "module.vpc.aws_internet_gateway.this",
            "module.vpc.aws_nat_gateway.this",
            "module.vpc.aws_route_table.private",
            "module.vpc.aws_subnet.public",
            "module.vpc.aws_vpc.this",
            "module.vpc.aws_vpc_ipv4_cidr_block_association.this"
          ]
        }
      ]
    },
    {
      "module": "module.vpc",
      "mode": "managed",
      "type": "aws_route",
      "name": "public_internet_gateway",
      "each": "list",
      "provider": "provider.aws",
      "instances": [
        {
          "index_key": 0,
          "schema_version": 0,
          "attributes": {
            "destination_cidr_block": "0.0.0.0/0",
            "destination_ipv6_cidr_block": null,
            "destination_prefix_list_id": "",
            "egress_only_gateway_id": "",
            "gateway_id": "igw-093c818184a647a7e",
            "id": "r-rtb-0da4f3b3e25ce82ba1080289494",
            "instance_id": "",
            "instance_owner_id": "",
            "nat_gateway_id": "",
            "network_interface_id": "",
            "origin": "CreateRoute",
            "route_table_id": "rtb-0da4f3b3e25ce82ba",
            "state": "active",
            "timeouts": {
              "create": "5m",
              "delete": null
            },
            "transit_gateway_id": "",
            "vpc_peering_connection_id": ""
          },
          "private": "eyJlMmJmYjczMC1lY2FhLTExZTYtOGY4OC0zNDM2M2JjN2M0YzAiOnsiY3JlYXRlIjozMDAwMDAwMDAwMDAsImRlbGV0ZSI6MzAwMDAwMDAwMDAwfX0=",
          "dependencies": [
            "module.vpc.aws_internet_gateway.this",
            "module.vpc.aws_route_table.public",
            "module.vpc.aws_vpc.this",
            "module.vpc.aws_vpc_ipv4_cidr_block_association.this"
          ]
        }
      ]
    },
    {
      "module": "module.vpc",
      "mode": "managed",
      "type": "aws_route",
      "name": "public_internet_gateway_ipv6",
      "each": "list",
      "provider": "provider.aws",
      "instances": []
    },
    {
      "module": "module.vpc",
      "mode": "managed",
      "type": "aws_route_table",
      "name": "database",
      "each": "list",
      "provider": "provider.aws",
      "instances": []
    },
    {
      "module": "module.vpc",
      "mode": "managed",
      "type": "aws_route_table",
      "name": "elasticache",
      "each": "list",
      "provider": "provider.aws",
      "instances": []
    },
    {
      "module": "module.vpc",
      "mode": "managed",
      "type": "aws_route_table",
      "name": "intra",
      "each": "list",
      "provider": "provider.aws",
      "instances": []
    },
    {
      "module": "module.vpc",
      "mode": "managed",
      "type": "aws_route_table",
      "name": "private",
      "each": "list",
      "provider": "provider.aws",
      "instances": [
        {
          "index_key": 0,
          "schema_version": 0,
          "attributes": {
            "id": "rtb-08f17dadc74ac54cd",
            "owner_id": "787171992146",
            "propagating_vgws": [],
            "route": [],
            "tags": {
              "Environment": "dev",
              "Name": "my-vpc-private",
              "Terraform": "true"
            },
            "vpc_id": "vpc-0b313b4ce412be0d7"
          },
          "private": "bnVsbA==",
          "dependencies": [
            "module.vpc.aws_vpc.this",
            "module.vpc.aws_vpc_ipv4_cidr_block_association.this"
          ]
        }
      ]
    },
    {
      "module": "module.vpc",
      "mode": "managed",
      "type": "aws_route_table",
      "name": "public",
      "each": "list",
      "provider": "provider.aws",
      "instances": [
        {
          "index_key": 0,
          "schema_version": 0,
          "attributes": {
            "id": "rtb-0da4f3b3e25ce82ba",
            "owner_id": "787171992146",
            "propagating_vgws": [],
            "route": [],
            "tags": {
              "Environment": "dev",
              "Name": "my-vpc-public",
              "Terraform": "true"
            },
            "vpc_id": "vpc-0b313b4ce412be0d7"
          },
          "private": "bnVsbA==",
          "dependencies": [
            "module.vpc.aws_vpc.this",
            "module.vpc.aws_vpc_ipv4_cidr_block_association.this"
          ]
        }
      ]
    },
    {
      "module": "module.vpc",
      "mode": "managed",
      "type": "aws_route_table",
      "name": "redshift",
      "each": "list",
      "provider": "provider.aws",
      "instances": []
    },
    {
      "module": "module.vpc",
      "mode": "managed",
      "type": "aws_route_table_association",
      "name": "database",
      "each": "list",
      "provider": "provider.aws",
      "instances": []
    },
    {
      "module": "module.vpc",
      "mode": "managed",
      "type": "aws_route_table_association",
      "name": "elasticache",
      "each": "list",
      "provider": "provider.aws",
      "instances": []
    },
    {
      "module": "module.vpc",
      "mode": "managed",
      "type": "aws_route_table_association",
      "name": "intra",
      "each": "list",
      "provider": "provider.aws",
      "instances": []
    },
    {
      "module": "module.vpc",
      "mode": "managed",
      "type": "aws_route_table_association",
      "name": "private",
      "each": "list",
      "provider": "provider.aws",
      "instances": [
        {
          "index_key": 0,
          "schema_version": 0,
          "attributes": {
            "id": "rtbassoc-03c4e1c8ad2362cce",
            "route_table_id": "rtb-08f17dadc74ac54cd",
            "subnet_id": "subnet-09f33a1bc013b51c5"
          },
          "private": "bnVsbA==",
          "dependencies": [
            "module.vpc.aws_route_table.private",
            "module.vpc.aws_subnet.private",
            "module.vpc.aws_vpc.this",
            "module.vpc.aws_vpc_ipv4_cidr_block_association.this"
          ]
        },
        {
          "index_key": 1,
          "schema_version": 0,
          "attributes": {
            "id": "rtbassoc-0be98befd80a012c9",
            "route_table_id": "rtb-08f17dadc74ac54cd",
            "subnet_id": "subnet-0f22bfe6b88ae92d3"
          },
          "private": "bnVsbA==",
          "dependencies": [
            "module.vpc.aws_route_table.private",
            "module.vpc.aws_subnet.private",
            "module.vpc.aws_vpc.this",
            "module.vpc.aws_vpc_ipv4_cidr_block_association.this"
          ]
        }
      ]
    },
    {
      "module": "module.vpc",
      "mode": "managed",
      "type": "aws_route_table_association",
      "name": "public",
      "each": "list",
      "provider": "provider.aws",
      "instances": [
        {
          "index_key": 0,
          "schema_version": 0,
          "attributes": {
            "id": "rtbassoc-04f96e967964aa0cd",
            "route_table_id": "rtb-0da4f3b3e25ce82ba",
            "subnet_id": "subnet-09f0b65b4a2fb257d"
          },
          "private": "bnVsbA==",
          "dependencies": [
            "module.vpc.aws_route_table.public",
            "module.vpc.aws_subnet.public",
            "module.vpc.aws_vpc.this",
            "module.vpc.aws_vpc_ipv4_cidr_block_association.this"
          ]
        },
        {
          "index_key": 1,
          "schema_version": 0,
          "attributes": {
            "id": "rtbassoc-04cf8c6bd88d025dc",
            "route_table_id": "rtb-0da4f3b3e25ce82ba",
            "subnet_id": "subnet-03c21929a72db1bd3"
          },
          "private": "bnVsbA==",
          "dependencies": [
            "module.vpc.aws_route_table.public",
            "module.vpc.aws_subnet.public",
            "module.vpc.aws_vpc.this",
            "module.vpc.aws_vpc_ipv4_cidr_block_association.this"
          ]
        }
      ]
    },
    {
      "module": "module.vpc",
      "mode": "managed",
      "type": "aws_route_table_association",
      "name": "redshift",
      "each": "list",
      "provider": "provider.aws",
      "instances": []
    },
    {
      "module": "module.vpc",
      "mode": "managed",
      "type": "aws_route_table_association",
      "name": "redshift_public",
      "each": "list",
      "provider": "provider.aws",
      "instances": []
    },
    {
      "module": "module.eks-cluster",
      "mode": "managed",
      "type": "aws_security_group",
      "name": "cluster",
      "each": "list",
      "provider": "provider.aws",
      "instances": [
        {
          "index_key": 0,
          "schema_version": 1,
          "attributes": {
            "arn": "arn:aws:ec2:eu-west-1:787171992146:security-group/sg-0601e630d0890acd2",
            "description": "EKS cluster security group.",
            "egress": [],
            "id": "sg-0601e630d0890acd2",
            "ingress": [],
            "name": "mytests20191123205827083500000004",
            "name_prefix": "mytests",
            "owner_id": "787171992146",
            "revoke_rules_on_delete": false,
            "tags": {
              "Name": "mytests-eks_cluster_sg",
              "environment": "test"
            },
            "timeouts": null,
            "vpc_id": "vpc-0b313b4ce412be0d7"
          },
          "private": "eyJlMmJmYjczMC1lY2FhLTExZTYtOGY4OC0zNDM2M2JjN2M0YzAiOnsiY3JlYXRlIjo2MDAwMDAwMDAwMDAsImRlbGV0ZSI6NjAwMDAwMDAwMDAwfSwic2NoZW1hX3ZlcnNpb24iOiIxIn0=",
          "dependencies": [
            "module.vpc.aws_vpc.this"
          ]
        }
      ]
    },
    {
      "module": "module.eks-cluster",
      "mode": "managed",
      "type": "aws_security_group",
      "name": "workers",
      "each": "list",
      "provider": "provider.aws",
      "instances": [
        {
          "index_key": 0,
          "schema_version": 1,
          "attributes": {
            "arn": "arn:aws:ec2:eu-west-1:787171992146:security-group/sg-0fc4a366a83f17029",
            "description": "Security group for all nodes in the cluster.",
            "egress": [],
            "id": "sg-0fc4a366a83f17029",
            "ingress": [],
            "name": "mytests20191123210940519400000006",
            "name_prefix": "mytests",
            "owner_id": "787171992146",
            "revoke_rules_on_delete": false,
            "tags": {
              "Name": "mytests-eks_worker_sg",
              "environment": "test",
              "kubernetes.io/cluster/mytests": "owned"
            },
            "timeouts": null,
            "vpc_id": "vpc-0b313b4ce412be0d7"
          },
          "private": "eyJlMmJmYjczMC1lY2FhLTExZTYtOGY4OC0zNDM2M2JjN2M0YzAiOnsiY3JlYXRlIjo2MDAwMDAwMDAwMDAsImRlbGV0ZSI6NjAwMDAwMDAwMDAwfSwic2NoZW1hX3ZlcnNpb24iOiIxIn0=",
          "dependencies": [
            "module.eks-cluster.aws_cloudwatch_log_group.this",
            "module.eks-cluster.aws_eks_cluster.this",
            "module.eks-cluster.aws_iam_role.cluster",
            "module.eks-cluster.aws_iam_role_policy_attachment.cluster_AmazonEKSClusterPolicy",
            "module.eks-cluster.aws_iam_role_policy_attachment.cluster_AmazonEKSServicePolicy",
            "module.eks-cluster.aws_security_group.cluster",
            "module.vpc.aws_subnet.private",
            "module.vpc.aws_vpc.this",
            "module.vpc.aws_vpc_ipv4_cidr_block_association.this"
          ]
        }
      ]
    },
    {
      "module": "module.eks-cluster",
      "mode": "managed",
      "type": "aws_security_group_rule",
      "name": "cluster_egress_internet",
      "each": "list",
      "provider": "provider.aws",
      "instances": [
        {
          "index_key": 0,
          "schema_version": 2,
          "attributes": {
            "cidr_blocks": [
              "0.0.0.0/0"
            ],
            "description": "Allow cluster egress access to the Internet.",
            "from_port": 0,
            "id": "sgrule-949840196",
            "ipv6_cidr_blocks": null,
            "prefix_list_ids": null,
            "protocol": "-1",
            "security_group_id": "sg-0601e630d0890acd2",
            "self": false,
            "source_security_group_id": null,
            "to_port": 0,
            "type": "egress"
          },
          "private": "eyJzY2hlbWFfdmVyc2lvbiI6IjIifQ==",
          "dependencies": [
            "module.eks-cluster.aws_security_group.cluster",
            "module.vpc.aws_vpc.this"
          ]
        }
      ]
    },
    {
      "module": "module.eks-cluster",
      "mode": "managed",
      "type": "aws_security_group_rule",
      "name": "cluster_https_worker_ingress",
      "each": "list",
      "provider": "provider.aws",
      "instances": [
        {
          "index_key": 0,
          "schema_version": 2,
          "attributes": {
            "cidr_blocks": null,
            "description": "Allow pods to communicate with the EKS cluster API.",
            "from_port": 443,
            "id": "sgrule-1702646688",
            "ipv6_cidr_blocks": null,
            "prefix_list_ids": null,
            "protocol": "tcp",
            "security_group_id": "sg-0601e630d0890acd2",
            "self": false,
            "source_security_group_id": "sg-0fc4a366a83f17029",
            "to_port": 443,
            "type": "ingress"
          },
          "private": "eyJzY2hlbWFfdmVyc2lvbiI6IjIifQ==",
          "dependencies": [
            "module.eks-cluster.aws_cloudwatch_log_group.this",
            "module.eks-cluster.aws_eks_cluster.this",
            "module.eks-cluster.aws_iam_role.cluster",
            "module.eks-cluster.aws_iam_role_policy_attachment.cluster_AmazonEKSClusterPolicy",
            "module.eks-cluster.aws_iam_role_policy_attachment.cluster_AmazonEKSServicePolicy",
            "module.eks-cluster.aws_security_group.cluster",
            "module.eks-cluster.aws_security_group.workers",
            "module.vpc.aws_subnet.private",
            "module.vpc.aws_vpc.this",
            "module.vpc.aws_vpc_ipv4_cidr_block_association.this"
          ]
        }
      ]
    },
    {
      "module": "module.eks-cluster",
      "mode": "managed",
      "type": "aws_security_group_rule",
      "name": "workers_egress_internet",
      "each": "list",
      "provider": "provider.aws",
      "instances": [
        {
          "index_key": 0,
          "schema_version": 2,
          "attributes": {
            "cidr_blocks": [
              "0.0.0.0/0"
            ],
            "description": "Allow nodes all egress to the Internet.",
            "from_port": 0,
            "id": "sgrule-2793441982",
            "ipv6_cidr_blocks": null,
            "prefix_list_ids": null,
            "protocol": "-1",
            "security_group_id": "sg-0fc4a366a83f17029",
            "self": false,
            "source_security_group_id": null,
            "to_port": 0,
            "type": "egress"
          },
          "private": "eyJzY2hlbWFfdmVyc2lvbiI6IjIifQ==",
          "dependencies": [
            "module.eks-cluster.aws_cloudwatch_log_group.this",
            "module.eks-cluster.aws_eks_cluster.this",
            "module.eks-cluster.aws_iam_role.cluster",
            "module.eks-cluster.aws_iam_role_policy_attachment.cluster_AmazonEKSClusterPolicy",
            "module.eks-cluster.aws_iam_role_policy_attachment.cluster_AmazonEKSServicePolicy",
            "module.eks-cluster.aws_security_group.cluster",
            "module.eks-cluster.aws_security_group.workers",
            "module.vpc.aws_subnet.private",
            "module.vpc.aws_vpc.this",
            "module.vpc.aws_vpc_ipv4_cidr_block_association.this"
          ]
        }
      ]
    },
    {
      "module": "module.eks-cluster",
      "mode": "managed",
      "type": "aws_security_group_rule",
      "name": "workers_ingress_cluster",
      "each": "list",
      "provider": "provider.aws",
      "instances": [
        {
          "index_key": 0,
          "schema_version": 2,
          "attributes": {
            "cidr_blocks": null,
            "description": "Allow workers pods to receive communication from the cluster control plane.",
            "from_port": 1025,
            "id": "sgrule-1773492838",
            "ipv6_cidr_blocks": null,
            "prefix_list_ids": null,
            "protocol": "tcp",
            "security_group_id": "sg-0fc4a366a83f17029",
            "self": false,
            "source_security_group_id": "sg-0601e630d0890acd2",
            "to_port": 65535,
            "type": "ingress"
          },
          "private": "eyJzY2hlbWFfdmVyc2lvbiI6IjIifQ==",
          "dependencies": [
            "module.eks-cluster.aws_cloudwatch_log_group.this",
            "module.eks-cluster.aws_eks_cluster.this",
            "module.eks-cluster.aws_iam_role.cluster",
            "module.eks-cluster.aws_iam_role_policy_attachment.cluster_AmazonEKSClusterPolicy",
            "module.eks-cluster.aws_iam_role_policy_attachment.cluster_AmazonEKSServicePolicy",
            "module.eks-cluster.aws_security_group.cluster",
            "module.eks-cluster.aws_security_group.workers",
            "module.vpc.aws_subnet.private",
            "module.vpc.aws_vpc.this",
            "module.vpc.aws_vpc_ipv4_cidr_block_association.this"
          ]
        }
      ]
    },
    {
      "module": "module.eks-cluster",
      "mode": "managed",
      "type": "aws_security_group_rule",
      "name": "workers_ingress_cluster_https",
      "each": "list",
      "provider": "provider.aws",
      "instances": [
        {
          "index_key": 0,
          "schema_version": 2,
          "attributes": {
            "cidr_blocks": null,
            "description": "Allow pods running extension API servers on port 443 to receive communication from cluster control plane.",
            "from_port": 443,
            "id": "sgrule-2975669186",
            "ipv6_cidr_blocks": null,
            "prefix_list_ids": null,
            "protocol": "tcp",
            "security_group_id": "sg-0fc4a366a83f17029",
            "self": false,
            "source_security_group_id": "sg-0601e630d0890acd2",
            "to_port": 443,
            "type": "ingress"
          },
          "private": "eyJzY2hlbWFfdmVyc2lvbiI6IjIifQ==",
          "dependencies": [
            "module.eks-cluster.aws_cloudwatch_log_group.this",
            "module.eks-cluster.aws_eks_cluster.this",
            "module.eks-cluster.aws_iam_role.cluster",
            "module.eks-cluster.aws_iam_role_policy_attachment.cluster_AmazonEKSClusterPolicy",
            "module.eks-cluster.aws_iam_role_policy_attachment.cluster_AmazonEKSServicePolicy",
            "module.eks-cluster.aws_security_group.cluster",
            "module.eks-cluster.aws_security_group.workers",
            "module.vpc.aws_subnet.private",
            "module.vpc.aws_vpc.this",
            "module.vpc.aws_vpc_ipv4_cidr_block_association.this"
          ]
        }
      ]
    },
    {
      "module": "module.eks-cluster",
      "mode": "managed",
      "type": "aws_security_group_rule",
      "name": "workers_ingress_cluster_kubelet",
      "each": "list",
      "provider": "provider.aws",
      "instances": []
    },
    {
      "module": "module.eks-cluster",
      "mode": "managed",
      "type": "aws_security_group_rule",
      "name": "workers_ingress_self",
      "each": "list",
      "provider": "provider.aws",
      "instances": [
        {
          "index_key": 0,
          "schema_version": 2,
          "attributes": {
            "cidr_blocks": null,
            "description": "Allow node to communicate with each other.",
            "from_port": 0,
            "id": "sgrule-3300700835",
            "ipv6_cidr_blocks": null,
            "prefix_list_ids": null,
            "protocol": "-1",
            "security_group_id": "sg-0fc4a366a83f17029",
            "self": false,
            "source_security_group_id": "sg-0fc4a366a83f17029",
            "to_port": 65535,
            "type": "ingress"
          },
          "private": "eyJzY2hlbWFfdmVyc2lvbiI6IjIifQ==",
          "dependencies": [
            "module.eks-cluster.aws_cloudwatch_log_group.this",
            "module.eks-cluster.aws_eks_cluster.this",
            "module.eks-cluster.aws_iam_role.cluster",
            "module.eks-cluster.aws_iam_role_policy_attachment.cluster_AmazonEKSClusterPolicy",
            "module.eks-cluster.aws_iam_role_policy_attachment.cluster_AmazonEKSServicePolicy",
            "module.eks-cluster.aws_security_group.cluster",
            "module.eks-cluster.aws_security_group.workers",
            "module.vpc.aws_subnet.private",
            "module.vpc.aws_vpc.this",
            "module.vpc.aws_vpc_ipv4_cidr_block_association.this"
          ]
        }
      ]
    },
    {
      "module": "module.vpc",
      "mode": "managed",
      "type": "aws_subnet",
      "name": "database",
      "each": "list",
      "provider": "provider.aws",
      "instances": []
    },
    {
      "module": "module.vpc",
      "mode": "managed",
      "type": "aws_subnet",
      "name": "elasticache",
      "each": "list",
      "provider": "provider.aws",
      "instances": []
    },
    {
      "module": "module.vpc",
      "mode": "managed",
      "type": "aws_subnet",
      "name": "intra",
      "each": "list",
      "provider": "provider.aws",
      "instances": []
    },
    {
      "module": "module.vpc",
      "mode": "managed",
      "type": "aws_subnet",
      "name": "private",
      "each": "list",
      "provider": "provider.aws",
      "instances": [
        {
          "index_key": 0,
          "schema_version": 1,
          "attributes": {
            "arn": "arn:aws:ec2:eu-west-1:787171992146:subnet/subnet-09f33a1bc013b51c5",
            "assign_ipv6_address_on_creation": false,
            "availability_zone": "eu-west-1a",
            "availability_zone_id": "euw1-az1",
            "cidr_block": "10.10.10.0/25",
            "id": "subnet-09f33a1bc013b51c5",
            "ipv6_cidr_block": "",
            "ipv6_cidr_block_association_id": "",
            "map_public_ip_on_launch": false,
            "owner_id": "787171992146",
            "tags": {
              "Environment": "dev",
              "Name": "my-vpc-private-eu-west-1a",
              "Terraform": "true"
            },
            "timeouts": null,
            "vpc_id": "vpc-0b313b4ce412be0d7"
          },
          "private": "eyJlMmJmYjczMC1lY2FhLTExZTYtOGY4OC0zNDM2M2JjN2M0YzAiOnsiY3JlYXRlIjo2MDAwMDAwMDAwMDAsImRlbGV0ZSI6MTIwMDAwMDAwMDAwMH0sInNjaGVtYV92ZXJzaW9uIjoiMSJ9",
          "dependencies": [
            "module.vpc.aws_vpc.this",
            "module.vpc.aws_vpc_ipv4_cidr_block_association.this"
          ]
        },
        {
          "index_key": 1,
          "schema_version": 1,
          "attributes": {
            "arn": "arn:aws:ec2:eu-west-1:787171992146:subnet/subnet-0f22bfe6b88ae92d3",
            "assign_ipv6_address_on_creation": false,
            "availability_zone": "eu-west-1b",
            "availability_zone_id": "euw1-az2",
            "cidr_block": "10.10.10.128/25",
            "id": "subnet-0f22bfe6b88ae92d3",
            "ipv6_cidr_block": "",
            "ipv6_cidr_block_association_id": "",
            "map_public_ip_on_launch": false,
            "owner_id": "787171992146",
            "tags": {
              "Environment": "dev",
              "Name": "my-vpc-private-eu-west-1b",
              "Terraform": "true"
            },
            "timeouts": null,
            "vpc_id": "vpc-0b313b4ce412be0d7"
          },
          "private": "eyJlMmJmYjczMC1lY2FhLTExZTYtOGY4OC0zNDM2M2JjN2M0YzAiOnsiY3JlYXRlIjo2MDAwMDAwMDAwMDAsImRlbGV0ZSI6MTIwMDAwMDAwMDAwMH0sInNjaGVtYV92ZXJzaW9uIjoiMSJ9",
          "dependencies": [
            "module.vpc.aws_vpc.this",
            "module.vpc.aws_vpc_ipv4_cidr_block_association.this"
          ]
        }
      ]
    },
    {
      "module": "module.vpc",
      "mode": "managed",
      "type": "aws_subnet",
      "name": "public",
      "each": "list",
      "provider": "provider.aws",
      "instances": [
        {
          "index_key": 0,
          "schema_version": 1,
          "attributes": {
            "arn": "arn:aws:ec2:eu-west-1:787171992146:subnet/subnet-09f0b65b4a2fb257d",
            "assign_ipv6_address_on_creation": false,
            "availability_zone": "eu-west-1a",
            "availability_zone_id": "euw1-az1",
            "cidr_block": "10.10.11.0/25",
            "id": "subnet-09f0b65b4a2fb257d",
            "ipv6_cidr_block": "",
            "ipv6_cidr_block_association_id": "",
            "map_public_ip_on_launch": true,
            "owner_id": "787171992146",
            "tags": {
              "Environment": "dev",
              "Name": "my-vpc-public-eu-west-1a",
              "Terraform": "true"
            },
            "timeouts": null,
            "vpc_id": "vpc-0b313b4ce412be0d7"
          },
          "private": "eyJlMmJmYjczMC1lY2FhLTExZTYtOGY4OC0zNDM2M2JjN2M0YzAiOnsiY3JlYXRlIjo2MDAwMDAwMDAwMDAsImRlbGV0ZSI6MTIwMDAwMDAwMDAwMH0sInNjaGVtYV92ZXJzaW9uIjoiMSJ9",
          "dependencies": [
            "module.vpc.aws_vpc.this",
            "module.vpc.aws_vpc_ipv4_cidr_block_association.this"
          ]
        },
        {
          "index_key": 1,
          "schema_version": 1,
          "attributes": {
            "arn": "arn:aws:ec2:eu-west-1:787171992146:subnet/subnet-03c21929a72db1bd3",
            "assign_ipv6_address_on_creation": false,
            "availability_zone": "eu-west-1b",
            "availability_zone_id": "euw1-az2",
            "cidr_block": "10.10.11.128/25",
            "id": "subnet-03c21929a72db1bd3",
            "ipv6_cidr_block": "",
            "ipv6_cidr_block_association_id": "",
            "map_public_ip_on_launch": true,
            "owner_id": "787171992146",
            "tags": {
              "Environment": "dev",
              "Name": "my-vpc-public-eu-west-1b",
              "Terraform": "true"
            },
            "timeouts": null,
            "vpc_id": "vpc-0b313b4ce412be0d7"
          },
          "private": "eyJlMmJmYjczMC1lY2FhLTExZTYtOGY4OC0zNDM2M2JjN2M0YzAiOnsiY3JlYXRlIjo2MDAwMDAwMDAwMDAsImRlbGV0ZSI6MTIwMDAwMDAwMDAwMH0sInNjaGVtYV92ZXJzaW9uIjoiMSJ9",
          "dependencies": [
            "module.vpc.aws_vpc.this",
            "module.vpc.aws_vpc_ipv4_cidr_block_association.this"
          ]
        }
      ]
    },
    {
      "module": "module.vpc",
      "mode": "managed",
      "type": "aws_subnet",
      "name": "redshift",
      "each": "list",
      "provider": "provider.aws",
      "instances": []
    },
    {
      "module": "module.vpc",
      "mode": "managed",
      "type": "aws_vpc",
      "name": "this",
      "each": "list",
      "provider": "provider.aws",
      "instances": [
        {
          "index_key": 0,
          "schema_version": 1,
          "attributes": {
            "arn": "arn:aws:ec2:eu-west-1:787171992146:vpc/vpc-0b313b4ce412be0d7",
            "assign_generated_ipv6_cidr_block": false,
            "cidr_block": "10.10.10.0/23",
            "default_network_acl_id": "acl-04ac02b96db5f8f88",
            "default_route_table_id": "rtb-0ed08676507d46638",
            "default_security_group_id": "sg-0056877b7ea944626",
            "dhcp_options_id": "dopt-0a338bdf5727ed561",
            "enable_classiclink": false,
            "enable_classiclink_dns_support": false,
            "enable_dns_hostnames": false,
            "enable_dns_support": true,
            "id": "vpc-0b313b4ce412be0d7",
            "instance_tenancy": "default",
            "ipv6_association_id": "",
            "ipv6_cidr_block": "",
            "main_route_table_id": "rtb-0ed08676507d46638",
            "owner_id": "787171992146",
            "tags": {
              "Environment": "dev",
              "Name": "my-vpc",
              "Terraform": "true"
            }
          },
          "private": "eyJzY2hlbWFfdmVyc2lvbiI6IjEifQ=="
        }
      ]
    },
    {
      "module": "module.vpc",
      "mode": "managed",
      "type": "aws_vpc_dhcp_options",
      "name": "this",
      "each": "list",
      "provider": "provider.aws",
      "instances": []
    },
    {
      "module": "module.vpc",
      "mode": "managed",
      "type": "aws_vpc_dhcp_options_association",
      "name": "this",
      "each": "list",
      "provider": "provider.aws",
      "instances": []
    },
    {
      "module": "module.vpc",
      "mode": "managed",
      "type": "aws_vpc_endpoint",
      "name": "apigw",
      "each": "list",
      "provider": "provider.aws",
      "instances": []
    },
    {
      "module": "module.vpc",
      "mode": "managed",
      "type": "aws_vpc_endpoint",
      "name": "appmesh_envoy_management",
      "each": "list",
      "provider": "provider.aws",
      "instances": []
    },
    {
      "module": "module.vpc",
      "mode": "managed",
      "type": "aws_vpc_endpoint",
      "name": "appstream",
      "each": "list",
      "provider": "provider.aws",
      "instances": []
    },
    {
      "module": "module.vpc",
      "mode": "managed",
      "type": "aws_vpc_endpoint",
      "name": "athena",
      "each": "list",
      "provider": "provider.aws",
      "instances": []
    },
    {
      "module": "module.vpc",
      "mode": "managed",
      "type": "aws_vpc_endpoint",
      "name": "cloudformation",
      "each": "list",
      "provider": "provider.aws",
      "instances": []
    },
    {
      "module": "module.vpc",
      "mode": "managed",
      "type": "aws_vpc_endpoint",
      "name": "cloudtrail",
      "each": "list",
      "provider": "provider.aws",
      "instances": []
    },
    {
      "module": "module.vpc",
      "mode": "managed",
      "type": "aws_vpc_endpoint",
      "name": "codebuild",
      "each": "list",
      "provider": "provider.aws",
      "instances": []
    },
    {
      "module": "module.vpc",
      "mode": "managed",
      "type": "aws_vpc_endpoint",
      "name": "codecommit",
      "each": "list",
      "provider": "provider.aws",
      "instances": []
    },
    {
      "module": "module.vpc",
      "mode": "managed",
      "type": "aws_vpc_endpoint",
      "name": "codepipeline",
      "each": "list",
      "provider": "provider.aws",
      "instances": []
    },
    {
      "module": "module.vpc",
      "mode": "managed",
      "type": "aws_vpc_endpoint",
      "name": "config",
      "each": "list",
      "provider": "provider.aws",
      "instances": []
    },
    {
      "module": "module.vpc",
      "mode": "managed",
      "type": "aws_vpc_endpoint",
      "name": "dynamodb",
      "each": "list",
      "provider": "provider.aws",
      "instances": []
    },
    {
      "module": "module.vpc",
      "mode": "managed",
      "type": "aws_vpc_endpoint",
      "name": "ec2",
      "each": "list",
      "provider": "provider.aws",
      "instances": []
    },
    {
      "module": "module.vpc",
      "mode": "managed",
      "type": "aws_vpc_endpoint",
      "name": "ec2messages",
      "each": "list",
      "provider": "provider.aws",
      "instances": []
    },
    {
      "module": "module.vpc",
      "mode": "managed",
      "type": "aws_vpc_endpoint",
      "name": "ecr_api",
      "each": "list",
      "provider": "provider.aws",
      "instances": []
    },
    {
      "module": "module.vpc",
      "mode": "managed",
      "type": "aws_vpc_endpoint",
      "name": "ecr_dkr",
      "each": "list",
      "provider": "provider.aws",
      "instances": []
    },
    {
      "module": "module.vpc",
      "mode": "managed",
      "type": "aws_vpc_endpoint",
      "name": "ecs",
      "each": "list",
      "provider": "provider.aws",
      "instances": []
    },
    {
      "module": "module.vpc",
      "mode": "managed",
      "type": "aws_vpc_endpoint",
      "name": "ecs_agent",
      "each": "list",
      "provider": "provider.aws",
      "instances": []
    },
    {
      "module": "module.vpc",
      "mode": "managed",
      "type": "aws_vpc_endpoint",
      "name": "ecs_telemetry",
      "each": "list",
      "provider": "provider.aws",
      "instances": []
    },
    {
      "module": "module.vpc",
      "mode": "managed",
      "type": "aws_vpc_endpoint",
      "name": "elasticloadbalancing",
      "each": "list",
      "provider": "provider.aws",
      "instances": []
    },
    {
      "module": "module.vpc",
      "mode": "managed",
      "type": "aws_vpc_endpoint",
      "name": "events",
      "each": "list",
      "provider": "provider.aws",
      "instances": []
    },
    {
      "module": "module.vpc",
      "mode": "managed",
      "type": "aws_vpc_endpoint",
      "name": "git_codecommit",
      "each": "list",
      "provider": "provider.aws",
      "instances": []
    },
    {
      "module": "module.vpc",
      "mode": "managed",
      "type": "aws_vpc_endpoint",
      "name": "glue",
      "each": "list",
      "provider": "provider.aws",
      "instances": []
    },
    {
      "module": "module.vpc",
      "mode": "managed",
      "type": "aws_vpc_endpoint",
      "name": "kinesis_firehose",
      "each": "list",
      "provider": "provider.aws",
      "instances": []
    },
    {
      "module": "module.vpc",
      "mode": "managed",
      "type": "aws_vpc_endpoint",
      "name": "kinesis_streams",
      "each": "list",
      "provider": "provider.aws",
      "instances": []
    },
    {
      "module": "module.vpc",
      "mode": "managed",
      "type": "aws_vpc_endpoint",
      "name": "kms",
      "each": "list",
      "provider": "provider.aws",
      "instances": []
    },
    {
      "module": "module.vpc",
      "mode": "managed",
      "type": "aws_vpc_endpoint",
      "name": "logs",
      "each": "list",
      "provider": "provider.aws",
      "instances": []
    },
    {
      "module": "module.vpc",
      "mode": "managed",
      "type": "aws_vpc_endpoint",
      "name": "monitoring",
      "each": "list",
      "provider": "provider.aws",
      "instances": []
    },
    {
      "module": "module.vpc",
      "mode": "managed",
      "type": "aws_vpc_endpoint",
      "name": "rekognition",
      "each": "list",
      "provider": "provider.aws",
      "instances": []
    },
    {
      "module": "module.vpc",
      "mode": "managed",
      "type": "aws_vpc_endpoint",
      "name": "s3",
      "each": "list",
      "provider": "provider.aws",
      "instances": []
    },
    {
      "module": "module.vpc",
      "mode": "managed",
      "type": "aws_vpc_endpoint",
      "name": "sagemaker_api",
      "each": "list",
      "provider": "provider.aws",
      "instances": []
    },
    {
      "module": "module.vpc",
      "mode": "managed",
      "type": "aws_vpc_endpoint",
      "name": "sagemaker_notebook",
      "each": "list",
      "provider": "provider.aws",
      "instances": []
    },
    {
      "module": "module.vpc",
      "mode": "managed",
      "type": "aws_vpc_endpoint",
      "name": "sagemaker_runtime",
      "each": "list",
      "provider": "provider.aws",
      "instances": []
    },
    {
      "module": "module.vpc",
      "mode": "managed",
      "type": "aws_vpc_endpoint",
      "name": "secretsmanager",
      "each": "list",
      "provider": "provider.aws",
      "instances": []
    },
    {
      "module": "module.vpc",
      "mode": "managed",
      "type": "aws_vpc_endpoint",
      "name": "servicecatalog",
      "each": "list",
      "provider": "provider.aws",
      "instances": []
    },
    {
      "module": "module.vpc",
      "mode": "managed",
      "type": "aws_vpc_endpoint",
      "name": "sns",
      "each": "list",
      "provider": "provider.aws",
      "instances": []
    },
    {
      "module": "module.vpc",
      "mode": "managed",
      "type": "aws_vpc_endpoint",
      "name": "sqs",
      "each": "list",
      "provider": "provider.aws",
      "instances": []
    },
    {
      "module": "module.vpc",
      "mode": "managed",
      "type": "aws_vpc_endpoint",
      "name": "ssm",
      "each": "list",
      "provider": "provider.aws",
      "instances": []
    },
    {
      "module": "module.vpc",
      "mode": "managed",
      "type": "aws_vpc_endpoint",
      "name": "ssmmessages",
      "each": "list",
      "provider": "provider.aws",
      "instances": []
    },
    {
      "module": "module.vpc",
      "mode": "managed",
      "type": "aws_vpc_endpoint",
      "name": "storagegateway",
      "each": "list",
      "provider": "provider.aws",
      "instances": []
    },
    {
      "module": "module.vpc",
      "mode": "managed",
      "type": "aws_vpc_endpoint",
      "name": "sts",
      "each": "list",
      "provider": "provider.aws",
      "instances": []
    },
    {
      "module": "module.vpc",
      "mode": "managed",
      "type": "aws_vpc_endpoint",
      "name": "transfer",
      "each": "list",
      "provider": "provider.aws",
      "instances": []
    },
    {
      "module": "module.vpc",
      "mode": "managed",
      "type": "aws_vpc_endpoint",
      "name": "transferserver",
      "each": "list",
      "provider": "provider.aws",
      "instances": []
    },
    {
      "module": "module.vpc",
      "mode": "managed",
      "type": "aws_vpc_endpoint_route_table_association",
      "name": "intra_dynamodb",
      "each": "list",
      "provider": "provider.aws",
      "instances": []
    },
    {
      "module": "module.vpc",
      "mode": "managed",
      "type": "aws_vpc_endpoint_route_table_association",
      "name": "intra_s3",
      "each": "list",
      "provider": "provider.aws",
      "instances": []
    },
    {
      "module": "module.vpc",
      "mode": "managed",
      "type": "aws_vpc_endpoint_route_table_association",
      "name": "private_dynamodb",
      "each": "list",
      "provider": "provider.aws",
      "instances": []
    },
    {
      "module": "module.vpc",
      "mode": "managed",
      "type": "aws_vpc_endpoint_route_table_association",
      "name": "private_s3",
      "each": "list",
      "provider": "provider.aws",
      "instances": []
    },
    {
      "module": "module.vpc",
      "mode": "managed",
      "type": "aws_vpc_endpoint_route_table_association",
      "name": "public_dynamodb",
      "each": "list",
      "provider": "provider.aws",
      "instances": []
    },
    {
      "module": "module.vpc",
      "mode": "managed",
      "type": "aws_vpc_endpoint_route_table_association",
      "name": "public_s3",
      "each": "list",
      "provider": "provider.aws",
      "instances": []
    },
    {
      "module": "module.vpc",
      "mode": "managed",
      "type": "aws_vpc_ipv4_cidr_block_association",
      "name": "this",
      "each": "list",
      "provider": "provider.aws",
      "instances": []
    },
    {
      "module": "module.vpc",
      "mode": "managed",
      "type": "aws_vpn_gateway",
      "name": "this",
      "each": "list",
      "provider": "provider.aws",
      "instances": [
        {
          "index_key": 0,
          "schema_version": 0,
          "attributes": {
            "amazon_side_asn": "64512",
            "availability_zone": null,
            "id": "vgw-0fabf6e4ae5cb0cc7",
            "tags": {
              "Environment": "dev",
              "Name": "my-vpc",
              "Terraform": "true"
            },
            "vpc_id": "vpc-0b313b4ce412be0d7"
          },
          "private": "bnVsbA==",
          "dependencies": [
            "module.vpc.aws_vpc.this",
            "module.vpc.aws_vpc_ipv4_cidr_block_association.this"
          ]
        }
      ]
    },
    {
      "module": "module.vpc",
      "mode": "managed",
      "type": "aws_vpn_gateway_attachment",
      "name": "this",
      "each": "list",
      "provider": "provider.aws",
      "instances": []
    },
    {
      "module": "module.vpc",
      "mode": "managed",
      "type": "aws_vpn_gateway_route_propagation",
      "name": "private",
      "each": "list",
      "provider": "provider.aws",
      "instances": []
    },
    {
      "module": "module.vpc",
      "mode": "managed",
      "type": "aws_vpn_gateway_route_propagation",
      "name": "public",
      "each": "list",
      "provider": "provider.aws",
      "instances": []
    },
    {
      "module": "module.eks-cluster",
      "mode": "managed",
      "type": "local_file",
      "name": "config_map_aws_auth",
      "each": "list",
      "provider": "provider.local",
      "instances": [
        {
          "index_key": 0,
          "schema_version": 0,
          "attributes": {
            "content": "apiVersion: v1\nkind: ConfigMap\nmetadata:\n  name: aws-auth\n  namespace: kube-system\ndata:\n  mapRoles: |\n    - rolearn: arn:aws:iam::787171992146:role/mytests20191123210940502300000005\n      username: system:node:{{EC2PrivateDNSName}}\n      groups:\n        - system:bootstrappers\n        - system:nodes\n\n  \n  \n  \n",
            "content_base64": null,
            "directory_permission": "0777",
            "file_permission": "0777",
            "filename": "./config-map-aws-auth_mytests.yaml",
            "id": "2b2c7c333f9ccfd774b240dfa92ea4b9a229ae3c",
            "sensitive_content": null
          },
          "private": "bnVsbA==",
          "dependencies": [
            "module.eks-cluster.aws_cloudwatch_log_group.this",
            "module.eks-cluster.aws_eks_cluster.this",
            "module.eks-cluster.aws_iam_instance_profile.workers",
            "module.eks-cluster.aws_iam_role.cluster",
            "module.eks-cluster.aws_iam_role.workers",
            "module.eks-cluster.aws_iam_role_policy_attachment.cluster_AmazonEKSClusterPolicy",
            "module.eks-cluster.aws_iam_role_policy_attachment.cluster_AmazonEKSServicePolicy",
            "module.eks-cluster.aws_security_group.cluster",
            "module.vpc.aws_subnet.private",
            "module.vpc.aws_vpc.this",
            "module.vpc.aws_vpc_ipv4_cidr_block_association.this"
          ]
        }
      ]
    },
    {
      "module": "module.eks-cluster",
      "mode": "managed",
      "type": "local_file",
      "name": "kubeconfig",
      "each": "list",
      "provider": "provider.local",
      "instances": [
        {
          "index_key": 0,
          "schema_version": 0,
          "attributes": {
            "content": "apiVersion: v1\npreferences: {}\nkind: Config\n\nclusters:\n- cluster:\n    server: https://F9D6314890900A54DE008D498D13D996.sk1.eu-west-1.eks.amazonaws.com\n    certificate-authority-data: LS0tLS1CRUdJTiBDRVJUSUZJQ0FURS0tLS0tCk1JSUN5RENDQWJDZ0F3SUJBZ0lCQURBTkJna3Foa2lHOXcwQkFRc0ZBREFWTVJNd0VRWURWUVFERXdwcmRXSmwKY201bGRHVnpNQjRYRFRFNU1URXlNekl4TURZek5Wb1hEVEk1TVRFeU1ESXhNRFl6TlZvd0ZURVRNQkVHQTFVRQpBeE1LYTNWaVpYSnVaWFJsY3pDQ0FTSXdEUVlKS29aSWh2Y05BUUVCQlFBRGdnRVBBRENDQVFvQ2dnRUJBSzhFClB2aHRNeU5qeVE3emdnNTc1SkZidGFKTUg3T1IwUUF1M3piczJBLzFoYjZLZUhzOEwyR2k3dkZQR0lkc3JRZjcKYnBuNm1UMmVvdDQ0UmFEamRGNGg1bGs2djBTZHJ5QXRaaXlUVzZVUkNBbzFiWnpIOHpEeXU3ZXpXRTl5OUZSMQptMlRUSTFCbmcwazdWL0FFZ05tK0ZkMmYyaDN3SVdZYzBna1pTa1JQcmxabng3ZWFFZnRPM21rUGRQSHZsOGE4ClRXa2lEWExYaFhkQ3FNN0Npd3M2bGZmMVB4T0RFTVZzZnVwYzRsM1A0SUF3dVQ0RGxJczhMZFN0bDM3VHVIZk8KcFl4VXlsajB1bnJrMloySU91Vys5U2hrbCsza1BwMmlQNlJMNmhPeXlsTVFtcjJVUmdEaGJqWEZERkJTdXQ0UwpOWXBVQldFdDZ4T1FQQ1dCUnM4Q0F3RUFBYU1qTUNFd0RnWURWUjBQQVFIL0JBUURBZ0trTUE4R0ExVWRFd0VCCi93UUZNQU1CQWY4d0RRWUpLb1pJaHZjTkFRRUxCUUFEZ2dFQkFJNCswaDhydS9WekoybGFWV2plVTFGSCtoL1EKcTltKzBrcndWVW9sOWVyMnlmS3dDRzgwQUVsNFk4aFVTMWluc2NiM0g1WmpaWktUVjVBTGhxOGtjUnROL3I5UwpYSFdXY2ZCRlJZNGdzQVBkTUNKOTNWUUJ6NEQxOHlBR2k1Z1BEMmVhRmlVWHVqWHEvbWtOTUVMaW1uOEhJWEVpCnBHN3ZKZW9jMy9wcE5xcngxblJwdjN4d080LzR6OUkzdkhLV2dta2ttMXh0VmM5QTRGVlorY3QvMHQ3UEpvaWkKazFuYTdlUDh5cGxFMkg5bHZVSU9LVmEyWWRCVzBXN292WlFRcHNPeTBuUTJLWjFMSEROQWJyb2dEeDRVZHAxbgpDK1o3d3dFUHJXcERPMmVvaXB5QnFDZXowL0F4bDNpUEsvZjE2OWxYdkN5Y1p0c1YwV1Y4RVVYekxvMD0KLS0tLS1FTkQgQ0VSVElGSUNBVEUtLS0tLQo=\n  name: eks_mytests\n\ncontexts:\n- context:\n    cluster: eks_mytests\n    user: eks_mytests\n  name: eks_mytests\n\ncurrent-context: eks_mytests\n\nusers:\n- name: eks_mytests\n  user:\n    exec:\n      apiVersion: client.authentication.k8s.io/v1alpha1\n      command: aws-iam-authenticator\n      args:\n        - \"token\"\n        - \"-i\"\n        - \"mytests\"\n\n\n",
            "content_base64": null,
            "directory_permission": "0777",
            "file_permission": "0777",
            "filename": "./kubeconfig_mytests",
            "id": "070c0d642db9ac7e77b3013d7515a4aa920a8a58",
            "sensitive_content": null
          },
          "private": "bnVsbA==",
          "dependencies": [
            "module.eks-cluster.aws_cloudwatch_log_group.this",
            "module.eks-cluster.aws_eks_cluster.this",
            "module.eks-cluster.aws_iam_role.cluster",
            "module.eks-cluster.aws_iam_role_policy_attachment.cluster_AmazonEKSClusterPolicy",
            "module.eks-cluster.aws_iam_role_policy_attachment.cluster_AmazonEKSServicePolicy",
            "module.eks-cluster.aws_security_group.cluster",
            "module.vpc.aws_subnet.private",
            "module.vpc.aws_vpc.this",
            "module.vpc.aws_vpc_ipv4_cidr_block_association.this"
          ]
        }
      ]
    },
    {
      "module": "module.eks-cluster",
      "mode": "managed",
      "type": "null_resource",
      "name": "update_config_map_aws_auth",
      "each": "list",
      "provider": "provider.null",
      "instances": [
        {
          "index_key": 0,
          "schema_version": 0,
          "attributes": {
            "id": "1996694329718432612",
            "triggers": {
              "config_map_rendered": "apiVersion: v1\nkind: ConfigMap\nmetadata:\n  name: aws-auth\n  namespace: kube-system\ndata:\n  mapRoles: |\n    - rolearn: arn:aws:iam::787171992146:role/mytests20191123210940502300000005\n      username: system:node:{{EC2PrivateDNSName}}\n      groups:\n        - system:bootstrappers\n        - system:nodes\n\n  \n  \n  \n",
              "endpoint": "https://F9D6314890900A54DE008D498D13D996.sk1.eu-west-1.eks.amazonaws.com",
              "kube_config_map_rendered": "apiVersion: v1\npreferences: {}\nkind: Config\n\nclusters:\n- cluster:\n    server: https://F9D6314890900A54DE008D498D13D996.sk1.eu-west-1.eks.amazonaws.com\n    certificate-authority-data: LS0tLS1CRUdJTiBDRVJUSUZJQ0FURS0tLS0tCk1JSUN5RENDQWJDZ0F3SUJBZ0lCQURBTkJna3Foa2lHOXcwQkFRc0ZBREFWTVJNd0VRWURWUVFERXdwcmRXSmwKY201bGRHVnpNQjRYRFRFNU1URXlNekl4TURZek5Wb1hEVEk1TVRFeU1ESXhNRFl6TlZvd0ZURVRNQkVHQTFVRQpBeE1LYTNWaVpYSnVaWFJsY3pDQ0FTSXdEUVlKS29aSWh2Y05BUUVCQlFBRGdnRVBBRENDQVFvQ2dnRUJBSzhFClB2aHRNeU5qeVE3emdnNTc1SkZidGFKTUg3T1IwUUF1M3piczJBLzFoYjZLZUhzOEwyR2k3dkZQR0lkc3JRZjcKYnBuNm1UMmVvdDQ0UmFEamRGNGg1bGs2djBTZHJ5QXRaaXlUVzZVUkNBbzFiWnpIOHpEeXU3ZXpXRTl5OUZSMQptMlRUSTFCbmcwazdWL0FFZ05tK0ZkMmYyaDN3SVdZYzBna1pTa1JQcmxabng3ZWFFZnRPM21rUGRQSHZsOGE4ClRXa2lEWExYaFhkQ3FNN0Npd3M2bGZmMVB4T0RFTVZzZnVwYzRsM1A0SUF3dVQ0RGxJczhMZFN0bDM3VHVIZk8KcFl4VXlsajB1bnJrMloySU91Vys5U2hrbCsza1BwMmlQNlJMNmhPeXlsTVFtcjJVUmdEaGJqWEZERkJTdXQ0UwpOWXBVQldFdDZ4T1FQQ1dCUnM4Q0F3RUFBYU1qTUNFd0RnWURWUjBQQVFIL0JBUURBZ0trTUE4R0ExVWRFd0VCCi93UUZNQU1CQWY4d0RRWUpLb1pJaHZjTkFRRUxCUUFEZ2dFQkFJNCswaDhydS9WekoybGFWV2plVTFGSCtoL1EKcTltKzBrcndWVW9sOWVyMnlmS3dDRzgwQUVsNFk4aFVTMWluc2NiM0g1WmpaWktUVjVBTGhxOGtjUnROL3I5UwpYSFdXY2ZCRlJZNGdzQVBkTUNKOTNWUUJ6NEQxOHlBR2k1Z1BEMmVhRmlVWHVqWHEvbWtOTUVMaW1uOEhJWEVpCnBHN3ZKZW9jMy9wcE5xcngxblJwdjN4d080LzR6OUkzdkhLV2dta2ttMXh0VmM5QTRGVlorY3QvMHQ3UEpvaWkKazFuYTdlUDh5cGxFMkg5bHZVSU9LVmEyWWRCVzBXN292WlFRcHNPeTBuUTJLWjFMSEROQWJyb2dEeDRVZHAxbgpDK1o3d3dFUHJXcERPMmVvaXB5QnFDZXowL0F4bDNpUEsvZjE2OWxYdkN5Y1p0c1YwV1Y4RVVYekxvMD0KLS0tLS1FTkQgQ0VSVElGSUNBVEUtLS0tLQo=\n  name: eks_mytests\n\ncontexts:\n- context:\n    cluster: eks_mytests\n    user: eks_mytests\n  name: eks_mytests\n\ncurrent-context: eks_mytests\n\nusers:\n- name: eks_mytests\n  user:\n    exec:\n      apiVersion: client.authentication.k8s.io/v1alpha1\n      command: aws-iam-authenticator\n      args:\n        - \"token\"\n        - \"-i\"\n        - \"mytests\"\n\n\n"
            }
          },
          "private": "bnVsbA==",
          "dependencies": [
            "module.eks-cluster.aws_cloudwatch_log_group.this",
            "module.eks-cluster.aws_eks_cluster.this",
            "module.eks-cluster.aws_iam_instance_profile.workers",
            "module.eks-cluster.aws_iam_role.cluster",
            "module.eks-cluster.aws_iam_role.workers",
            "module.eks-cluster.aws_iam_role_policy_attachment.cluster_AmazonEKSClusterPolicy",
            "module.eks-cluster.aws_iam_role_policy_attachment.cluster_AmazonEKSServicePolicy",
            "module.eks-cluster.aws_security_group.cluster",
            "module.vpc.aws_subnet.private",
            "module.vpc.aws_vpc.this",
            "module.vpc.aws_vpc_ipv4_cidr_block_association.this"
          ]
        }
      ]
    },
    {
      "module": "module.eks-cluster",
      "mode": "managed",
      "type": "random_pet",
      "name": "workers",
      "each": "list",
      "provider": "provider.random",
      "instances": [
        {
          "index_key": 0,
          "schema_version": 0,
          "attributes": {
            "id": "novel-amoeba",
            "keepers": {
              "lc_name": "mytests-02019112321094357740000000d"
            },
            "length": 2,
            "prefix": null,
            "separator": "-"
          },
          "private": "bnVsbA==",
          "dependencies": [
            "module.eks-cluster.aws_cloudwatch_log_group.this",
            "module.eks-cluster.aws_eks_cluster.this",
            "module.eks-cluster.aws_iam_instance_profile.workers",
            "module.eks-cluster.aws_iam_role.cluster",
            "module.eks-cluster.aws_iam_role.workers",
            "module.eks-cluster.aws_iam_role_policy_attachment.cluster_AmazonEKSClusterPolicy",
            "module.eks-cluster.aws_iam_role_policy_attachment.cluster_AmazonEKSServicePolicy",
            "module.eks-cluster.aws_launch_configuration.workers",
            "module.eks-cluster.aws_security_group.cluster",
            "module.eks-cluster.aws_security_group.workers",
            "module.vpc.aws_subnet.private",
            "module.vpc.aws_vpc.this",
            "module.vpc.aws_vpc_ipv4_cidr_block_association.this"
          ]
        }
      ]
    },
    {
      "module": "module.eks-cluster",
      "mode": "managed",
      "type": "random_pet",
      "name": "workers_launch_template",
      "each": "list",
      "provider": "provider.random",
      "instances": []
    }
  ]
}
