{
  "version": 4,
  "terraform_version": "0.12.16",
  "serial": 492,
  "lineage": "d6c8a507-3bd2-cefb-7295-821b2bc23b04",
  "outputs": {
    "sn_az1": {
      "value": "subnet-03ec090090fb4472d",
      "type": "string"
    },
    "sn_az2": {
      "value": "subnet-09ab75e21f50c4856",
      "type": "string"
    },
    "vpc_id": {
      "value": "vpc-0d75779cc64e0d17e",
      "type": "string"
    }
  },
  "resources": [
    {
      "module": "module.eks-cluster",
      "mode": "data",
      "type": "aws_ami",
      "name": "eks_worker",
      "provider": "provider.aws",
      "instances": [
        {
          "schema_version": 0,
          "attributes": {
            "architecture": "x86_64",
            "block_device_mappings": [
              {
                "device_name": "/dev/xvda",
                "ebs": {
                  "delete_on_termination": "true",
                  "encrypted": "false",
                  "iops": "0",
                  "snapshot_id": "snap-0931417d5dd2133c8",
                  "volume_size": "20",
                  "volume_type": "gp2"
                },
                "no_device": "",
                "virtual_name": ""
              }
            ],
            "creation_date": "2019-11-19T07:02:32.000Z",
            "description": "EKS Kubernetes Worker AMI with AmazonLinux2 image, (k8s: 1.14.7, docker:18.09.9ce-2.amzn2)",
            "executable_users": null,
            "filter": [
              {
                "name": "name",
                "values": [
                  "amazon-eks-node-1.14-v*"
                ]
              }
            ],
            "hypervisor": "xen",
            "id": "ami-02dca57ad67c7bf57",
            "image_id": "ami-02dca57ad67c7bf57",
            "image_location": "amazon/amazon-eks-node-1.14-v20191119",
            "image_owner_alias": "amazon",
            "image_type": "machine",
            "kernel_id": null,
            "most_recent": true,
            "name": "amazon-eks-node-1.14-v20191119",
            "name_regex": null,
            "owner_id": "602401143452",
            "owners": [
              "602401143452"
            ],
            "platform": null,
            "product_codes": [],
            "public": true,
            "ramdisk_id": null,
            "root_device_name": "/dev/xvda",
            "root_device_type": "ebs",
            "root_snapshot_id": "snap-0931417d5dd2133c8",
            "sriov_net_support": "simple",
            "state": "available",
            "state_reason": {
              "code": "UNSET",
              "message": "UNSET"
            },
            "tags": {},
            "virtualization_type": "hvm"
          }
        }
      ]
    },
    {
      "module": "module.eks-cluster",
      "mode": "data",
      "type": "aws_ami",
      "name": "eks_worker_windows",
      "provider": "provider.aws",
      "instances": [
        {
          "schema_version": 0,
          "attributes": {
            "architecture": "x86_64",
            "block_device_mappings": [
              {
                "device_name": "/dev/sda1",
                "ebs": {
                  "delete_on_termination": "true",
                  "encrypted": "false",
                  "iops": "0",
                  "snapshot_id": "snap-087cbb2bb3f5dfb0f",
                  "volume_size": "50",
                  "volume_type": "gp2"
                },
                "no_device": "",
                "virtual_name": ""
              },
              {
                "device_name": "xvdca",
                "ebs": {},
                "no_device": "",
                "virtual_name": "ephemeral0"
              },
              {
                "device_name": "xvdcb",
                "ebs": {},
                "no_device": "",
                "virtual_name": "ephemeral1"
              },
              {
                "device_name": "xvdcc",
                "ebs": {},
                "no_device": "",
                "virtual_name": "ephemeral2"
              },
              {
                "device_name": "xvdcd",
                "ebs": {},
                "no_device": "",
                "virtual_name": "ephemeral3"
              },
              {
                "device_name": "xvdce",
                "ebs": {},
                "no_device": "",
                "virtual_name": "ephemeral4"
              },
              {
                "device_name": "xvdcf",
                "ebs": {},
                "no_device": "",
                "virtual_name": "ephemeral5"
              },
              {
                "device_name": "xvdcg",
                "ebs": {},
                "no_device": "",
                "virtual_name": "ephemeral6"
              },
              {
                "device_name": "xvdch",
                "ebs": {},
                "no_device": "",
                "virtual_name": "ephemeral7"
              },
              {
                "device_name": "xvdci",
                "ebs": {},
                "no_device": "",
                "virtual_name": "ephemeral8"
              },
              {
                "device_name": "xvdcj",
                "ebs": {},
                "no_device": "",
                "virtual_name": "ephemeral9"
              },
              {
                "device_name": "xvdck",
                "ebs": {},
                "no_device": "",
                "virtual_name": "ephemeral10"
              },
              {
                "device_name": "xvdcl",
                "ebs": {},
                "no_device": "",
                "virtual_name": "ephemeral11"
              },
              {
                "device_name": "xvdcm",
                "ebs": {},
                "no_device": "",
                "virtual_name": "ephemeral12"
              },
              {
                "device_name": "xvdcn",
                "ebs": {},
                "no_device": "",
                "virtual_name": "ephemeral13"
              },
              {
                "device_name": "xvdco",
                "ebs": {},
                "no_device": "",
                "virtual_name": "ephemeral14"
              },
              {
                "device_name": "xvdcp",
                "ebs": {},
                "no_device": "",
                "virtual_name": "ephemeral15"
              },
              {
                "device_name": "xvdcq",
                "ebs": {},
                "no_device": "",
                "virtual_name": "ephemeral16"
              },
              {
                "device_name": "xvdcr",
                "ebs": {},
                "no_device": "",
                "virtual_name": "ephemeral17"
              },
              {
                "device_name": "xvdcs",
                "ebs": {},
                "no_device": "",
                "virtual_name": "ephemeral18"
              },
              {
                "device_name": "xvdct",
                "ebs": {},
                "no_device": "",
                "virtual_name": "ephemeral19"
              },
              {
                "device_name": "xvdcu",
                "ebs": {},
                "no_device": "",
                "virtual_name": "ephemeral20"
              },
              {
                "device_name": "xvdcv",
                "ebs": {},
                "no_device": "",
                "virtual_name": "ephemeral21"
              },
              {
                "device_name": "xvdcw",
                "ebs": {},
                "no_device": "",
                "virtual_name": "ephemeral22"
              },
              {
                "device_name": "xvdcx",
                "ebs": {},
                "no_device": "",
                "virtual_name": "ephemeral23"
              },
              {
                "device_name": "xvdcy",
                "ebs": {},
                "no_device": "",
                "virtual_name": "ephemeral24"
              },
              {
                "device_name": "xvdcz",
                "ebs": {},
                "no_device": "",
                "virtual_name": "ephemeral25"
              }
            ],
            "creation_date": "2019-11-13T08:25:31.000Z",
            "description": "Microsoft Windows Server 2019 Core optimized for EKS and provided by Amazon",
            "executable_users": null,
            "filter": [
              {
                "name": "name",
                "values": [
                  "Windows_Server-2019-English-Core-EKS_Optimized-1.14-*"
                ]
              },
              {
                "name": "platform",
                "values": [
                  "windows"
                ]
              }
            ],
            "hypervisor": "xen",
            "id": "ami-063946968933ab1d6",
            "image_id": "ami-063946968933ab1d6",
            "image_location": "amazon/Windows_Server-2019-English-Core-EKS_Optimized-1.14-2019.11.13",
            "image_owner_alias": "amazon",
            "image_type": "machine",
            "kernel_id": null,
            "most_recent": true,
            "name": "Windows_Server-2019-English-Core-EKS_Optimized-1.14-2019.11.13",
            "name_regex": null,
            "owner_id": "801119661308",
            "owners": [
              "801119661308"
            ],
            "platform": "windows",
            "product_codes": [],
            "public": true,
            "ramdisk_id": null,
            "root_device_name": "/dev/sda1",
            "root_device_type": "ebs",
            "root_snapshot_id": "snap-087cbb2bb3f5dfb0f",
            "sriov_net_support": "simple",
            "state": "available",
            "state_reason": {
              "code": "UNSET",
              "message": "UNSET"
            },
            "tags": {},
            "virtualization_type": "hvm"
          }
        }
      ]
    },
    {
      "module": "module.eks-cluster",
      "mode": "data",
      "type": "aws_caller_identity",
      "name": "current",
      "provider": "provider.aws",
      "instances": [
        {
          "schema_version": 0,
          "attributes": {
            "account_id": "787171992146",
            "arn": "arn:aws:sts::787171992146:assumed-role/Admin/SESSION_NAME",
            "id": "2019-12-06 15:09:39.265356 +0000 UTC",
            "user_id": "AROA3ORY3MJJI4UXCD266:SESSION_NAME"
          }
        }
      ]
    },
    {
      "module": "module.eks-cluster",
      "mode": "data",
      "type": "aws_iam_instance_profile",
      "name": "custom_worker_group_iam_instance_profile",
      "each": "list",
      "provider": "provider.aws",
      "instances": []
    },
    {
      "module": "module.eks-cluster",
      "mode": "data",
      "type": "aws_iam_instance_profile",
      "name": "custom_worker_group_launch_template_iam_instance_profile",
      "each": "list",
      "provider": "provider.aws",
      "instances": []
    },
    {
      "module": "module.eks-cluster",
      "mode": "data",
      "type": "aws_iam_policy_document",
      "name": "cluster_assume_role_policy",
      "provider": "provider.aws",
      "instances": [
        {
          "schema_version": 0,
          "attributes": {
            "id": "2764486067",
            "json": "{\n  \"Version\": \"2012-10-17\",\n  \"Statement\": [\n    {\n      \"Sid\": \"EKSClusterAssumeRole\",\n      \"Effect\": \"Allow\",\n      \"Action\": \"sts:AssumeRole\",\n      \"Principal\": {\n        \"Service\": \"eks.amazonaws.com\"\n      }\n    }\n  ]\n}",
            "override_json": null,
            "policy_id": null,
            "source_json": null,
            "statement": [
              {
                "actions": [
                  "sts:AssumeRole"
                ],
                "condition": [],
                "effect": "Allow",
                "not_actions": [],
                "not_principals": [],
                "not_resources": [],
                "principals": [
                  {
                    "identifiers": [
                      "eks.amazonaws.com"
                    ],
                    "type": "Service"
                  }
                ],
                "resources": [],
                "sid": "EKSClusterAssumeRole"
              }
            ],
            "version": "2012-10-17"
          }
        }
      ]
    },
    {
      "module": "module.eks-cluster",
      "mode": "data",
      "type": "aws_iam_policy_document",
      "name": "worker_autoscaling",
      "provider": "provider.aws",
      "instances": [
        {
          "schema_version": 0,
          "attributes": {
            "id": "3675438658",
            "json": "{\n  \"Version\": \"2012-10-17\",\n  \"Statement\": [\n    {\n      \"Sid\": \"eksWorkerAutoscalingAll\",\n      \"Effect\": \"Allow\",\n      \"Action\": [\n        \"ec2:DescribeLaunchTemplateVersions\",\n        \"autoscaling:DescribeTags\",\n        \"autoscaling:DescribeLaunchConfigurations\",\n        \"autoscaling:DescribeAutoScalingInstances\",\n        \"autoscaling:DescribeAutoScalingGroups\"\n      ],\n      \"Resource\": \"*\"\n    },\n    {\n      \"Sid\": \"eksWorkerAutoscalingOwn\",\n      \"Effect\": \"Allow\",\n      \"Action\": [\n        \"autoscaling:UpdateAutoScalingGroup\",\n        \"autoscaling:TerminateInstanceInAutoScalingGroup\",\n        \"autoscaling:SetDesiredCapacity\"\n      ],\n      \"Resource\": \"*\",\n      \"Condition\": {\n        \"StringEquals\": {\n          \"autoscaling:ResourceTag/k8s.io/cluster-autoscaler/enabled\": \"true\",\n          \"autoscaling:ResourceTag/kubernetes.io/cluster/mytests\": \"owned\"\n        }\n      }\n    }\n  ]\n}",
            "override_json": null,
            "policy_id": null,
            "source_json": null,
            "statement": [
              {
                "actions": [
                  "autoscaling:DescribeAutoScalingGroups",
                  "autoscaling:DescribeAutoScalingInstances",
                  "autoscaling:DescribeLaunchConfigurations",
                  "autoscaling:DescribeTags",
                  "ec2:DescribeLaunchTemplateVersions"
                ],
                "condition": [],
                "effect": "Allow",
                "not_actions": [],
                "not_principals": [],
                "not_resources": [],
                "principals": [],
                "resources": [
                  "*"
                ],
                "sid": "eksWorkerAutoscalingAll"
              },
              {
                "actions": [
                  "autoscaling:SetDesiredCapacity",
                  "autoscaling:TerminateInstanceInAutoScalingGroup",
                  "autoscaling:UpdateAutoScalingGroup"
                ],
                "condition": [
                  {
                    "test": "StringEquals",
                    "values": [
                      "owned"
                    ],
                    "variable": "autoscaling:ResourceTag/kubernetes.io/cluster/mytests"
                  },
                  {
                    "test": "StringEquals",
                    "values": [
                      "true"
                    ],
                    "variable": "autoscaling:ResourceTag/k8s.io/cluster-autoscaler/enabled"
                  }
                ],
                "effect": "Allow",
                "not_actions": [],
                "not_principals": [],
                "not_resources": [],
                "principals": [],
                "resources": [
                  "*"
                ],
                "sid": "eksWorkerAutoscalingOwn"
              }
            ],
            "version": "2012-10-17"
          }
        }
      ]
    },
    {
      "module": "module.eks-cluster",
      "mode": "data",
      "type": "aws_iam_policy_document",
      "name": "workers_assume_role_policy",
      "provider": "provider.aws",
      "instances": [
        {
          "schema_version": 0,
          "attributes": {
            "id": "3778018924",
            "json": "{\n  \"Version\": \"2012-10-17\",\n  \"Statement\": [\n    {\n      \"Sid\": \"EKSWorkerAssumeRole\",\n      \"Effect\": \"Allow\",\n      \"Action\": \"sts:AssumeRole\",\n      \"Principal\": {\n        \"Service\": \"ec2.amazonaws.com\"\n      }\n    }\n  ]\n}",
            "override_json": null,
            "policy_id": null,
            "source_json": null,
            "statement": [
              {
                "actions": [
                  "sts:AssumeRole"
                ],
                "condition": [],
                "effect": "Allow",
                "not_actions": [],
                "not_principals": [],
                "not_resources": [],
                "principals": [
                  {
                    "identifiers": [
                      "ec2.amazonaws.com"
                    ],
                    "type": "Service"
                  }
                ],
                "resources": [],
                "sid": "EKSWorkerAssumeRole"
              }
            ],
            "version": "2012-10-17"
          }
        }
      ]
    },
    {
      "module": "module.eks-cluster",
      "mode": "data",
      "type": "aws_iam_role",
      "name": "custom_cluster_iam_role",
      "each": "list",
      "provider": "provider.aws",
      "instances": []
    },
    {
      "module": "module.vpc",
      "mode": "data",
      "type": "aws_vpc_endpoint_service",
      "name": "apigw",
      "each": "list",
      "provider": "provider.aws",
      "instances": []
    },
    {
      "module": "module.vpc",
      "mode": "data",
      "type": "aws_vpc_endpoint_service",
      "name": "appmesh_envoy_management",
      "each": "list",
      "provider": "provider.aws",
      "instances": []
    },
    {
      "module": "module.vpc",
      "mode": "data",
      "type": "aws_vpc_endpoint_service",
      "name": "appstream",
      "each": "list",
      "provider": "provider.aws",
      "instances": []
    },
    {
      "module": "module.vpc",
      "mode": "data",
      "type": "aws_vpc_endpoint_service",
      "name": "athena",
      "each": "list",
      "provider": "provider.aws",
      "instances": []
    },
    {
      "module": "module.vpc",
      "mode": "data",
      "type": "aws_vpc_endpoint_service",
      "name": "cloudformation",
      "each": "list",
      "provider": "provider.aws",
      "instances": []
    },
    {
      "module": "module.vpc",
      "mode": "data",
      "type": "aws_vpc_endpoint_service",
      "name": "cloudtrail",
      "each": "list",
      "provider": "provider.aws",
      "instances": []
    },
    {
      "module": "module.vpc",
      "mode": "data",
      "type": "aws_vpc_endpoint_service",
      "name": "codebuild",
      "each": "list",
      "provider": "provider.aws",
      "instances": []
    },
    {
      "module": "module.vpc",
      "mode": "data",
      "type": "aws_vpc_endpoint_service",
      "name": "codecommit",
      "each": "list",
      "provider": "provider.aws",
      "instances": []
    },
    {
      "module": "module.vpc",
      "mode": "data",
      "type": "aws_vpc_endpoint_service",
      "name": "codepipeline",
      "each": "list",
      "provider": "provider.aws",
      "instances": []
    },
    {
      "module": "module.vpc",
      "mode": "data",
      "type": "aws_vpc_endpoint_service",
      "name": "config",
      "each": "list",
      "provider": "provider.aws",
      "instances": []
    },
    {
      "module": "module.vpc",
      "mode": "data",
      "type": "aws_vpc_endpoint_service",
      "name": "dynamodb",
      "each": "list",
      "provider": "provider.aws",
      "instances": []
    },
    {
      "module": "module.vpc",
      "mode": "data",
      "type": "aws_vpc_endpoint_service",
      "name": "ec2",
      "each": "list",
      "provider": "provider.aws",
      "instances": []
    },
    {
      "module": "module.vpc",
      "mode": "data",
      "type": "aws_vpc_endpoint_service",
      "name": "ec2messages",
      "each": "list",
      "provider": "provider.aws",
      "instances": []
    },
    {
      "module": "module.vpc",
      "mode": "data",
      "type": "aws_vpc_endpoint_service",
      "name": "ecr_api",
      "each": "list",
      "provider": "provider.aws",
      "instances": []
    },
    {
      "module": "module.vpc",
      "mode": "data",
      "type": "aws_vpc_endpoint_service",
      "name": "ecr_dkr",
      "each": "list",
      "provider": "provider.aws",
      "instances": []
    },
    {
      "module": "module.vpc",
      "mode": "data",
      "type": "aws_vpc_endpoint_service",
      "name": "ecs",
      "each": "list",
      "provider": "provider.aws",
      "instances": []
    },
    {
      "module": "module.vpc",
      "mode": "data",
      "type": "aws_vpc_endpoint_service",
      "name": "ecs_agent",
      "each": "list",
      "provider": "provider.aws",
      "instances": []
    },
    {
      "module": "module.vpc",
      "mode": "data",
      "type": "aws_vpc_endpoint_service",
      "name": "ecs_telemetry",
      "each": "list",
      "provider": "provider.aws",
      "instances": []
    },
    {
      "module": "module.vpc",
      "mode": "data",
      "type": "aws_vpc_endpoint_service",
      "name": "elasticloadbalancing",
      "each": "list",
      "provider": "provider.aws",
      "instances": []
    },
    {
      "module": "module.vpc",
      "mode": "data",
      "type": "aws_vpc_endpoint_service",
      "name": "events",
      "each": "list",
      "provider": "provider.aws",
      "instances": []
    },
    {
      "module": "module.vpc",
      "mode": "data",
      "type": "aws_vpc_endpoint_service",
      "name": "git_codecommit",
      "each": "list",
      "provider": "provider.aws",
      "instances": []
    },
    {
      "module": "module.vpc",
      "mode": "data",
      "type": "aws_vpc_endpoint_service",
      "name": "glue",
      "each": "list",
      "provider": "provider.aws",
      "instances": []
    },
    {
      "module": "module.vpc",
      "mode": "data",
      "type": "aws_vpc_endpoint_service",
      "name": "kinesis_firehose",
      "each": "list",
      "provider": "provider.aws",
      "instances": []
    },
    {
      "module": "module.vpc",
      "mode": "data",
      "type": "aws_vpc_endpoint_service",
      "name": "kinesis_streams",
      "each": "list",
      "provider": "provider.aws",
      "instances": []
    },
    {
      "module": "module.vpc",
      "mode": "data",
      "type": "aws_vpc_endpoint_service",
      "name": "kms",
      "each": "list",
      "provider": "provider.aws",
      "instances": []
    },
    {
      "module": "module.vpc",
      "mode": "data",
      "type": "aws_vpc_endpoint_service",
      "name": "logs",
      "each": "list",
      "provider": "provider.aws",
      "instances": []
    },
    {
      "module": "module.vpc",
      "mode": "data",
      "type": "aws_vpc_endpoint_service",
      "name": "monitoring",
      "each": "list",
      "provider": "provider.aws",
      "instances": []
    },
    {
      "module": "module.vpc",
      "mode": "data",
      "type": "aws_vpc_endpoint_service",
      "name": "rekognition",
      "each": "list",
      "provider": "provider.aws",
      "instances": []
    },
    {
      "module": "module.vpc",
      "mode": "data",
      "type": "aws_vpc_endpoint_service",
      "name": "s3",
      "each": "list",
      "provider": "provider.aws",
      "instances": []
    },
    {
      "module": "module.vpc",
      "mode": "data",
      "type": "aws_vpc_endpoint_service",
      "name": "sagemaker_api",
      "each": "list",
      "provider": "provider.aws",
      "instances": []
    },
    {
      "module": "module.vpc",
      "mode": "data",
      "type": "aws_vpc_endpoint_service",
      "name": "sagemaker_notebook",
      "each": "list",
      "provider": "provider.aws",
      "instances": []
    },
    {
      "module": "module.vpc",
      "mode": "data",
      "type": "aws_vpc_endpoint_service",
      "name": "sagemaker_runtime",
      "each": "list",
      "provider": "provider.aws",
      "instances": []
    },
    {
      "module": "module.vpc",
      "mode": "data",
      "type": "aws_vpc_endpoint_service",
      "name": "secretsmanager",
      "each": "list",
      "provider": "provider.aws",
      "instances": []
    },
    {
      "module": "module.vpc",
      "mode": "data",
      "type": "aws_vpc_endpoint_service",
      "name": "servicecatalog",
      "each": "list",
      "provider": "provider.aws",
      "instances": []
    },
    {
      "module": "module.vpc",
      "mode": "data",
      "type": "aws_vpc_endpoint_service",
      "name": "sns",
      "each": "list",
      "provider": "provider.aws",
      "instances": []
    },
    {
      "module": "module.vpc",
      "mode": "data",
      "type": "aws_vpc_endpoint_service",
      "name": "sqs",
      "each": "list",
      "provider": "provider.aws",
      "instances": []
    },
    {
      "module": "module.vpc",
      "mode": "data",
      "type": "aws_vpc_endpoint_service",
      "name": "ssm",
      "each": "list",
      "provider": "provider.aws",
      "instances": []
    },
    {
      "module": "module.vpc",
      "mode": "data",
      "type": "aws_vpc_endpoint_service",
      "name": "ssmmessages",
      "each": "list",
      "provider": "provider.aws",
      "instances": []
    },
    {
      "module": "module.vpc",
      "mode": "data",
      "type": "aws_vpc_endpoint_service",
      "name": "storagegateway",
      "each": "list",
      "provider": "provider.aws",
      "instances": []
    },
    {
      "module": "module.vpc",
      "mode": "data",
      "type": "aws_vpc_endpoint_service",
      "name": "sts",
      "each": "list",
      "provider": "provider.aws",
      "instances": []
    },
    {
      "module": "module.vpc",
      "mode": "data",
      "type": "aws_vpc_endpoint_service",
      "name": "transfer",
      "each": "list",
      "provider": "provider.aws",
      "instances": []
    },
    {
      "module": "module.vpc",
      "mode": "data",
      "type": "aws_vpc_endpoint_service",
      "name": "transferserver",
      "each": "list",
      "provider": "provider.aws",
      "instances": []
    },
    {
      "module": "module.eks-cluster",
      "mode": "data",
      "type": "template_file",
      "name": "aws_authenticator_env_variables",
      "each": "list",
      "provider": "provider.template",
      "instances": []
    },
    {
      "module": "module.eks-cluster",
      "mode": "data",
      "type": "template_file",
      "name": "config_map_aws_auth",
      "provider": "provider.template",
      "instances": [
        {
          "schema_version": 0,
          "attributes": {
            "filename": null,
            "id": "fc1371aa12cdac466b30de20e7f4f09b7da8235bafacc974ba3f4adb2b0603d3",
            "rendered": "apiVersion: v1\nkind: ConfigMap\nmetadata:\n  name: aws-auth\n  namespace: kube-system\ndata:\n  mapRoles: |\n    - rolearn: arn:aws:iam::787171992146:role/mytests20191206144716500200000005\n      username: system:node:{{EC2PrivateDNSName}}\n      groups:\n        - system:bootstrappers\n        - system:nodes\n\n  \n  \n  \n",
            "template": "apiVersion: v1\nkind: ConfigMap\nmetadata:\n  name: aws-auth\n  namespace: kube-system\ndata:\n  mapRoles: |\n${worker_role_arn}\n  %{if chomp(map_roles) != \"[]\" }\n    ${indent(4, map_roles)}\n  %{ endif }\n  %{if chomp(map_users) != \"[]\" }\n  mapUsers: |\n    ${indent(4, map_users)}\n  %{ endif }\n  %{if chomp(map_accounts) != \"[]\" }\n  mapAccounts: |\n    ${indent(4, map_accounts)}\n  %{ endif }\n",
            "vars": {
              "map_accounts": "[]\n",
              "map_roles": "[]\n",
              "map_users": "[]\n",
              "worker_role_arn": "    - rolearn: arn:aws:iam::787171992146:role/mytests20191206144716500200000005\n      username: system:node:{{EC2PrivateDNSName}}\n      groups:\n        - system:bootstrappers\n        - system:nodes\n"
            }
          }
        }
      ]
    },
    {
      "module": "module.eks-cluster",
      "mode": "data",
      "type": "template_file",
      "name": "kubeconfig",
      "provider": "provider.template",
      "instances": [
        {
          "schema_version": 0,
          "attributes": {
            "filename": null,
            "id": "11a1f358edaaf0c132f442f86d78c01e32d1baf3576779c740600af6d8698c61",
            "rendered": "apiVersion: v1\npreferences: {}\nkind: Config\n\nclusters:\n- cluster:\n    server: https://F0206BCBDD30225752A43653FAE5C865.yl4.eu-west-1.eks.amazonaws.com\n    certificate-authority-data: LS0tLS1CRUdJTiBDRVJUSUZJQ0FURS0tLS0tCk1JSUN5RENDQWJDZ0F3SUJBZ0lCQURBTkJna3Foa2lHOXcwQkFRc0ZBREFWTVJNd0VRWURWUVFERXdwcmRXSmwKY201bGRHVnpNQjRYRFRFNU1USXdOakUwTkRReE1Wb1hEVEk1TVRJd016RTBORFF4TVZvd0ZURVRNQkVHQTFVRQpBeE1LYTNWaVpYSnVaWFJsY3pDQ0FTSXdEUVlKS29aSWh2Y05BUUVCQlFBRGdnRVBBRENDQVFvQ2dnRUJBTk5CCnVhZG9zdENXeHJCOTltR2owcGM5Wk1UNlYyNmVmWGt0ZWJ4bUI1VGJLWjYrNWozc3A0eVM4R0JpKys2bGptMEwKdnppSEhlTEs0THRqYkErR3B0dWlnUXJQWFAvUXM4NTNIUzdZL05GWFBnNXRYUWtnVHUzSlFvYUoxam9zVGE0Swo1eVN5NVo0ZnJuR0d0aDBWQmlOcGtJeFV5YU5MTGFXSEw0dSsvaGh3VDhIbzVZRERqTmU2UGRDRlVOSG9JZ3ZHClZEYkRvNTNaN2pWQkEwL3F1RWkrTEJ3RzRpeEJCWTJMdVJ1UmVESkUzWldFZEpWV0lOMm11M2F1ZW1MSnVlVU0KT2FBZU4vc0o5SmpodGtWV0c4Vmppc3hma0d3NjZIcmRMVjV0S1NocTFpTGQ5VEpxYWlEQ3BxMWt1ZlA3Qy96QgpUV0hLNWRxOWh5R2xrU1RPYzZVQ0F3RUFBYU1qTUNFd0RnWURWUjBQQVFIL0JBUURBZ0trTUE4R0ExVWRFd0VCCi93UUZNQU1CQWY4d0RRWUpLb1pJaHZjTkFRRUxCUUFEZ2dFQkFIczFsdWRVY3ZBSlQwRXdlQzRSZUVaT25tN1UKQldzSUdZWXN2YVU0YzA4NWxMRnd3L0FnMnlYSC9VamtNK25nTUdiR2xOZ3hERDJiUnhhdmdLOHpDbVZXZklLdwpqcDJkMzFXYmhGQnkxM1ZDTTFsdUJtVDdoUkVKWmcrZW9ubDJiTDhnbE9ISHdxbTIwa0RlUjgvZFJaMkJQU01vCkJsa1o4ekxpV2FqVUVoQ0xzWTlVOVozdGNWMW5hTkZkRHgrRWFCSUVNV3M1dC9WMDFJbUlhcHJueGkwVElxWFIKKzBjS2xBeUYxSk5TV3hzU0tacm11Z2lRTzV2MjNTZGtvekZvRTlPYU91WFd6MFRUeVZJcFUwSC84OURHbk1HcQpNb2htTERid2JrRzllYnVqeXJ5ZzU2ZmNvN1ZTVWFZWWl2cjNWdDNla1QyR3BuQ3JlOTFwTEYrY2gyOD0KLS0tLS1FTkQgQ0VSVElGSUNBVEUtLS0tLQo=\n  name: eks_mytests\n\ncontexts:\n- context:\n    cluster: eks_mytests\n    user: eks_mytests\n  name: eks_mytests\n\ncurrent-context: eks_mytests\n\nusers:\n- name: eks_mytests\n  user:\n    exec:\n      apiVersion: client.authentication.k8s.io/v1alpha1\n      command: aws-iam-authenticator\n      args:\n        - \"token\"\n        - \"-i\"\n        - \"mytests\"\n\n\n",
            "template": "apiVersion: v1\npreferences: {}\nkind: Config\n\nclusters:\n- cluster:\n    server: ${endpoint}\n    certificate-authority-data: ${cluster_auth_base64}\n  name: ${kubeconfig_name}\n\ncontexts:\n- context:\n    cluster: ${kubeconfig_name}\n    user: ${kubeconfig_name}\n  name: ${kubeconfig_name}\n\ncurrent-context: ${kubeconfig_name}\n\nusers:\n- name: ${kubeconfig_name}\n  user:\n    exec:\n      apiVersion: client.authentication.k8s.io/v1alpha1\n      command: ${aws_authenticator_command}\n      args:\n${aws_authenticator_command_args}\n${aws_authenticator_additional_args}\n${aws_authenticator_env_variables}\n",
            "vars": {
              "aws_authenticator_additional_args": "",
              "aws_authenticator_command": "aws-iam-authenticator",
              "aws_authenticator_command_args": "        - \"token\"\n        - \"-i\"\n        - \"mytests\"",
              "aws_authenticator_env_variables": "",
              "cluster_auth_base64": "LS0tLS1CRUdJTiBDRVJUSUZJQ0FURS0tLS0tCk1JSUN5RENDQWJDZ0F3SUJBZ0lCQURBTkJna3Foa2lHOXcwQkFRc0ZBREFWTVJNd0VRWURWUVFERXdwcmRXSmwKY201bGRHVnpNQjRYRFRFNU1USXdOakUwTkRReE1Wb1hEVEk1TVRJd016RTBORFF4TVZvd0ZURVRNQkVHQTFVRQpBeE1LYTNWaVpYSnVaWFJsY3pDQ0FTSXdEUVlKS29aSWh2Y05BUUVCQlFBRGdnRVBBRENDQVFvQ2dnRUJBTk5CCnVhZG9zdENXeHJCOTltR2owcGM5Wk1UNlYyNmVmWGt0ZWJ4bUI1VGJLWjYrNWozc3A0eVM4R0JpKys2bGptMEwKdnppSEhlTEs0THRqYkErR3B0dWlnUXJQWFAvUXM4NTNIUzdZL05GWFBnNXRYUWtnVHUzSlFvYUoxam9zVGE0Swo1eVN5NVo0ZnJuR0d0aDBWQmlOcGtJeFV5YU5MTGFXSEw0dSsvaGh3VDhIbzVZRERqTmU2UGRDRlVOSG9JZ3ZHClZEYkRvNTNaN2pWQkEwL3F1RWkrTEJ3RzRpeEJCWTJMdVJ1UmVESkUzWldFZEpWV0lOMm11M2F1ZW1MSnVlVU0KT2FBZU4vc0o5SmpodGtWV0c4Vmppc3hma0d3NjZIcmRMVjV0S1NocTFpTGQ5VEpxYWlEQ3BxMWt1ZlA3Qy96QgpUV0hLNWRxOWh5R2xrU1RPYzZVQ0F3RUFBYU1qTUNFd0RnWURWUjBQQVFIL0JBUURBZ0trTUE4R0ExVWRFd0VCCi93UUZNQU1CQWY4d0RRWUpLb1pJaHZjTkFRRUxCUUFEZ2dFQkFIczFsdWRVY3ZBSlQwRXdlQzRSZUVaT25tN1UKQldzSUdZWXN2YVU0YzA4NWxMRnd3L0FnMnlYSC9VamtNK25nTUdiR2xOZ3hERDJiUnhhdmdLOHpDbVZXZklLdwpqcDJkMzFXYmhGQnkxM1ZDTTFsdUJtVDdoUkVKWmcrZW9ubDJiTDhnbE9ISHdxbTIwa0RlUjgvZFJaMkJQU01vCkJsa1o4ekxpV2FqVUVoQ0xzWTlVOVozdGNWMW5hTkZkRHgrRWFCSUVNV3M1dC9WMDFJbUlhcHJueGkwVElxWFIKKzBjS2xBeUYxSk5TV3hzU0tacm11Z2lRTzV2MjNTZGtvekZvRTlPYU91WFd6MFRUeVZJcFUwSC84OURHbk1HcQpNb2htTERid2JrRzllYnVqeXJ5ZzU2ZmNvN1ZTVWFZWWl2cjNWdDNla1QyR3BuQ3JlOTFwTEYrY2gyOD0KLS0tLS1FTkQgQ0VSVElGSUNBVEUtLS0tLQo=",
              "endpoint": "https://F0206BCBDD30225752A43653FAE5C865.yl4.eu-west-1.eks.amazonaws.com",
              "kubeconfig_name": "eks_mytests"
            }
          }
        }
      ]
    },
    {
      "module": "module.eks-cluster",
      "mode": "data",
      "type": "template_file",
      "name": "launch_template_userdata",
      "each": "list",
      "provider": "provider.template",
      "instances": []
    },
    {
      "module": "module.eks-cluster",
      "mode": "data",
      "type": "template_file",
      "name": "launch_template_worker_role_arns",
      "each": "list",
      "provider": "provider.template",
      "instances": []
    },
    {
      "module": "module.eks-cluster",
      "mode": "data",
      "type": "template_file",
      "name": "userdata",
      "each": "list",
      "provider": "provider.template",
      "instances": [
        {
          "index_key": 0,
          "schema_version": 0,
          "attributes": {
            "filename": null,
            "id": "2e1e7ee241bb9b65bc0d2f1ab3bc95825035147cace3776975a24f19fa09485d",
            "rendered": "#!/bin/bash -xe\n\n# Allow user supplied pre userdata code\n\n\n# Bootstrap and join the cluster\n/etc/eks/bootstrap.sh --b64-cluster-ca 'LS0tLS1CRUdJTiBDRVJUSUZJQ0FURS0tLS0tCk1JSUN5RENDQWJDZ0F3SUJBZ0lCQURBTkJna3Foa2lHOXcwQkFRc0ZBREFWTVJNd0VRWURWUVFERXdwcmRXSmwKY201bGRHVnpNQjRYRFRFNU1USXdOakUwTkRReE1Wb1hEVEk1TVRJd016RTBORFF4TVZvd0ZURVRNQkVHQTFVRQpBeE1LYTNWaVpYSnVaWFJsY3pDQ0FTSXdEUVlKS29aSWh2Y05BUUVCQlFBRGdnRVBBRENDQVFvQ2dnRUJBTk5CCnVhZG9zdENXeHJCOTltR2owcGM5Wk1UNlYyNmVmWGt0ZWJ4bUI1VGJLWjYrNWozc3A0eVM4R0JpKys2bGptMEwKdnppSEhlTEs0THRqYkErR3B0dWlnUXJQWFAvUXM4NTNIUzdZL05GWFBnNXRYUWtnVHUzSlFvYUoxam9zVGE0Swo1eVN5NVo0ZnJuR0d0aDBWQmlOcGtJeFV5YU5MTGFXSEw0dSsvaGh3VDhIbzVZRERqTmU2UGRDRlVOSG9JZ3ZHClZEYkRvNTNaN2pWQkEwL3F1RWkrTEJ3RzRpeEJCWTJMdVJ1UmVESkUzWldFZEpWV0lOMm11M2F1ZW1MSnVlVU0KT2FBZU4vc0o5SmpodGtWV0c4Vmppc3hma0d3NjZIcmRMVjV0S1NocTFpTGQ5VEpxYWlEQ3BxMWt1ZlA3Qy96QgpUV0hLNWRxOWh5R2xrU1RPYzZVQ0F3RUFBYU1qTUNFd0RnWURWUjBQQVFIL0JBUURBZ0trTUE4R0ExVWRFd0VCCi93UUZNQU1CQWY4d0RRWUpLb1pJaHZjTkFRRUxCUUFEZ2dFQkFIczFsdWRVY3ZBSlQwRXdlQzRSZUVaT25tN1UKQldzSUdZWXN2YVU0YzA4NWxMRnd3L0FnMnlYSC9VamtNK25nTUdiR2xOZ3hERDJiUnhhdmdLOHpDbVZXZklLdwpqcDJkMzFXYmhGQnkxM1ZDTTFsdUJtVDdoUkVKWmcrZW9ubDJiTDhnbE9ISHdxbTIwa0RlUjgvZFJaMkJQU01vCkJsa1o4ekxpV2FqVUVoQ0xzWTlVOVozdGNWMW5hTkZkRHgrRWFCSUVNV3M1dC9WMDFJbUlhcHJueGkwVElxWFIKKzBjS2xBeUYxSk5TV3hzU0tacm11Z2lRTzV2MjNTZGtvekZvRTlPYU91WFd6MFRUeVZJcFUwSC84OURHbk1HcQpNb2htTERid2JrRzllYnVqeXJ5ZzU2ZmNvN1ZTVWFZWWl2cjNWdDNla1QyR3BuQ3JlOTFwTEYrY2gyOD0KLS0tLS1FTkQgQ0VSVElGSUNBVEUtLS0tLQo=' --apiserver-endpoint 'https://F0206BCBDD30225752A43653FAE5C865.yl4.eu-west-1.eks.amazonaws.com'  --kubelet-extra-args \"\" 'mytests'\n\n# Allow user supplied userdata code\n\n",
            "template": "#!/bin/bash -xe\n\n# Allow user supplied pre userdata code\n${pre_userdata}\n\n# Bootstrap and join the cluster\n/etc/eks/bootstrap.sh --b64-cluster-ca '${cluster_auth_base64}' --apiserver-endpoint '${endpoint}' ${bootstrap_extra_args} --kubelet-extra-args \"${kubelet_extra_args}\" '${cluster_name}'\n\n# Allow user supplied userdata code\n${additional_userdata}\n",
            "vars": {
              "additional_userdata": "",
              "bootstrap_extra_args": "",
              "cluster_auth_base64": "LS0tLS1CRUdJTiBDRVJUSUZJQ0FURS0tLS0tCk1JSUN5RENDQWJDZ0F3SUJBZ0lCQURBTkJna3Foa2lHOXcwQkFRc0ZBREFWTVJNd0VRWURWUVFERXdwcmRXSmwKY201bGRHVnpNQjRYRFRFNU1USXdOakUwTkRReE1Wb1hEVEk1TVRJd016RTBORFF4TVZvd0ZURVRNQkVHQTFVRQpBeE1LYTNWaVpYSnVaWFJsY3pDQ0FTSXdEUVlKS29aSWh2Y05BUUVCQlFBRGdnRVBBRENDQVFvQ2dnRUJBTk5CCnVhZG9zdENXeHJCOTltR2owcGM5Wk1UNlYyNmVmWGt0ZWJ4bUI1VGJLWjYrNWozc3A0eVM4R0JpKys2bGptMEwKdnppSEhlTEs0THRqYkErR3B0dWlnUXJQWFAvUXM4NTNIUzdZL05GWFBnNXRYUWtnVHUzSlFvYUoxam9zVGE0Swo1eVN5NVo0ZnJuR0d0aDBWQmlOcGtJeFV5YU5MTGFXSEw0dSsvaGh3VDhIbzVZRERqTmU2UGRDRlVOSG9JZ3ZHClZEYkRvNTNaN2pWQkEwL3F1RWkrTEJ3RzRpeEJCWTJMdVJ1UmVESkUzWldFZEpWV0lOMm11M2F1ZW1MSnVlVU0KT2FBZU4vc0o5SmpodGtWV0c4Vmppc3hma0d3NjZIcmRMVjV0S1NocTFpTGQ5VEpxYWlEQ3BxMWt1ZlA3Qy96QgpUV0hLNWRxOWh5R2xrU1RPYzZVQ0F3RUFBYU1qTUNFd0RnWURWUjBQQVFIL0JBUURBZ0trTUE4R0ExVWRFd0VCCi93UUZNQU1CQWY4d0RRWUpLb1pJaHZjTkFRRUxCUUFEZ2dFQkFIczFsdWRVY3ZBSlQwRXdlQzRSZUVaT25tN1UKQldzSUdZWXN2YVU0YzA4NWxMRnd3L0FnMnlYSC9VamtNK25nTUdiR2xOZ3hERDJiUnhhdmdLOHpDbVZXZklLdwpqcDJkMzFXYmhGQnkxM1ZDTTFsdUJtVDdoUkVKWmcrZW9ubDJiTDhnbE9ISHdxbTIwa0RlUjgvZFJaMkJQU01vCkJsa1o4ekxpV2FqVUVoQ0xzWTlVOVozdGNWMW5hTkZkRHgrRWFCSUVNV3M1dC9WMDFJbUlhcHJueGkwVElxWFIKKzBjS2xBeUYxSk5TV3hzU0tacm11Z2lRTzV2MjNTZGtvekZvRTlPYU91WFd6MFRUeVZJcFUwSC84OURHbk1HcQpNb2htTERid2JrRzllYnVqeXJ5ZzU2ZmNvN1ZTVWFZWWl2cjNWdDNla1QyR3BuQ3JlOTFwTEYrY2gyOD0KLS0tLS1FTkQgQ0VSVElGSUNBVEUtLS0tLQo=",
              "cluster_name": "mytests",
              "endpoint": "https://F0206BCBDD30225752A43653FAE5C865.yl4.eu-west-1.eks.amazonaws.com",
              "kubelet_extra_args": "",
              "platform": "linux",
              "pre_userdata": ""
            }
          }
        }
      ]
    },
    {
      "module": "module.eks-cluster",
      "mode": "data",
      "type": "template_file",
      "name": "worker_role_arns",
      "each": "list",
      "provider": "provider.template",
      "instances": [
        {
          "index_key": 0,
          "schema_version": 0,
          "attributes": {
            "filename": null,
            "id": "ca38e3f3d6fc7b8a8069a435548f798a3be03d76525904aa95315a9660ad5a28",
            "rendered": "    - rolearn: arn:aws:iam::787171992146:role/mytests20191206144716500200000005\n      username: system:node:{{EC2PrivateDNSName}}\n      groups:\n        - system:bootstrappers\n        - system:nodes\n",
            "template": "    - rolearn: ${worker_role_arn}\n      username: system:node:{{EC2PrivateDNSName}}\n      groups:\n        - system:bootstrappers\n        - system:nodes\n        %{~ if platform == \"windows\" ~}\n        - eks:kube-proxy-windows\n        %{~ endif ~}\n",
            "vars": {
              "platform": "linux",
              "worker_role_arn": "arn:aws:iam::787171992146:role/mytests20191206144716500200000005"
            }
          }
        }
      ]
    },
    {
      "module": "module.eks-cluster",
      "mode": "managed",
      "type": "aws_autoscaling_group",
      "name": "workers",
      "each": "list",
      "provider": "provider.aws",
      "instances": [
        {
          "index_key": 0,
          "schema_version": 0,
          "attributes": {
            "arn": "arn:aws:autoscaling:eu-west-1:787171992146:autoScalingGroup:9c2e8414-04d9-4670-9f44-d2aae6490462:autoScalingGroupName/mytests-02019120614473018460000000e",
            "availability_zones": [
              "eu-west-1a",
              "eu-west-1b"
            ],
            "default_cooldown": 300,
            "desired_capacity": 1,
            "enabled_metrics": [],
            "force_delete": false,
            "health_check_grace_period": 300,
            "health_check_type": "EC2",
            "id": "mytests-02019120614473018460000000e",
            "initial_lifecycle_hook": [],
            "launch_configuration": "mytests-02019120614472021030000000d",
            "launch_template": [],
            "load_balancers": [],
            "max_size": 2,
            "metrics_granularity": "1Minute",
            "min_elb_capacity": null,
            "min_size": 1,
            "mixed_instances_policy": [],
            "name": "mytests-02019120614473018460000000e",
            "name_prefix": "mytests-0",
            "placement_group": "",
            "protect_from_scale_in": false,
            "service_linked_role_arn": "arn:aws:iam::787171992146:role/aws-service-role/autoscaling.amazonaws.com/AWSServiceRoleForAutoScaling",
            "suspended_processes": [
              "AZRebalance"
            ],
            "tag": [],
            "tags": [
              {
                "key": "Name",
                "propagate_at_launch": "true",
                "value": "mytests-0-eks_asg"
              },
              {
                "key": "kubernetes.io/cluster/mytests",
                "propagate_at_launch": "true",
                "value": "owned"
              },
              {
                "key": "k8s.io/cluster/mytests",
                "propagate_at_launch": "true",
                "value": "owned"
              },
              {
                "key": "k8s.io/cluster-autoscaler/enabled",
                "propagate_at_launch": "false",
                "value": "true"
              },
              {
                "key": "k8s.io/cluster-autoscaler/mytests",
                "propagate_at_launch": "false",
                "value": "mytests"
              },
              {
                "key": "k8s.io/cluster-autoscaler/node-template/resources/ephemeral-storage",
                "propagate_at_launch": "false",
                "value": "100Gi"
              },
              {
                "key": "environment",
                "propagate_at_launch": "true",
                "value": "test"
              },
              {
                "key": "foo",
                "propagate_at_launch": "true",
                "value": "bar"
              }
            ],
            "target_group_arns": [],
            "termination_policies": [],
            "timeouts": null,
            "vpc_zone_identifier": [
              "subnet-03ec090090fb4472d",
              "subnet-09ab75e21f50c4856"
            ],
            "wait_for_capacity_timeout": "10m",
            "wait_for_elb_capacity": null
          },
          "private": "eyJlMmJmYjczMC1lY2FhLTExZTYtOGY4OC0zNDM2M2JjN2M0YzAiOnsiZGVsZXRlIjo2MDAwMDAwMDAwMDB9fQ==",
          "dependencies": [
            "module.eks-cluster.aws_cloudwatch_log_group.this",
            "module.eks-cluster.aws_eks_cluster.this",
            "module.eks-cluster.aws_iam_instance_profile.workers",
            "module.eks-cluster.aws_iam_role.cluster",
            "module.eks-cluster.aws_iam_role.workers",
            "module.eks-cluster.aws_iam_role_policy_attachment.cluster_AmazonEKSClusterPolicy",
            "module.eks-cluster.aws_iam_role_policy_attachment.cluster_AmazonEKSServicePolicy",
            "module.eks-cluster.aws_launch_configuration.workers",
            "module.eks-cluster.aws_security_group.cluster",
            "module.eks-cluster.aws_security_group.workers",
            "module.eks-cluster.random_pet.workers",
            "module.vpc.aws_subnet.private",
            "module.vpc.aws_vpc.this",
            "module.vpc.aws_vpc_ipv4_cidr_block_association.this"
          ]
        }
      ]
    },
    {
      "module": "module.eks-cluster",
      "mode": "managed",
      "type": "aws_autoscaling_group",
      "name": "workers_launch_template",
      "each": "list",
      "provider": "provider.aws",
      "instances": []
    },
    {
      "module": "module.eks-cluster",
      "mode": "managed",
      "type": "aws_cloudwatch_log_group",
      "name": "this",
      "each": "list",
      "provider": "provider.aws",
      "instances": []
    },
    {
      "module": "module.vpc",
      "mode": "managed",
      "type": "aws_db_subnet_group",
      "name": "database",
      "each": "list",
      "provider": "provider.aws",
      "instances": []
    },
    {
      "module": "module.vpc",
      "mode": "managed",
      "type": "aws_default_network_acl",
      "name": "this",
      "each": "list",
      "provider": "provider.aws",
      "instances": []
    },
    {
      "module": "module.vpc",
      "mode": "managed",
      "type": "aws_default_vpc",
      "name": "this",
      "each": "list",
      "provider": "provider.aws",
      "instances": []
    },
    {
      "module": "module.vpc",
      "mode": "managed",
      "type": "aws_egress_only_internet_gateway",
      "name": "this",
      "each": "list",
      "provider": "provider.aws",
      "instances": []
    },
    {
      "module": "module.vpc",
      "mode": "managed",
      "type": "aws_eip",
      "name": "nat",
      "each": "list",
      "provider": "provider.aws",
      "instances": [
        {
          "index_key": 0,
          "schema_version": 0,
          "attributes": {
            "allocation_id": null,
            "associate_with_private_ip": null,
            "association_id": "eipassoc-00a72b1d4d1a1cae3",
            "domain": "vpc",
            "id": "eipalloc-08e08a746de085e85",
            "instance": "",
            "network_interface": "eni-0ef09953919af1496",
            "private_dns": "ip-10-10-11-112.eu-west-1.compute.internal",
            "private_ip": "10.10.11.112",
            "public_dns": "ec2-34-252-50-78.eu-west-1.compute.amazonaws.com",
            "public_ip": "34.252.50.78",
            "public_ipv4_pool": "amazon",
            "tags": {
              "Environment": "dev",
              "Name": "my-vpc-eu-west-1a",
              "Terraform": "true"
            },
            "timeouts": null,
            "vpc": true
          },
          "private": "eyJlMmJmYjczMC1lY2FhLTExZTYtOGY4OC0zNDM2M2JjN2M0YzAiOnsiZGVsZXRlIjoxODAwMDAwMDAwMDAsInJlYWQiOjkwMDAwMDAwMDAwMCwidXBkYXRlIjozMDAwMDAwMDAwMDB9fQ=="
        }
      ]
    },
    {
      "module": "module.eks-cluster",
      "mode": "managed",
      "type": "aws_eks_cluster",
      "name": "this",
      "provider": "provider.aws",
      "instances": [
        {
          "schema_version": 0,
          "attributes": {
            "arn": "arn:aws:eks:eu-west-1:787171992146:cluster/mytests",
            "certificate_authority": [
              {
                "data": "LS0tLS1CRUdJTiBDRVJUSUZJQ0FURS0tLS0tCk1JSUN5RENDQWJDZ0F3SUJBZ0lCQURBTkJna3Foa2lHOXcwQkFRc0ZBREFWTVJNd0VRWURWUVFERXdwcmRXSmwKY201bGRHVnpNQjRYRFRFNU1USXdOakUwTkRReE1Wb1hEVEk1TVRJd016RTBORFF4TVZvd0ZURVRNQkVHQTFVRQpBeE1LYTNWaVpYSnVaWFJsY3pDQ0FTSXdEUVlKS29aSWh2Y05BUUVCQlFBRGdnRVBBRENDQVFvQ2dnRUJBTk5CCnVhZG9zdENXeHJCOTltR2owcGM5Wk1UNlYyNmVmWGt0ZWJ4bUI1VGJLWjYrNWozc3A0eVM4R0JpKys2bGptMEwKdnppSEhlTEs0THRqYkErR3B0dWlnUXJQWFAvUXM4NTNIUzdZL05GWFBnNXRYUWtnVHUzSlFvYUoxam9zVGE0Swo1eVN5NVo0ZnJuR0d0aDBWQmlOcGtJeFV5YU5MTGFXSEw0dSsvaGh3VDhIbzVZRERqTmU2UGRDRlVOSG9JZ3ZHClZEYkRvNTNaN2pWQkEwL3F1RWkrTEJ3RzRpeEJCWTJMdVJ1UmVESkUzWldFZEpWV0lOMm11M2F1ZW1MSnVlVU0KT2FBZU4vc0o5SmpodGtWV0c4Vmppc3hma0d3NjZIcmRMVjV0S1NocTFpTGQ5VEpxYWlEQ3BxMWt1ZlA3Qy96QgpUV0hLNWRxOWh5R2xrU1RPYzZVQ0F3RUFBYU1qTUNFd0RnWURWUjBQQVFIL0JBUURBZ0trTUE4R0ExVWRFd0VCCi93UUZNQU1CQWY4d0RRWUpLb1pJaHZjTkFRRUxCUUFEZ2dFQkFIczFsdWRVY3ZBSlQwRXdlQzRSZUVaT25tN1UKQldzSUdZWXN2YVU0YzA4NWxMRnd3L0FnMnlYSC9VamtNK25nTUdiR2xOZ3hERDJiUnhhdmdLOHpDbVZXZklLdwpqcDJkMzFXYmhGQnkxM1ZDTTFsdUJtVDdoUkVKWmcrZW9ubDJiTDhnbE9ISHdxbTIwa0RlUjgvZFJaMkJQU01vCkJsa1o4ekxpV2FqVUVoQ0xzWTlVOVozdGNWMW5hTkZkRHgrRWFCSUVNV3M1dC9WMDFJbUlhcHJueGkwVElxWFIKKzBjS2xBeUYxSk5TV3hzU0tacm11Z2lRTzV2MjNTZGtvekZvRTlPYU91WFd6MFRUeVZJcFUwSC84OURHbk1HcQpNb2htTERid2JrRzllYnVqeXJ5ZzU2ZmNvN1ZTVWFZWWl2cjNWdDNla1QyR3BuQ3JlOTFwTEYrY2gyOD0KLS0tLS1FTkQgQ0VSVElGSUNBVEUtLS0tLQo="
              }
            ],
            "created_at": "2019-12-06 14:35:17 +0000 UTC",
            "enabled_cluster_log_types": [],
            "endpoint": "https://F0206BCBDD30225752A43653FAE5C865.yl4.eu-west-1.eks.amazonaws.com",
            "id": "mytests",
            "identity": [
              {
                "oidc": [
                  {
                    "issuer": "https://oidc.eks.eu-west-1.amazonaws.com/id/F0206BCBDD30225752A43653FAE5C865"
                  }
                ]
              }
            ],
            "name": "mytests",
            "platform_version": "eks.5",
            "role_arn": "arn:aws:iam::787171992146:role/mytests20191206143505048000000001",
            "status": "ACTIVE",
            "tags": {
              "environment": "test"
            },
            "timeouts": {
              "create": "15m",
              "delete": "15m",
              "update": null
            },
            "version": "1.14",
            "vpc_config": [
              {
                "endpoint_private_access": false,
                "endpoint_public_access": true,
                "security_group_ids": [
                  "sg-0cf434ff653a95307"
                ],
                "subnet_ids": [
                  "subnet-03ec090090fb4472d",
                  "subnet-09ab75e21f50c4856"
                ],
                "vpc_id": "vpc-0d75779cc64e0d17e"
              }
            ]
          },
          "private": "eyJlMmJmYjczMC1lY2FhLTExZTYtOGY4OC0zNDM2M2JjN2M0YzAiOnsiY3JlYXRlIjo5MDAwMDAwMDAwMDAsImRlbGV0ZSI6OTAwMDAwMDAwMDAwLCJ1cGRhdGUiOjM2MDAwMDAwMDAwMDB9fQ==",
          "dependencies": [
            "module.eks-cluster.aws_cloudwatch_log_group.this",
            "module.eks-cluster.aws_iam_role.cluster",
            "module.eks-cluster.aws_iam_role_policy_attachment.cluster_AmazonEKSClusterPolicy",
            "module.eks-cluster.aws_iam_role_policy_attachment.cluster_AmazonEKSServicePolicy",
            "module.eks-cluster.aws_security_group.cluster",
            "module.vpc.aws_subnet.private",
            "module.vpc.aws_vpc.this",
            "module.vpc.aws_vpc_ipv4_cidr_block_association.this"
          ]
        }
      ]
    },
    {
      "module": "module.vpc",
      "mode": "managed",
      "type": "aws_elasticache_subnet_group",
      "name": "elasticache",
      "each": "list",
      "provider": "provider.aws",
      "instances": []
    },
    {
      "module": "module.eks-cluster",
      "mode": "managed",
      "type": "aws_iam_instance_profile",
      "name": "workers",
      "each": "list",
      "provider": "provider.aws",
      "instances": [
        {
          "index_key": 0,
          "schema_version": 0,
          "attributes": {
            "arn": "arn:aws:iam::787171992146:instance-profile/mytests20191206144717731100000008",
            "create_date": "2019-12-06T14:47:18Z",
            "id": "mytests20191206144717731100000008",
            "name": "mytests20191206144717731100000008",
            "name_prefix": "mytests",
            "path": "/",
            "role": "mytests20191206144716500200000005",
            "roles": [
              "mytests20191206144716500200000005"
            ],
            "unique_id": "AIPA3ORY3MJJH7Z6W3DHF"
          },
          "private": "bnVsbA==",
          "dependencies": [
            "module.eks-cluster.aws_cloudwatch_log_group.this",
            "module.eks-cluster.aws_eks_cluster.this",
            "module.eks-cluster.aws_iam_role.cluster",
            "module.eks-cluster.aws_iam_role.workers",
            "module.eks-cluster.aws_iam_role_policy_attachment.cluster_AmazonEKSClusterPolicy",
            "module.eks-cluster.aws_iam_role_policy_attachment.cluster_AmazonEKSServicePolicy",
            "module.eks-cluster.aws_security_group.cluster",
            "module.vpc.aws_subnet.private",
            "module.vpc.aws_vpc.this",
            "module.vpc.aws_vpc_ipv4_cidr_block_association.this"
          ]
        }
      ]
    },
    {
      "module": "module.eks-cluster",
      "mode": "managed",
      "type": "aws_iam_instance_profile",
      "name": "workers_launch_template",
      "each": "list",
      "provider": "provider.aws",
      "instances": []
    },
    {
      "module": "module.eks-cluster",
      "mode": "managed",
      "type": "aws_iam_policy",
      "name": "worker_autoscaling",
      "each": "list",
      "provider": "provider.aws",
      "instances": [
        {
          "index_key": 0,
          "schema_version": 0,
          "attributes": {
            "arn": "arn:aws:iam::787171992146:policy/eks-worker-autoscaling-mytests20191206144716574400000007",
            "description": "EKS worker node autoscaling policy for cluster mytests",
            "id": "arn:aws:iam::787171992146:policy/eks-worker-autoscaling-mytests20191206144716574400000007",
            "name": "eks-worker-autoscaling-mytests20191206144716574400000007",
            "name_prefix": "eks-worker-autoscaling-mytests",
            "path": "/",
            "policy": "{\n  \"Version\": \"2012-10-17\",\n  \"Statement\": [\n    {\n      \"Sid\": \"eksWorkerAutoscalingAll\",\n      \"Effect\": \"Allow\",\n      \"Action\": [\n        \"ec2:DescribeLaunchTemplateVersions\",\n        \"autoscaling:DescribeTags\",\n        \"autoscaling:DescribeLaunchConfigurations\",\n        \"autoscaling:DescribeAutoScalingInstances\",\n        \"autoscaling:DescribeAutoScalingGroups\"\n      ],\n      \"Resource\": \"*\"\n    },\n    {\n      \"Sid\": \"eksWorkerAutoscalingOwn\",\n      \"Effect\": \"Allow\",\n      \"Action\": [\n        \"autoscaling:UpdateAutoScalingGroup\",\n        \"autoscaling:TerminateInstanceInAutoScalingGroup\",\n        \"autoscaling:SetDesiredCapacity\"\n      ],\n      \"Resource\": \"*\",\n      \"Condition\": {\n        \"StringEquals\": {\n          \"autoscaling:ResourceTag/k8s.io/cluster-autoscaler/enabled\": \"true\",\n          \"autoscaling:ResourceTag/kubernetes.io/cluster/mytests\": \"owned\"\n        }\n      }\n    }\n  ]\n}"
          },
          "private": "bnVsbA==",
          "dependencies": [
            "module.eks-cluster.aws_cloudwatch_log_group.this",
            "module.eks-cluster.aws_eks_cluster.this",
            "module.eks-cluster.aws_iam_role.cluster",
            "module.eks-cluster.aws_iam_role_policy_attachment.cluster_AmazonEKSClusterPolicy",
            "module.eks-cluster.aws_iam_role_policy_attachment.cluster_AmazonEKSServicePolicy",
            "module.eks-cluster.aws_security_group.cluster",
            "module.vpc.aws_subnet.private",
            "module.vpc.aws_vpc.this",
            "module.vpc.aws_vpc_ipv4_cidr_block_association.this"
          ]
        }
      ]
    },
    {
      "module": "module.eks-cluster",
      "mode": "managed",
      "type": "aws_iam_role",
      "name": "cluster",
      "each": "list",
      "provider": "provider.aws",
      "instances": [
        {
          "index_key": 0,
          "schema_version": 0,
          "attributes": {
            "arn": "arn:aws:iam::787171992146:role/mytests20191206143505048000000001",
            "assume_role_policy": "{\"Version\":\"2012-10-17\",\"Statement\":[{\"Sid\":\"EKSClusterAssumeRole\",\"Effect\":\"Allow\",\"Principal\":{\"Service\":\"eks.amazonaws.com\"},\"Action\":\"sts:AssumeRole\"}]}",
            "create_date": "2019-12-06T14:35:05Z",
            "description": "",
            "force_detach_policies": true,
            "id": "mytests20191206143505048000000001",
            "max_session_duration": 3600,
            "name": "mytests20191206143505048000000001",
            "name_prefix": "mytests",
            "path": "/",
            "permissions_boundary": null,
            "tags": {
              "environment": "test"
            },
            "unique_id": "AROA3ORY3MJJEHX6OFAPY"
          },
          "private": "bnVsbA=="
        }
      ]
    },
    {
      "module": "module.eks-cluster",
      "mode": "managed",
      "type": "aws_iam_role",
      "name": "workers",
      "each": "list",
      "provider": "provider.aws",
      "instances": [
        {
          "index_key": 0,
          "schema_version": 0,
          "attributes": {
            "arn": "arn:aws:iam::787171992146:role/mytests20191206144716500200000005",
            "assume_role_policy": "{\"Version\":\"2012-10-17\",\"Statement\":[{\"Sid\":\"EKSWorkerAssumeRole\",\"Effect\":\"Allow\",\"Principal\":{\"Service\":\"ec2.amazonaws.com\"},\"Action\":\"sts:AssumeRole\"}]}",
            "create_date": "2019-12-06T14:47:17Z",
            "description": "",
            "force_detach_policies": true,
            "id": "mytests20191206144716500200000005",
            "max_session_duration": 3600,
            "name": "mytests20191206144716500200000005",
            "name_prefix": "mytests",
            "path": "/",
            "permissions_boundary": null,
            "tags": {
              "environment": "test"
            },
            "unique_id": "AROA3ORY3MJJO33ZVE5QH"
          },
          "private": "bnVsbA==",
          "dependencies": [
            "module.eks-cluster.aws_cloudwatch_log_group.this",
            "module.eks-cluster.aws_eks_cluster.this",
            "module.eks-cluster.aws_iam_role.cluster",
            "module.eks-cluster.aws_iam_role_policy_attachment.cluster_AmazonEKSClusterPolicy",
            "module.eks-cluster.aws_iam_role_policy_attachment.cluster_AmazonEKSServicePolicy",
            "module.eks-cluster.aws_security_group.cluster",
            "module.vpc.aws_subnet.private",
            "module.vpc.aws_vpc.this",
            "module.vpc.aws_vpc_ipv4_cidr_block_association.this"
          ]
        }
      ]
    },
    {
      "module": "module.eks-cluster",
      "mode": "managed",
      "type": "aws_iam_role_policy_attachment",
      "name": "cluster_AmazonEKSClusterPolicy",
      "each": "list",
      "provider": "provider.aws",
      "instances": [
        {
          "index_key": 0,
          "schema_version": 0,
          "attributes": {
            "id": "mytests20191206143505048000000001-20191206143506880700000003",
            "policy_arn": "arn:aws:iam::aws:policy/AmazonEKSClusterPolicy",
            "role": "mytests20191206143505048000000001"
          },
          "private": "bnVsbA==",
          "dependencies": [
            "module.eks-cluster.aws_iam_role.cluster"
          ]
        }
      ]
    },
    {
      "module": "module.eks-cluster",
      "mode": "managed",
      "type": "aws_iam_role_policy_attachment",
      "name": "cluster_AmazonEKSServicePolicy",
      "each": "list",
      "provider": "provider.aws",
      "instances": [
        {
          "index_key": 0,
          "schema_version": 0,
          "attributes": {
            "id": "mytests20191206143505048000000001-20191206143506880600000002",
            "policy_arn": "arn:aws:iam::aws:policy/AmazonEKSServicePolicy",
            "role": "mytests20191206143505048000000001"
          },
          "private": "bnVsbA==",
          "dependencies": [
            "module.eks-cluster.aws_iam_role.cluster"
          ]
        }
      ]
    },
    {
      "module": "module.eks-cluster",
      "mode": "managed",
      "type": "aws_iam_role_policy_attachment",
      "name": "workers_AmazonEC2ContainerRegistryReadOnly",
      "each": "list",
      "provider": "provider.aws",
      "instances": [
        {
          "index_key": 0,
          "schema_version": 0,
          "attributes": {
            "id": "mytests20191206144716500200000005-2019120614471844740000000a",
            "policy_arn": "arn:aws:iam::aws:policy/AmazonEC2ContainerRegistryReadOnly",
            "role": "mytests20191206144716500200000005"
          },
          "private": "bnVsbA==",
          "dependencies": [
            "module.eks-cluster.aws_cloudwatch_log_group.this",
            "module.eks-cluster.aws_eks_cluster.this",
            "module.eks-cluster.aws_iam_role.cluster",
            "module.eks-cluster.aws_iam_role.workers",
            "module.eks-cluster.aws_iam_role_policy_attachment.cluster_AmazonEKSClusterPolicy",
            "module.eks-cluster.aws_iam_role_policy_attachment.cluster_AmazonEKSServicePolicy",
            "module.eks-cluster.aws_security_group.cluster",
            "module.vpc.aws_subnet.private",
            "module.vpc.aws_vpc.this",
            "module.vpc.aws_vpc_ipv4_cidr_block_association.this"
          ]
        }
      ]
    },
    {
      "module": "module.eks-cluster",
      "mode": "managed",
      "type": "aws_iam_role_policy_attachment",
      "name": "workers_AmazonEKSWorkerNodePolicy",
      "each": "list",
      "provider": "provider.aws",
      "instances": [
        {
          "index_key": 0,
          "schema_version": 0,
          "attributes": {
            "id": "mytests20191206144716500200000005-20191206144718359300000009",
            "policy_arn": "arn:aws:iam::aws:policy/AmazonEKSWorkerNodePolicy",
            "role": "mytests20191206144716500200000005"
          },
          "private": "bnVsbA==",
          "dependencies": [
            "module.eks-cluster.aws_cloudwatch_log_group.this",
            "module.eks-cluster.aws_eks_cluster.this",
            "module.eks-cluster.aws_iam_role.cluster",
            "module.eks-cluster.aws_iam_role.workers",
            "module.eks-cluster.aws_iam_role_policy_attachment.cluster_AmazonEKSClusterPolicy",
            "module.eks-cluster.aws_iam_role_policy_attachment.cluster_AmazonEKSServicePolicy",
            "module.eks-cluster.aws_security_group.cluster",
            "module.vpc.aws_subnet.private",
            "module.vpc.aws_vpc.this",
            "module.vpc.aws_vpc_ipv4_cidr_block_association.this"
          ]
        }
      ]
    },
    {
      "module": "module.eks-cluster",
      "mode": "managed",
      "type": "aws_iam_role_policy_attachment",
      "name": "workers_AmazonEKS_CNI_Policy",
      "each": "list",
      "provider": "provider.aws",
      "instances": [
        {
          "index_key": 0,
          "schema_version": 0,
          "attributes": {
            "id": "mytests20191206144716500200000005-2019120614471844740000000b",
            "policy_arn": "arn:aws:iam::aws:policy/AmazonEKS_CNI_Policy",
            "role": "mytests20191206144716500200000005"
          },
          "private": "bnVsbA==",
          "dependencies": [
            "module.eks-cluster.aws_cloudwatch_log_group.this",
            "module.eks-cluster.aws_eks_cluster.this",
            "module.eks-cluster.aws_iam_role.cluster",
            "module.eks-cluster.aws_iam_role.workers",
            "module.eks-cluster.aws_iam_role_policy_attachment.cluster_AmazonEKSClusterPolicy",
            "module.eks-cluster.aws_iam_role_policy_attachment.cluster_AmazonEKSServicePolicy",
            "module.eks-cluster.aws_security_group.cluster",
            "module.vpc.aws_subnet.private",
            "module.vpc.aws_vpc.this",
            "module.vpc.aws_vpc_ipv4_cidr_block_association.this"
          ]
        }
      ]
    },
    {
      "module": "module.eks-cluster",
      "mode": "managed",
      "type": "aws_iam_role_policy_attachment",
      "name": "workers_additional_policies",
      "each": "list",
      "provider": "provider.aws",
      "instances": []
    },
    {
      "module": "module.eks-cluster",
      "mode": "managed",
      "type": "aws_iam_role_policy_attachment",
      "name": "workers_autoscaling",
      "each": "list",
      "provider": "provider.aws",
      "instances": [
        {
          "index_key": 0,
          "schema_version": 0,
          "attributes": {
            "id": "mytests20191206144716500200000005-2019120614471913810000000c",
            "policy_arn": "arn:aws:iam::787171992146:policy/eks-worker-autoscaling-mytests20191206144716574400000007",
            "role": "mytests20191206144716500200000005"
          },
          "private": "bnVsbA==",
          "dependencies": [
            "module.eks-cluster.aws_cloudwatch_log_group.this",
            "module.eks-cluster.aws_eks_cluster.this",
            "module.eks-cluster.aws_iam_policy.worker_autoscaling",
            "module.eks-cluster.aws_iam_role.cluster",
            "module.eks-cluster.aws_iam_role.workers",
            "module.eks-cluster.aws_iam_role_policy_attachment.cluster_AmazonEKSClusterPolicy",
            "module.eks-cluster.aws_iam_role_policy_attachment.cluster_AmazonEKSServicePolicy",
            "module.eks-cluster.aws_security_group.cluster",
            "module.vpc.aws_subnet.private",
            "module.vpc.aws_vpc.this",
            "module.vpc.aws_vpc_ipv4_cidr_block_association.this"
          ]
        }
      ]
    },
    {
      "module": "module.vpc",
      "mode": "managed",
      "type": "aws_internet_gateway",
      "name": "this",
      "each": "list",
      "provider": "provider.aws",
      "instances": [
        {
          "index_key": 0,
          "schema_version": 0,
          "attributes": {
            "id": "igw-080fe260c8502f1c3",
            "owner_id": "787171992146",
            "tags": {
              "Environment": "dev",
              "Name": "my-vpc",
              "Terraform": "true"
            },
            "vpc_id": "vpc-0d75779cc64e0d17e"
          },
          "private": "bnVsbA==",
          "dependencies": [
            "module.vpc.aws_vpc.this",
            "module.vpc.aws_vpc_ipv4_cidr_block_association.this"
          ]
        }
      ]
    },
    {
      "module": "module.eks-cluster",
      "mode": "managed",
      "type": "aws_launch_configuration",
      "name": "workers",
      "each": "list",
      "provider": "provider.aws",
      "instances": [
        {
          "index_key": 0,
          "schema_version": 0,
          "attributes": {
            "associate_public_ip_address": false,
            "ebs_block_device": [],
            "ebs_optimized": true,
            "enable_monitoring": true,
            "ephemeral_block_device": [],
            "iam_instance_profile": "mytests20191206144717731100000008",
            "id": "mytests-02019120614472021030000000d",
            "image_id": "ami-02dca57ad67c7bf57",
            "instance_type": "t3.large",
            "key_name": "",
            "name": "mytests-02019120614472021030000000d",
            "name_prefix": "mytests-0",
            "placement_tenancy": "",
            "root_block_device": [
              {
                "delete_on_termination": true,
                "encrypted": false,
                "iops": 0,
                "volume_size": 100,
                "volume_type": "gp2"
              }
            ],
            "security_groups": [
              "sg-0fa9898201ba36ea3"
            ],
            "spot_price": "",
            "user_data": null,
            "user_data_base64": "IyEvYmluL2Jhc2ggLXhlCgojIEFsbG93IHVzZXIgc3VwcGxpZWQgcHJlIHVzZXJkYXRhIGNvZGUKCgojIEJvb3RzdHJhcCBhbmQgam9pbiB0aGUgY2x1c3RlcgovZXRjL2Vrcy9ib290c3RyYXAuc2ggLS1iNjQtY2x1c3Rlci1jYSAnTFMwdExTMUNSVWRKVGlCRFJWSlVTVVpKUTBGVVJTMHRMUzB0Q2sxSlNVTjVSRU5EUVdKRFowRjNTVUpCWjBsQ1FVUkJUa0puYTNGb2EybEhPWGN3UWtGUmMwWkJSRUZXVFZKTmQwVlJXVVJXVVZGRVJYZHdjbVJYU213S1kyMDFiR1JIVm5wTlFqUllSRlJGTlUxVVNYZE9ha1V3VGtSUmVFMVdiMWhFVkVrMVRWUkpkMDE2UlRCT1JGRjRUVlp2ZDBaVVJWUk5Ra1ZIUVRGVlJRcEJlRTFMWVROV2FWcFlTblZhV0ZKc1kzcERRMEZUU1hkRVVWbEtTMjlhU1doMlkwNUJVVVZDUWxGQlJHZG5SVkJCUkVORFFWRnZRMmRuUlVKQlRrNUNDblZoWkc5emRFTlhlSEpDT1RsdFIyb3djR001V2sxVU5sWXlObVZtV0d0MFpXSjRiVUkxVkdKTFdqWXJOV296YzNBMGVWTTRSMEpwS3lzMmJHcHRNRXdLZG5wcFNFaGxURXMwVEhScVlrRXJSM0IwZFdsblVYSlFXRkF2VVhNNE5UTklVemRaTDA1R1dGQm5OWFJZVVd0blZIVXpTbEZ2WVVveGFtOXpWR0UwU3dvMWVWTjVOVm8wWm5KdVIwZDBhREJXUW1sT2NHdEplRlY1WVU1TVRHRlhTRXcwZFNzdmFHaDNWRGhJYnpWWlJFUnFUbVUyVUdSRFJsVk9TRzlKWjNaSENsWkVZa1J2TlROYU4ycFdRa0V3TDNGMVJXa3JURUozUnpScGVFSkNXVEpNZFZKMVVtVkVTa1V6V2xkRlpFcFdWMGxPTW0xMU0yRjFaVzFNU25WbFZVMEtUMkZCWlU0dmMwbzVTbXBvZEd0V1YwYzRWbXBwYzNobWEwZDNOalpJY21STVZqVjBTMU5vY1RGcFRHUTVWRXB4WVdsRVEzQnhNV3QxWmxBM1F5OTZRZ3BVVjBoTE5XUnhPV2g1UjJ4clUxUlBZelpWUTBGM1JVRkJZVTFxVFVORmQwUm5XVVJXVWpCUVFWRklMMEpCVVVSQlowdHJUVUU0UjBFeFZXUkZkMFZDQ2k5M1VVWk5RVTFDUVdZNGQwUlJXVXBMYjFwSmFIWmpUa0ZSUlV4Q1VVRkVaMmRGUWtGSWN6RnNkV1JWWTNaQlNsUXdSWGRsUXpSU1pVVmFUMjV0TjFVS1FsZHpTVWRaV1hOMllWVTBZekE0Tld4TVJuZDNMMEZuTW5sWVNDOVZhbXROSzI1blRVZGlSMnhPWjNoRVJESmlVbmhoZG1kTE9IcERiVlpYWmtsTGR3cHFjREprTXpGWFltaEdRbmt4TTFaRFRURnNkVUp0VkRkb1VrVktXbWNyWlc5dWJESmlURGhuYkU5SVNIZHhiVEl3YTBSbFVqZ3ZaRkphTWtKUVUwMXZDa0pzYTFvNGVreHBWMkZxVlVWb1EweHpXVGxWT1ZvemRHTldNVzVoVGtaa1JIZ3JSV0ZDU1VWTlYzTTFkQzlXTURGSmJVbGhjSEp1ZUdrd1ZFbHhXRklLS3pCalMyeEJlVVl4U2s1VFYzaHpVMHRhY20xMVoybFJUelYyTWpOVFpHdHZla1p2UlRsUFlVOTFXRmQ2TUZSVWVWWkpjRlV3U0M4NE9VUkhiazFIY1FwTmIyaHRURVJpZDJKclJ6bGxZblZxZVhKNVp6VTJabU52TjFaVFZXRlpXV2wyY2pOV2RETmxhMVF5UjNCdVEzSmxPVEZ3VEVZclkyZ3lPRDBLTFMwdExTMUZUa1FnUTBWU1ZFbEdTVU5CVkVVdExTMHRMUW89JyAtLWFwaXNlcnZlci1lbmRwb2ludCAnaHR0cHM6Ly9GMDIwNkJDQkREMzAyMjU3NTJBNDM2NTNGQUU1Qzg2NS55bDQuZXUtd2VzdC0xLmVrcy5hbWF6b25hd3MuY29tJyAgLS1rdWJlbGV0LWV4dHJhLWFyZ3MgIiIgJ215dGVzdHMnCgojIEFsbG93IHVzZXIgc3VwcGxpZWQgdXNlcmRhdGEgY29kZQoK",
            "vpc_classic_link_id": "",
            "vpc_classic_link_security_groups": []
          },
          "private": "bnVsbA==",
          "dependencies": [
            "module.eks-cluster.aws_cloudwatch_log_group.this",
            "module.eks-cluster.aws_eks_cluster.this",
            "module.eks-cluster.aws_iam_instance_profile.workers",
            "module.eks-cluster.aws_iam_role.cluster",
            "module.eks-cluster.aws_iam_role.workers",
            "module.eks-cluster.aws_iam_role_policy_attachment.cluster_AmazonEKSClusterPolicy",
            "module.eks-cluster.aws_iam_role_policy_attachment.cluster_AmazonEKSServicePolicy",
            "module.eks-cluster.aws_security_group.cluster",
            "module.eks-cluster.aws_security_group.workers",
            "module.vpc.aws_subnet.private",
            "module.vpc.aws_vpc.this",
            "module.vpc.aws_vpc_ipv4_cidr_block_association.this"
          ]
        }
      ]
    },
    {
      "module": "module.eks-cluster",
      "mode": "managed",
      "type": "aws_launch_template",
      "name": "workers_launch_template",
      "each": "list",
      "provider": "provider.aws",
      "instances": []
    },
    {
      "module": "module.vpc",
      "mode": "managed",
      "type": "aws_nat_gateway",
      "name": "this",
      "each": "list",
      "provider": "provider.aws",
      "instances": [
        {
          "index_key": 0,
          "schema_version": 0,
          "attributes": {
            "allocation_id": "eipalloc-08e08a746de085e85",
            "id": "nat-0964110d03b4d1ce9",
            "network_interface_id": "eni-0ef09953919af1496",
            "private_ip": "10.10.11.112",
            "public_ip": "34.252.50.78",
            "subnet_id": "subnet-0a92b811377c2f62b",
            "tags": {
              "Environment": "dev",
              "Name": "my-vpc-eu-west-1a",
              "Terraform": "true"
            }
          },
          "private": "bnVsbA==",
          "dependencies": [
            "module.vpc.aws_eip.nat",
            "module.vpc.aws_internet_gateway.this",
            "module.vpc.aws_subnet.public",
            "module.vpc.aws_vpc.this",
            "module.vpc.aws_vpc_ipv4_cidr_block_association.this"
          ]
        }
      ]
    },
    {
      "module": "module.vpc",
      "mode": "managed",
      "type": "aws_network_acl",
      "name": "database",
      "each": "list",
      "provider": "provider.aws",
      "instances": []
    },
    {
      "module": "module.vpc",
      "mode": "managed",
      "type": "aws_network_acl",
      "name": "elasticache",
      "each": "list",
      "provider": "provider.aws",
      "instances": []
    },
    {
      "module": "module.vpc",
      "mode": "managed",
      "type": "aws_network_acl",
      "name": "intra",
      "each": "list",
      "provider": "provider.aws",
      "instances": []
    },
    {
      "module": "module.vpc",
      "mode": "managed",
      "type": "aws_network_acl",
      "name": "private",
      "each": "list",
      "provider": "provider.aws",
      "instances": []
    },
    {
      "module": "module.vpc",
      "mode": "managed",
      "type": "aws_network_acl",
      "name": "public",
      "each": "list",
      "provider": "provider.aws",
      "instances": []
    },
    {
      "module": "module.vpc",
      "mode": "managed",
      "type": "aws_network_acl",
      "name": "redshift",
      "each": "list",
      "provider": "provider.aws",
      "instances": []
    },
    {
      "module": "module.vpc",
      "mode": "managed",
      "type": "aws_network_acl_rule",
      "name": "database_inbound",
      "each": "list",
      "provider": "provider.aws",
      "instances": []
    },
    {
      "module": "module.vpc",
      "mode": "managed",
      "type": "aws_network_acl_rule",
      "name": "database_outbound",
      "each": "list",
      "provider": "provider.aws",
      "instances": []
    },
    {
      "module": "module.vpc",
      "mode": "managed",
      "type": "aws_network_acl_rule",
      "name": "elasticache_inbound",
      "each": "list",
      "provider": "provider.aws",
      "instances": []
    },
    {
      "module": "module.vpc",
      "mode": "managed",
      "type": "aws_network_acl_rule",
      "name": "elasticache_outbound",
      "each": "list",
      "provider": "provider.aws",
      "instances": []
    },
    {
      "module": "module.vpc",
      "mode": "managed",
      "type": "aws_network_acl_rule",
      "name": "intra_inbound",
      "each": "list",
      "provider": "provider.aws",
      "instances": []
    },
    {
      "module": "module.vpc",
      "mode": "managed",
      "type": "aws_network_acl_rule",
      "name": "intra_outbound",
      "each": "list",
      "provider": "provider.aws",
      "instances": []
    },
    {
      "module": "module.vpc",
      "mode": "managed",
      "type": "aws_network_acl_rule",
      "name": "private_inbound",
      "each": "list",
      "provider": "provider.aws",
      "instances": []
    },
    {
      "module": "module.vpc",
      "mode": "managed",
      "type": "aws_network_acl_rule",
      "name": "private_outbound",
      "each": "list",
      "provider": "provider.aws",
      "instances": []
    },
    {
      "module": "module.vpc",
      "mode": "managed",
      "type": "aws_network_acl_rule",
      "name": "public_inbound",
      "each": "list",
      "provider": "provider.aws",
      "instances": []
    },
    {
      "module": "module.vpc",
      "mode": "managed",
      "type": "aws_network_acl_rule",
      "name": "public_outbound",
      "each": "list",
      "provider": "provider.aws",
      "instances": []
    },
    {
      "module": "module.vpc",
      "mode": "managed",
      "type": "aws_network_acl_rule",
      "name": "redshift_inbound",
      "each": "list",
      "provider": "provider.aws",
      "instances": []
    },
    {
      "module": "module.vpc",
      "mode": "managed",
      "type": "aws_network_acl_rule",
      "name": "redshift_outbound",
      "each": "list",
      "provider": "provider.aws",
      "instances": []
    },
    {
      "module": "module.vpc",
      "mode": "managed",
      "type": "aws_redshift_subnet_group",
      "name": "redshift",
      "each": "list",
      "provider": "provider.aws",
      "instances": []
    },
    {
      "module": "module.vpc",
      "mode": "managed",
      "type": "aws_route",
      "name": "database_internet_gateway",
      "each": "list",
      "provider": "provider.aws",
      "instances": []
    },
    {
      "module": "module.vpc",
      "mode": "managed",
      "type": "aws_route",
      "name": "database_ipv6_egress",
      "each": "list",
      "provider": "provider.aws",
      "instances": []
    },
    {
      "module": "module.vpc",
      "mode": "managed",
      "type": "aws_route",
      "name": "database_nat_gateway",
      "each": "list",
      "provider": "provider.aws",
      "instances": []
    },
    {
      "module": "module.vpc",
      "mode": "managed",
      "type": "aws_route",
      "name": "private_ipv6_egress",
      "each": "list",
      "provider": "provider.aws",
      "instances": []
    },
    {
      "module": "module.vpc",
      "mode": "managed",
      "type": "aws_route",
      "name": "private_nat_gateway",
      "each": "list",
      "provider": "provider.aws",
      "instances": [
        {
          "index_key": 0,
          "schema_version": 0,
          "attributes": {
            "destination_cidr_block": "0.0.0.0/0",
            "destination_ipv6_cidr_block": null,
            "destination_prefix_list_id": "",
            "egress_only_gateway_id": "",
            "gateway_id": "",
            "id": "r-rtb-0002a5db762850f471080289494",
            "instance_id": "",
            "instance_owner_id": "",
            "nat_gateway_id": "nat-0964110d03b4d1ce9",
            "network_interface_id": "",
            "origin": "CreateRoute",
            "route_table_id": "rtb-0002a5db762850f47",
            "state": "active",
            "timeouts": {
              "create": "5m",
              "delete": null
            },
            "transit_gateway_id": "",
            "vpc_peering_connection_id": ""
          },
          "private": "eyJlMmJmYjczMC1lY2FhLTExZTYtOGY4OC0zNDM2M2JjN2M0YzAiOnsiY3JlYXRlIjozMDAwMDAwMDAwMDAsImRlbGV0ZSI6MzAwMDAwMDAwMDAwfX0=",
          "dependencies": [
            "module.vpc.aws_eip.nat",
            "module.vpc.aws_internet_gateway.this",
            "module.vpc.aws_nat_gateway.this",
            "module.vpc.aws_route_table.private",
            "module.vpc.aws_subnet.public",
            "module.vpc.aws_vpc.this",
            "module.vpc.aws_vpc_ipv4_cidr_block_association.this"
          ]
        }
      ]
    },
    {
      "module": "module.vpc",
      "mode": "managed",
      "type": "aws_route",
      "name": "public_internet_gateway",
      "each": "list",
      "provider": "provider.aws",
      "instances": [
        {
          "index_key": 0,
          "schema_version": 0,
          "attributes": {
            "destination_cidr_block": "0.0.0.0/0",
            "destination_ipv6_cidr_block": null,
            "destination_prefix_list_id": "",
            "egress_only_gateway_id": "",
            "gateway_id": "igw-080fe260c8502f1c3",
            "id": "r-rtb-0a2bd52c23e5788f51080289494",
            "instance_id": "",
            "instance_owner_id": "",
            "nat_gateway_id": "",
            "network_interface_id": "",
            "origin": "CreateRoute",
            "route_table_id": "rtb-0a2bd52c23e5788f5",
            "state": "active",
            "timeouts": {
              "create": "5m",
              "delete": null
            },
            "transit_gateway_id": "",
            "vpc_peering_connection_id": ""
          },
          "private": "eyJlMmJmYjczMC1lY2FhLTExZTYtOGY4OC0zNDM2M2JjN2M0YzAiOnsiY3JlYXRlIjozMDAwMDAwMDAwMDAsImRlbGV0ZSI6MzAwMDAwMDAwMDAwfX0=",
          "dependencies": [
            "module.vpc.aws_internet_gateway.this",
            "module.vpc.aws_route_table.public",
            "module.vpc.aws_vpc.this",
            "module.vpc.aws_vpc_ipv4_cidr_block_association.this"
          ]
        }
      ]
    },
    {
      "module": "module.vpc",
      "mode": "managed",
      "type": "aws_route",
      "name": "public_internet_gateway_ipv6",
      "each": "list",
      "provider": "provider.aws",
      "instances": []
    },
    {
      "module": "module.vpc",
      "mode": "managed",
      "type": "aws_route_table",
      "name": "database",
      "each": "list",
      "provider": "provider.aws",
      "instances": []
    },
    {
      "module": "module.vpc",
      "mode": "managed",
      "type": "aws_route_table",
      "name": "elasticache",
      "each": "list",
      "provider": "provider.aws",
      "instances": []
    },
    {
      "module": "module.vpc",
      "mode": "managed",
      "type": "aws_route_table",
      "name": "intra",
      "each": "list",
      "provider": "provider.aws",
      "instances": []
    },
    {
      "module": "module.vpc",
      "mode": "managed",
      "type": "aws_route_table",
      "name": "private",
      "each": "list",
      "provider": "provider.aws",
      "instances": [
        {
          "index_key": 0,
          "schema_version": 0,
          "attributes": {
            "id": "rtb-0002a5db762850f47",
            "owner_id": "787171992146",
            "propagating_vgws": [],
            "route": [
              {
                "cidr_block": "0.0.0.0/0",
                "egress_only_gateway_id": "",
                "gateway_id": "",
                "instance_id": "",
                "ipv6_cidr_block": "",
                "nat_gateway_id": "nat-0964110d03b4d1ce9",
                "network_interface_id": "",
                "transit_gateway_id": "",
                "vpc_peering_connection_id": ""
              }
            ],
            "tags": {
              "Environment": "dev",
              "Name": "my-vpc-private",
              "Terraform": "true"
            },
            "vpc_id": "vpc-0d75779cc64e0d17e"
          },
          "private": "bnVsbA==",
          "dependencies": [
            "module.vpc.aws_vpc.this",
            "module.vpc.aws_vpc_ipv4_cidr_block_association.this"
          ]
        }
      ]
    },
    {
      "module": "module.vpc",
      "mode": "managed",
      "type": "aws_route_table",
      "name": "public",
      "each": "list",
      "provider": "provider.aws",
      "instances": [
        {
          "index_key": 0,
          "schema_version": 0,
          "attributes": {
            "id": "rtb-0a2bd52c23e5788f5",
            "owner_id": "787171992146",
            "propagating_vgws": [],
            "route": [
              {
                "cidr_block": "0.0.0.0/0",
                "egress_only_gateway_id": "",
                "gateway_id": "igw-080fe260c8502f1c3",
                "instance_id": "",
                "ipv6_cidr_block": "",
                "nat_gateway_id": "",
                "network_interface_id": "",
                "transit_gateway_id": "",
                "vpc_peering_connection_id": ""
              }
            ],
            "tags": {
              "Environment": "dev",
              "Name": "my-vpc-public",
              "Terraform": "true"
            },
            "vpc_id": "vpc-0d75779cc64e0d17e"
          },
          "private": "bnVsbA==",
          "dependencies": [
            "module.vpc.aws_vpc.this",
            "module.vpc.aws_vpc_ipv4_cidr_block_association.this"
          ]
        }
      ]
    },
    {
      "module": "module.vpc",
      "mode": "managed",
      "type": "aws_route_table",
      "name": "redshift",
      "each": "list",
      "provider": "provider.aws",
      "instances": []
    },
    {
      "module": "module.vpc",
      "mode": "managed",
      "type": "aws_route_table_association",
      "name": "database",
      "each": "list",
      "provider": "provider.aws",
      "instances": []
    },
    {
      "module": "module.vpc",
      "mode": "managed",
      "type": "aws_route_table_association",
      "name": "elasticache",
      "each": "list",
      "provider": "provider.aws",
      "instances": []
    },
    {
      "module": "module.vpc",
      "mode": "managed",
      "type": "aws_route_table_association",
      "name": "intra",
      "each": "list",
      "provider": "provider.aws",
      "instances": []
    },
    {
      "module": "module.vpc",
      "mode": "managed",
      "type": "aws_route_table_association",
      "name": "private",
      "each": "list",
      "provider": "provider.aws",
      "instances": [
        {
          "index_key": 0,
          "schema_version": 0,
          "attributes": {
            "id": "rtbassoc-094bb17f57868c1ce",
            "route_table_id": "rtb-0002a5db762850f47",
            "subnet_id": "subnet-03ec090090fb4472d"
          },
          "private": "bnVsbA==",
          "dependencies": [
            "module.vpc.aws_route_table.private",
            "module.vpc.aws_subnet.private",
            "module.vpc.aws_vpc.this",
            "module.vpc.aws_vpc_ipv4_cidr_block_association.this"
          ]
        },
        {
          "index_key": 1,
          "schema_version": 0,
          "attributes": {
            "id": "rtbassoc-009b480dfab373c4d",
            "route_table_id": "rtb-0002a5db762850f47",
            "subnet_id": "subnet-09ab75e21f50c4856"
          },
          "private": "bnVsbA==",
          "dependencies": [
            "module.vpc.aws_route_table.private",
            "module.vpc.aws_subnet.private",
            "module.vpc.aws_vpc.this",
            "module.vpc.aws_vpc_ipv4_cidr_block_association.this"
          ]
        }
      ]
    },
    {
      "module": "module.vpc",
      "mode": "managed",
      "type": "aws_route_table_association",
      "name": "public",
      "each": "list",
      "provider": "provider.aws",
      "instances": [
        {
          "index_key": 0,
          "schema_version": 0,
          "attributes": {
            "id": "rtbassoc-0a58fdfab4fd9f202",
            "route_table_id": "rtb-0a2bd52c23e5788f5",
            "subnet_id": "subnet-0a92b811377c2f62b"
          },
          "private": "bnVsbA==",
          "dependencies": [
            "module.vpc.aws_route_table.public",
            "module.vpc.aws_subnet.public",
            "module.vpc.aws_vpc.this",
            "module.vpc.aws_vpc_ipv4_cidr_block_association.this"
          ]
        },
        {
          "index_key": 1,
          "schema_version": 0,
          "attributes": {
            "id": "rtbassoc-0dbad1ccdf5a5bfd9",
            "route_table_id": "rtb-0a2bd52c23e5788f5",
            "subnet_id": "subnet-037b1cd2b3667a9a3"
          },
          "private": "bnVsbA==",
          "dependencies": [
            "module.vpc.aws_route_table.public",
            "module.vpc.aws_subnet.public",
            "module.vpc.aws_vpc.this",
            "module.vpc.aws_vpc_ipv4_cidr_block_association.this"
          ]
        }
      ]
    },
    {
      "module": "module.vpc",
      "mode": "managed",
      "type": "aws_route_table_association",
      "name": "redshift",
      "each": "list",
      "provider": "provider.aws",
      "instances": []
    },
    {
      "module": "module.vpc",
      "mode": "managed",
      "type": "aws_route_table_association",
      "name": "redshift_public",
      "each": "list",
      "provider": "provider.aws",
      "instances": []
    },
    {
      "module": "module.eks-cluster",
      "mode": "managed",
      "type": "aws_security_group",
      "name": "cluster",
      "each": "list",
      "provider": "provider.aws",
      "instances": [
        {
          "index_key": 0,
          "schema_version": 1,
          "attributes": {
            "arn": "arn:aws:ec2:eu-west-1:787171992146:security-group/sg-0cf434ff653a95307",
            "description": "EKS cluster security group.",
            "egress": [
              {
                "cidr_blocks": [
                  "0.0.0.0/0"
                ],
                "description": "Allow cluster egress access to the Internet.",
                "from_port": 0,
                "ipv6_cidr_blocks": [],
                "prefix_list_ids": [],
                "protocol": "-1",
                "security_groups": [],
                "self": false,
                "to_port": 0
              }
            ],
            "id": "sg-0cf434ff653a95307",
            "ingress": [
              {
                "cidr_blocks": [],
                "description": "Allow pods to communicate with the EKS cluster API.",
                "from_port": 443,
                "ipv6_cidr_blocks": [],
                "prefix_list_ids": [],
                "protocol": "tcp",
                "security_groups": [
                  "sg-0fa9898201ba36ea3"
                ],
                "self": false,
                "to_port": 443
              }
            ],
            "name": "mytests20191206143508625800000004",
            "name_prefix": "mytests",
            "owner_id": "787171992146",
            "revoke_rules_on_delete": false,
            "tags": {
              "Name": "mytests-eks_cluster_sg",
              "environment": "test"
            },
            "timeouts": null,
            "vpc_id": "vpc-0d75779cc64e0d17e"
          },
          "private": "eyJlMmJmYjczMC1lY2FhLTExZTYtOGY4OC0zNDM2M2JjN2M0YzAiOnsiY3JlYXRlIjo2MDAwMDAwMDAwMDAsImRlbGV0ZSI6NjAwMDAwMDAwMDAwfSwic2NoZW1hX3ZlcnNpb24iOiIxIn0=",
          "dependencies": [
            "module.vpc.aws_vpc.this"
          ]
        }
      ]
    },
    {
      "module": "module.eks-cluster",
      "mode": "managed",
      "type": "aws_security_group",
      "name": "workers",
      "each": "list",
      "provider": "provider.aws",
      "instances": [
        {
          "index_key": 0,
          "schema_version": 1,
          "attributes": {
            "arn": "arn:aws:ec2:eu-west-1:787171992146:security-group/sg-0fa9898201ba36ea3",
            "description": "Security group for all nodes in the cluster.",
            "egress": [
              {
                "cidr_blocks": [
                  "0.0.0.0/0"
                ],
                "description": "Allow nodes all egress to the Internet.",
                "from_port": 0,
                "ipv6_cidr_blocks": [],
                "prefix_list_ids": [],
                "protocol": "-1",
                "security_groups": [],
                "self": false,
                "to_port": 0
              }
            ],
            "id": "sg-0fa9898201ba36ea3",
            "ingress": [
              {
                "cidr_blocks": [],
                "description": "Allow node to communicate with each other.",
                "from_port": 0,
                "ipv6_cidr_blocks": [],
                "prefix_list_ids": [],
                "protocol": "-1",
                "security_groups": [],
                "self": true,
                "to_port": 0
              },
              {
                "cidr_blocks": [],
                "description": "Allow pods running extension API servers on port 443 to receive communication from cluster control plane.",
                "from_port": 443,
                "ipv6_cidr_blocks": [],
                "prefix_list_ids": [],
                "protocol": "tcp",
                "security_groups": [
                  "sg-0cf434ff653a95307"
                ],
                "self": false,
                "to_port": 443
              },
              {
                "cidr_blocks": [],
                "description": "Allow workers pods to receive communication from the cluster control plane.",
                "from_port": 1025,
                "ipv6_cidr_blocks": [],
                "prefix_list_ids": [],
                "protocol": "tcp",
                "security_groups": [
                  "sg-0cf434ff653a95307"
                ],
                "self": false,
                "to_port": 65535
              }
            ],
            "name": "mytests20191206144716549100000006",
            "name_prefix": "mytests",
            "owner_id": "787171992146",
            "revoke_rules_on_delete": false,
            "tags": {
              "Name": "mytests-eks_worker_sg",
              "environment": "test",
              "kubernetes.io/cluster/mytests": "owned"
            },
            "timeouts": null,
            "vpc_id": "vpc-0d75779cc64e0d17e"
          },
          "private": "eyJlMmJmYjczMC1lY2FhLTExZTYtOGY4OC0zNDM2M2JjN2M0YzAiOnsiY3JlYXRlIjo2MDAwMDAwMDAwMDAsImRlbGV0ZSI6NjAwMDAwMDAwMDAwfSwic2NoZW1hX3ZlcnNpb24iOiIxIn0=",
          "dependencies": [
            "module.eks-cluster.aws_cloudwatch_log_group.this",
            "module.eks-cluster.aws_eks_cluster.this",
            "module.eks-cluster.aws_iam_role.cluster",
            "module.eks-cluster.aws_iam_role_policy_attachment.cluster_AmazonEKSClusterPolicy",
            "module.eks-cluster.aws_iam_role_policy_attachment.cluster_AmazonEKSServicePolicy",
            "module.eks-cluster.aws_security_group.cluster",
            "module.vpc.aws_subnet.private",
            "module.vpc.aws_vpc.this",
            "module.vpc.aws_vpc_ipv4_cidr_block_association.this"
          ]
        }
      ]
    },
    {
      "module": "module.eks-cluster",
      "mode": "managed",
      "type": "aws_security_group_rule",
      "name": "cluster_egress_internet",
      "each": "list",
      "provider": "provider.aws",
      "instances": [
        {
          "index_key": 0,
          "schema_version": 2,
          "attributes": {
            "cidr_blocks": [
              "0.0.0.0/0"
            ],
            "description": "Allow cluster egress access to the Internet.",
            "from_port": 0,
            "id": "sgrule-955538971",
            "ipv6_cidr_blocks": [],
            "prefix_list_ids": [],
            "protocol": "-1",
            "security_group_id": "sg-0cf434ff653a95307",
            "self": false,
            "source_security_group_id": null,
            "to_port": 0,
            "type": "egress"
          },
          "private": "eyJzY2hlbWFfdmVyc2lvbiI6IjIifQ==",
          "dependencies": [
            "module.eks-cluster.aws_security_group.cluster",
            "module.vpc.aws_vpc.this"
          ]
        }
      ]
    },
    {
      "module": "module.eks-cluster",
      "mode": "managed",
      "type": "aws_security_group_rule",
      "name": "cluster_https_worker_ingress",
      "each": "list",
      "provider": "provider.aws",
      "instances": [
        {
          "index_key": 0,
          "schema_version": 2,
          "attributes": {
            "cidr_blocks": [],
            "description": "Allow pods to communicate with the EKS cluster API.",
            "from_port": 443,
            "id": "sgrule-3836776667",
            "ipv6_cidr_blocks": [],
            "prefix_list_ids": [],
            "protocol": "tcp",
            "security_group_id": "sg-0cf434ff653a95307",
            "self": false,
            "source_security_group_id": "sg-0fa9898201ba36ea3",
            "to_port": 443,
            "type": "ingress"
          },
          "private": "eyJzY2hlbWFfdmVyc2lvbiI6IjIifQ==",
          "dependencies": [
            "module.eks-cluster.aws_cloudwatch_log_group.this",
            "module.eks-cluster.aws_eks_cluster.this",
            "module.eks-cluster.aws_iam_role.cluster",
            "module.eks-cluster.aws_iam_role_policy_attachment.cluster_AmazonEKSClusterPolicy",
            "module.eks-cluster.aws_iam_role_policy_attachment.cluster_AmazonEKSServicePolicy",
            "module.eks-cluster.aws_security_group.cluster",
            "module.eks-cluster.aws_security_group.workers",
            "module.vpc.aws_subnet.private",
            "module.vpc.aws_vpc.this",
            "module.vpc.aws_vpc_ipv4_cidr_block_association.this"
          ]
        }
      ]
    },
    {
      "module": "module.eks-cluster",
      "mode": "managed",
      "type": "aws_security_group_rule",
      "name": "workers_egress_internet",
      "each": "list",
      "provider": "provider.aws",
      "instances": [
        {
          "index_key": 0,
          "schema_version": 2,
          "attributes": {
            "cidr_blocks": [
              "0.0.0.0/0"
            ],
            "description": "Allow nodes all egress to the Internet.",
            "from_port": 0,
            "id": "sgrule-4208440796",
            "ipv6_cidr_blocks": [],
            "prefix_list_ids": [],
            "protocol": "-1",
            "security_group_id": "sg-0fa9898201ba36ea3",
            "self": false,
            "source_security_group_id": null,
            "to_port": 0,
            "type": "egress"
          },
          "private": "eyJzY2hlbWFfdmVyc2lvbiI6IjIifQ==",
          "dependencies": [
            "module.eks-cluster.aws_cloudwatch_log_group.this",
            "module.eks-cluster.aws_eks_cluster.this",
            "module.eks-cluster.aws_iam_role.cluster",
            "module.eks-cluster.aws_iam_role_policy_attachment.cluster_AmazonEKSClusterPolicy",
            "module.eks-cluster.aws_iam_role_policy_attachment.cluster_AmazonEKSServicePolicy",
            "module.eks-cluster.aws_security_group.cluster",
            "module.eks-cluster.aws_security_group.workers",
            "module.vpc.aws_subnet.private",
            "module.vpc.aws_vpc.this",
            "module.vpc.aws_vpc_ipv4_cidr_block_association.this"
          ]
        }
      ]
    },
    {
      "module": "module.eks-cluster",
      "mode": "managed",
      "type": "aws_security_group_rule",
      "name": "workers_ingress_cluster",
      "each": "list",
      "provider": "provider.aws",
      "instances": [
        {
          "index_key": 0,
          "schema_version": 2,
          "attributes": {
            "cidr_blocks": [],
            "description": "Allow workers pods to receive communication from the cluster control plane.",
            "from_port": 1025,
            "id": "sgrule-3007311815",
            "ipv6_cidr_blocks": [],
            "prefix_list_ids": [],
            "protocol": "tcp",
            "security_group_id": "sg-0fa9898201ba36ea3",
            "self": false,
            "source_security_group_id": "sg-0cf434ff653a95307",
            "to_port": 65535,
            "type": "ingress"
          },
          "private": "eyJzY2hlbWFfdmVyc2lvbiI6IjIifQ==",
          "dependencies": [
            "module.eks-cluster.aws_cloudwatch_log_group.this",
            "module.eks-cluster.aws_eks_cluster.this",
            "module.eks-cluster.aws_iam_role.cluster",
            "module.eks-cluster.aws_iam_role_policy_attachment.cluster_AmazonEKSClusterPolicy",
            "module.eks-cluster.aws_iam_role_policy_attachment.cluster_AmazonEKSServicePolicy",
            "module.eks-cluster.aws_security_group.cluster",
            "module.eks-cluster.aws_security_group.workers",
            "module.vpc.aws_subnet.private",
            "module.vpc.aws_vpc.this",
            "module.vpc.aws_vpc_ipv4_cidr_block_association.this"
          ]
        }
      ]
    },
    {
      "module": "module.eks-cluster",
      "mode": "managed",
      "type": "aws_security_group_rule",
      "name": "workers_ingress_cluster_https",
      "each": "list",
      "provider": "provider.aws",
      "instances": [
        {
          "index_key": 0,
          "schema_version": 2,
          "attributes": {
            "cidr_blocks": [],
            "description": "Allow pods running extension API servers on port 443 to receive communication from cluster control plane.",
            "from_port": 443,
            "id": "sgrule-268543674",
            "ipv6_cidr_blocks": [],
            "prefix_list_ids": [],
            "protocol": "tcp",
            "security_group_id": "sg-0fa9898201ba36ea3",
            "self": false,
            "source_security_group_id": "sg-0cf434ff653a95307",
            "to_port": 443,
            "type": "ingress"
          },
          "private": "eyJzY2hlbWFfdmVyc2lvbiI6IjIifQ==",
          "dependencies": [
            "module.eks-cluster.aws_cloudwatch_log_group.this",
            "module.eks-cluster.aws_eks_cluster.this",
            "module.eks-cluster.aws_iam_role.cluster",
            "module.eks-cluster.aws_iam_role_policy_attachment.cluster_AmazonEKSClusterPolicy",
            "module.eks-cluster.aws_iam_role_policy_attachment.cluster_AmazonEKSServicePolicy",
            "module.eks-cluster.aws_security_group.cluster",
            "module.eks-cluster.aws_security_group.workers",
            "module.vpc.aws_subnet.private",
            "module.vpc.aws_vpc.this",
            "module.vpc.aws_vpc_ipv4_cidr_block_association.this"
          ]
        }
      ]
    },
    {
      "module": "module.eks-cluster",
      "mode": "managed",
      "type": "aws_security_group_rule",
      "name": "workers_ingress_cluster_kubelet",
      "each": "list",
      "provider": "provider.aws",
      "instances": []
    },
    {
      "module": "module.eks-cluster",
      "mode": "managed",
      "type": "aws_security_group_rule",
      "name": "workers_ingress_self",
      "each": "list",
      "provider": "provider.aws",
      "instances": [
        {
          "index_key": 0,
          "schema_version": 2,
          "attributes": {
            "cidr_blocks": [],
            "description": "Allow node to communicate with each other.",
            "from_port": 0,
            "id": "sgrule-1654637722",
            "ipv6_cidr_blocks": [],
            "prefix_list_ids": [],
            "protocol": "-1",
            "security_group_id": "sg-0fa9898201ba36ea3",
            "self": false,
            "source_security_group_id": "sg-0fa9898201ba36ea3",
            "to_port": 0,
            "type": "ingress"
          },
          "private": "eyJzY2hlbWFfdmVyc2lvbiI6IjIifQ==",
          "dependencies": [
            "module.eks-cluster.aws_cloudwatch_log_group.this",
            "module.eks-cluster.aws_eks_cluster.this",
            "module.eks-cluster.aws_iam_role.cluster",
            "module.eks-cluster.aws_iam_role_policy_attachment.cluster_AmazonEKSClusterPolicy",
            "module.eks-cluster.aws_iam_role_policy_attachment.cluster_AmazonEKSServicePolicy",
            "module.eks-cluster.aws_security_group.cluster",
            "module.eks-cluster.aws_security_group.workers",
            "module.vpc.aws_subnet.private",
            "module.vpc.aws_vpc.this",
            "module.vpc.aws_vpc_ipv4_cidr_block_association.this"
          ]
        }
      ]
    },
    {
      "module": "module.vpc",
      "mode": "managed",
      "type": "aws_subnet",
      "name": "database",
      "each": "list",
      "provider": "provider.aws",
      "instances": []
    },
    {
      "module": "module.vpc",
      "mode": "managed",
      "type": "aws_subnet",
      "name": "elasticache",
      "each": "list",
      "provider": "provider.aws",
      "instances": []
    },
    {
      "module": "module.vpc",
      "mode": "managed",
      "type": "aws_subnet",
      "name": "intra",
      "each": "list",
      "provider": "provider.aws",
      "instances": []
    },
    {
      "module": "module.vpc",
      "mode": "managed",
      "type": "aws_subnet",
      "name": "private",
      "each": "list",
      "provider": "provider.aws",
      "instances": [
        {
          "index_key": 0,
          "schema_version": 1,
          "attributes": {
            "arn": "arn:aws:ec2:eu-west-1:787171992146:subnet/subnet-03ec090090fb4472d",
            "assign_ipv6_address_on_creation": false,
            "availability_zone": "eu-west-1a",
            "availability_zone_id": "euw1-az1",
            "cidr_block": "10.10.10.0/25",
            "id": "subnet-03ec090090fb4472d",
            "ipv6_cidr_block": "",
            "ipv6_cidr_block_association_id": "",
            "map_public_ip_on_launch": false,
            "owner_id": "787171992146",
            "tags": {
              "Environment": "dev",
              "Name": "my-vpc-private-eu-west-1a",
              "Terraform": "true"
            },
            "timeouts": null,
            "vpc_id": "vpc-0d75779cc64e0d17e"
          },
          "private": "eyJlMmJmYjczMC1lY2FhLTExZTYtOGY4OC0zNDM2M2JjN2M0YzAiOnsiY3JlYXRlIjo2MDAwMDAwMDAwMDAsImRlbGV0ZSI6MTIwMDAwMDAwMDAwMH0sInNjaGVtYV92ZXJzaW9uIjoiMSJ9",
          "dependencies": [
            "module.vpc.aws_vpc.this",
            "module.vpc.aws_vpc_ipv4_cidr_block_association.this"
          ]
        },
        {
          "index_key": 1,
          "schema_version": 1,
          "attributes": {
            "arn": "arn:aws:ec2:eu-west-1:787171992146:subnet/subnet-09ab75e21f50c4856",
            "assign_ipv6_address_on_creation": false,
            "availability_zone": "eu-west-1b",
            "availability_zone_id": "euw1-az2",
            "cidr_block": "10.10.10.128/25",
            "id": "subnet-09ab75e21f50c4856",
            "ipv6_cidr_block": "",
            "ipv6_cidr_block_association_id": "",
            "map_public_ip_on_launch": false,
            "owner_id": "787171992146",
            "tags": {
              "Environment": "dev",
              "Name": "my-vpc-private-eu-west-1b",
              "Terraform": "true"
            },
            "timeouts": null,
            "vpc_id": "vpc-0d75779cc64e0d17e"
          },
          "private": "eyJlMmJmYjczMC1lY2FhLTExZTYtOGY4OC0zNDM2M2JjN2M0YzAiOnsiY3JlYXRlIjo2MDAwMDAwMDAwMDAsImRlbGV0ZSI6MTIwMDAwMDAwMDAwMH0sInNjaGVtYV92ZXJzaW9uIjoiMSJ9",
          "dependencies": [
            "module.vpc.aws_vpc.this",
            "module.vpc.aws_vpc_ipv4_cidr_block_association.this"
          ]
        }
      ]
    },
    {
      "module": "module.vpc",
      "mode": "managed",
      "type": "aws_subnet",
      "name": "public",
      "each": "list",
      "provider": "provider.aws",
      "instances": [
        {
          "index_key": 0,
          "schema_version": 1,
          "attributes": {
            "arn": "arn:aws:ec2:eu-west-1:787171992146:subnet/subnet-0a92b811377c2f62b",
            "assign_ipv6_address_on_creation": false,
            "availability_zone": "eu-west-1a",
            "availability_zone_id": "euw1-az1",
            "cidr_block": "10.10.11.0/25",
            "id": "subnet-0a92b811377c2f62b",
            "ipv6_cidr_block": "",
            "ipv6_cidr_block_association_id": "",
            "map_public_ip_on_launch": true,
            "owner_id": "787171992146",
            "tags": {
              "Environment": "dev",
              "Name": "my-vpc-public-eu-west-1a",
              "Terraform": "true"
            },
            "timeouts": null,
            "vpc_id": "vpc-0d75779cc64e0d17e"
          },
          "private": "eyJlMmJmYjczMC1lY2FhLTExZTYtOGY4OC0zNDM2M2JjN2M0YzAiOnsiY3JlYXRlIjo2MDAwMDAwMDAwMDAsImRlbGV0ZSI6MTIwMDAwMDAwMDAwMH0sInNjaGVtYV92ZXJzaW9uIjoiMSJ9",
          "dependencies": [
            "module.vpc.aws_vpc.this",
            "module.vpc.aws_vpc_ipv4_cidr_block_association.this"
          ]
        },
        {
          "index_key": 1,
          "schema_version": 1,
          "attributes": {
            "arn": "arn:aws:ec2:eu-west-1:787171992146:subnet/subnet-037b1cd2b3667a9a3",
            "assign_ipv6_address_on_creation": false,
            "availability_zone": "eu-west-1b",
            "availability_zone_id": "euw1-az2",
            "cidr_block": "10.10.11.128/25",
            "id": "subnet-037b1cd2b3667a9a3",
            "ipv6_cidr_block": "",
            "ipv6_cidr_block_association_id": "",
            "map_public_ip_on_launch": true,
            "owner_id": "787171992146",
            "tags": {
              "Environment": "dev",
              "Name": "my-vpc-public-eu-west-1b",
              "Terraform": "true"
            },
            "timeouts": null,
            "vpc_id": "vpc-0d75779cc64e0d17e"
          },
          "private": "eyJlMmJmYjczMC1lY2FhLTExZTYtOGY4OC0zNDM2M2JjN2M0YzAiOnsiY3JlYXRlIjo2MDAwMDAwMDAwMDAsImRlbGV0ZSI6MTIwMDAwMDAwMDAwMH0sInNjaGVtYV92ZXJzaW9uIjoiMSJ9",
          "dependencies": [
            "module.vpc.aws_vpc.this",
            "module.vpc.aws_vpc_ipv4_cidr_block_association.this"
          ]
        }
      ]
    },
    {
      "module": "module.vpc",
      "mode": "managed",
      "type": "aws_subnet",
      "name": "redshift",
      "each": "list",
      "provider": "provider.aws",
      "instances": []
    },
    {
      "module": "module.vpc",
      "mode": "managed",
      "type": "aws_vpc",
      "name": "this",
      "each": "list",
      "provider": "provider.aws",
      "instances": [
        {
          "index_key": 0,
          "schema_version": 1,
          "attributes": {
            "arn": "arn:aws:ec2:eu-west-1:787171992146:vpc/vpc-0d75779cc64e0d17e",
            "assign_generated_ipv6_cidr_block": false,
            "cidr_block": "10.10.10.0/23",
            "default_network_acl_id": "acl-0f2d380a17ef4ea4a",
            "default_route_table_id": "rtb-0d255841d25c4ab80",
            "default_security_group_id": "sg-0eb9bbcb621740bf4",
            "dhcp_options_id": "dopt-0a338bdf5727ed561",
            "enable_classiclink": false,
            "enable_classiclink_dns_support": false,
            "enable_dns_hostnames": false,
            "enable_dns_support": true,
            "id": "vpc-0d75779cc64e0d17e",
            "instance_tenancy": "default",
            "ipv6_association_id": "",
            "ipv6_cidr_block": "",
            "main_route_table_id": "rtb-0d255841d25c4ab80",
            "owner_id": "787171992146",
            "tags": {
              "Environment": "dev",
              "Name": "my-vpc",
              "Terraform": "true"
            }
          },
          "private": "eyJzY2hlbWFfdmVyc2lvbiI6IjEifQ=="
        }
      ]
    },
    {
      "module": "module.vpc",
      "mode": "managed",
      "type": "aws_vpc_dhcp_options",
      "name": "this",
      "each": "list",
      "provider": "provider.aws",
      "instances": []
    },
    {
      "module": "module.vpc",
      "mode": "managed",
      "type": "aws_vpc_dhcp_options_association",
      "name": "this",
      "each": "list",
      "provider": "provider.aws",
      "instances": []
    },
    {
      "module": "module.vpc",
      "mode": "managed",
      "type": "aws_vpc_endpoint",
      "name": "apigw",
      "each": "list",
      "provider": "provider.aws",
      "instances": []
    },
    {
      "module": "module.vpc",
      "mode": "managed",
      "type": "aws_vpc_endpoint",
      "name": "appmesh_envoy_management",
      "each": "list",
      "provider": "provider.aws",
      "instances": []
    },
    {
      "module": "module.vpc",
      "mode": "managed",
      "type": "aws_vpc_endpoint",
      "name": "appstream",
      "each": "list",
      "provider": "provider.aws",
      "instances": []
    },
    {
      "module": "module.vpc",
      "mode": "managed",
      "type": "aws_vpc_endpoint",
      "name": "athena",
      "each": "list",
      "provider": "provider.aws",
      "instances": []
    },
    {
      "module": "module.vpc",
      "mode": "managed",
      "type": "aws_vpc_endpoint",
      "name": "cloudformation",
      "each": "list",
      "provider": "provider.aws",
      "instances": []
    },
    {
      "module": "module.vpc",
      "mode": "managed",
      "type": "aws_vpc_endpoint",
      "name": "cloudtrail",
      "each": "list",
      "provider": "provider.aws",
      "instances": []
    },
    {
      "module": "module.vpc",
      "mode": "managed",
      "type": "aws_vpc_endpoint",
      "name": "codebuild",
      "each": "list",
      "provider": "provider.aws",
      "instances": []
    },
    {
      "module": "module.vpc",
      "mode": "managed",
      "type": "aws_vpc_endpoint",
      "name": "codecommit",
      "each": "list",
      "provider": "provider.aws",
      "instances": []
    },
    {
      "module": "module.vpc",
      "mode": "managed",
      "type": "aws_vpc_endpoint",
      "name": "codepipeline",
      "each": "list",
      "provider": "provider.aws",
      "instances": []
    },
    {
      "module": "module.vpc",
      "mode": "managed",
      "type": "aws_vpc_endpoint",
      "name": "config",
      "each": "list",
      "provider": "provider.aws",
      "instances": []
    },
    {
      "module": "module.vpc",
      "mode": "managed",
      "type": "aws_vpc_endpoint",
      "name": "dynamodb",
      "each": "list",
      "provider": "provider.aws",
      "instances": []
    },
    {
      "module": "module.vpc",
      "mode": "managed",
      "type": "aws_vpc_endpoint",
      "name": "ec2",
      "each": "list",
      "provider": "provider.aws",
      "instances": []
    },
    {
      "module": "module.vpc",
      "mode": "managed",
      "type": "aws_vpc_endpoint",
      "name": "ec2messages",
      "each": "list",
      "provider": "provider.aws",
      "instances": []
    },
    {
      "module": "module.vpc",
      "mode": "managed",
      "type": "aws_vpc_endpoint",
      "name": "ecr_api",
      "each": "list",
      "provider": "provider.aws",
      "instances": []
    },
    {
      "module": "module.vpc",
      "mode": "managed",
      "type": "aws_vpc_endpoint",
      "name": "ecr_dkr",
      "each": "list",
      "provider": "provider.aws",
      "instances": []
    },
    {
      "module": "module.vpc",
      "mode": "managed",
      "type": "aws_vpc_endpoint",
      "name": "ecs",
      "each": "list",
      "provider": "provider.aws",
      "instances": []
    },
    {
      "module": "module.vpc",
      "mode": "managed",
      "type": "aws_vpc_endpoint",
      "name": "ecs_agent",
      "each": "list",
      "provider": "provider.aws",
      "instances": []
    },
    {
      "module": "module.vpc",
      "mode": "managed",
      "type": "aws_vpc_endpoint",
      "name": "ecs_telemetry",
      "each": "list",
      "provider": "provider.aws",
      "instances": []
    },
    {
      "module": "module.vpc",
      "mode": "managed",
      "type": "aws_vpc_endpoint",
      "name": "elasticloadbalancing",
      "each": "list",
      "provider": "provider.aws",
      "instances": []
    },
    {
      "module": "module.vpc",
      "mode": "managed",
      "type": "aws_vpc_endpoint",
      "name": "events",
      "each": "list",
      "provider": "provider.aws",
      "instances": []
    },
    {
      "module": "module.vpc",
      "mode": "managed",
      "type": "aws_vpc_endpoint",
      "name": "git_codecommit",
      "each": "list",
      "provider": "provider.aws",
      "instances": []
    },
    {
      "module": "module.vpc",
      "mode": "managed",
      "type": "aws_vpc_endpoint",
      "name": "glue",
      "each": "list",
      "provider": "provider.aws",
      "instances": []
    },
    {
      "module": "module.vpc",
      "mode": "managed",
      "type": "aws_vpc_endpoint",
      "name": "kinesis_firehose",
      "each": "list",
      "provider": "provider.aws",
      "instances": []
    },
    {
      "module": "module.vpc",
      "mode": "managed",
      "type": "aws_vpc_endpoint",
      "name": "kinesis_streams",
      "each": "list",
      "provider": "provider.aws",
      "instances": []
    },
    {
      "module": "module.vpc",
      "mode": "managed",
      "type": "aws_vpc_endpoint",
      "name": "kms",
      "each": "list",
      "provider": "provider.aws",
      "instances": []
    },
    {
      "module": "module.vpc",
      "mode": "managed",
      "type": "aws_vpc_endpoint",
      "name": "logs",
      "each": "list",
      "provider": "provider.aws",
      "instances": []
    },
    {
      "module": "module.vpc",
      "mode": "managed",
      "type": "aws_vpc_endpoint",
      "name": "monitoring",
      "each": "list",
      "provider": "provider.aws",
      "instances": []
    },
    {
      "module": "module.vpc",
      "mode": "managed",
      "type": "aws_vpc_endpoint",
      "name": "rekognition",
      "each": "list",
      "provider": "provider.aws",
      "instances": []
    },
    {
      "module": "module.vpc",
      "mode": "managed",
      "type": "aws_vpc_endpoint",
      "name": "s3",
      "each": "list",
      "provider": "provider.aws",
      "instances": []
    },
    {
      "module": "module.vpc",
      "mode": "managed",
      "type": "aws_vpc_endpoint",
      "name": "sagemaker_api",
      "each": "list",
      "provider": "provider.aws",
      "instances": []
    },
    {
      "module": "module.vpc",
      "mode": "managed",
      "type": "aws_vpc_endpoint",
      "name": "sagemaker_notebook",
      "each": "list",
      "provider": "provider.aws",
      "instances": []
    },
    {
      "module": "module.vpc",
      "mode": "managed",
      "type": "aws_vpc_endpoint",
      "name": "sagemaker_runtime",
      "each": "list",
      "provider": "provider.aws",
      "instances": []
    },
    {
      "module": "module.vpc",
      "mode": "managed",
      "type": "aws_vpc_endpoint",
      "name": "secretsmanager",
      "each": "list",
      "provider": "provider.aws",
      "instances": []
    },
    {
      "module": "module.vpc",
      "mode": "managed",
      "type": "aws_vpc_endpoint",
      "name": "servicecatalog",
      "each": "list",
      "provider": "provider.aws",
      "instances": []
    },
    {
      "module": "module.vpc",
      "mode": "managed",
      "type": "aws_vpc_endpoint",
      "name": "sns",
      "each": "list",
      "provider": "provider.aws",
      "instances": []
    },
    {
      "module": "module.vpc",
      "mode": "managed",
      "type": "aws_vpc_endpoint",
      "name": "sqs",
      "each": "list",
      "provider": "provider.aws",
      "instances": []
    },
    {
      "module": "module.vpc",
      "mode": "managed",
      "type": "aws_vpc_endpoint",
      "name": "ssm",
      "each": "list",
      "provider": "provider.aws",
      "instances": []
    },
    {
      "module": "module.vpc",
      "mode": "managed",
      "type": "aws_vpc_endpoint",
      "name": "ssmmessages",
      "each": "list",
      "provider": "provider.aws",
      "instances": []
    },
    {
      "module": "module.vpc",
      "mode": "managed",
      "type": "aws_vpc_endpoint",
      "name": "storagegateway",
      "each": "list",
      "provider": "provider.aws",
      "instances": []
    },
    {
      "module": "module.vpc",
      "mode": "managed",
      "type": "aws_vpc_endpoint",
      "name": "sts",
      "each": "list",
      "provider": "provider.aws",
      "instances": []
    },
    {
      "module": "module.vpc",
      "mode": "managed",
      "type": "aws_vpc_endpoint",
      "name": "transfer",
      "each": "list",
      "provider": "provider.aws",
      "instances": []
    },
    {
      "module": "module.vpc",
      "mode": "managed",
      "type": "aws_vpc_endpoint",
      "name": "transferserver",
      "each": "list",
      "provider": "provider.aws",
      "instances": []
    },
    {
      "module": "module.vpc",
      "mode": "managed",
      "type": "aws_vpc_endpoint_route_table_association",
      "name": "intra_dynamodb",
      "each": "list",
      "provider": "provider.aws",
      "instances": []
    },
    {
      "module": "module.vpc",
      "mode": "managed",
      "type": "aws_vpc_endpoint_route_table_association",
      "name": "intra_s3",
      "each": "list",
      "provider": "provider.aws",
      "instances": []
    },
    {
      "module": "module.vpc",
      "mode": "managed",
      "type": "aws_vpc_endpoint_route_table_association",
      "name": "private_dynamodb",
      "each": "list",
      "provider": "provider.aws",
      "instances": []
    },
    {
      "module": "module.vpc",
      "mode": "managed",
      "type": "aws_vpc_endpoint_route_table_association",
      "name": "private_s3",
      "each": "list",
      "provider": "provider.aws",
      "instances": []
    },
    {
      "module": "module.vpc",
      "mode": "managed",
      "type": "aws_vpc_endpoint_route_table_association",
      "name": "public_dynamodb",
      "each": "list",
      "provider": "provider.aws",
      "instances": []
    },
    {
      "module": "module.vpc",
      "mode": "managed",
      "type": "aws_vpc_endpoint_route_table_association",
      "name": "public_s3",
      "each": "list",
      "provider": "provider.aws",
      "instances": []
    },
    {
      "module": "module.vpc",
      "mode": "managed",
      "type": "aws_vpc_ipv4_cidr_block_association",
      "name": "this",
      "each": "list",
      "provider": "provider.aws",
      "instances": []
    },
    {
      "module": "module.vpc",
      "mode": "managed",
      "type": "aws_vpn_gateway",
      "name": "this",
      "each": "list",
      "provider": "provider.aws",
      "instances": [
        {
          "index_key": 0,
          "schema_version": 0,
          "attributes": {
            "amazon_side_asn": "64512",
            "availability_zone": null,
            "id": "vgw-039c657378e5cc1ac",
            "tags": {
              "Environment": "dev",
              "Name": "my-vpc",
              "Terraform": "true"
            },
            "vpc_id": "vpc-0d75779cc64e0d17e"
          },
          "private": "bnVsbA==",
          "dependencies": [
            "module.vpc.aws_vpc.this",
            "module.vpc.aws_vpc_ipv4_cidr_block_association.this"
          ]
        }
      ]
    },
    {
      "module": "module.vpc",
      "mode": "managed",
      "type": "aws_vpn_gateway_attachment",
      "name": "this",
      "each": "list",
      "provider": "provider.aws",
      "instances": []
    },
    {
      "module": "module.vpc",
      "mode": "managed",
      "type": "aws_vpn_gateway_route_propagation",
      "name": "private",
      "each": "list",
      "provider": "provider.aws",
      "instances": []
    },
    {
      "module": "module.vpc",
      "mode": "managed",
      "type": "aws_vpn_gateway_route_propagation",
      "name": "public",
      "each": "list",
      "provider": "provider.aws",
      "instances": []
    },
    {
      "module": "module.eks-cluster",
      "mode": "managed",
      "type": "local_file",
      "name": "config_map_aws_auth",
      "each": "list",
      "provider": "provider.local",
      "instances": [
        {
          "index_key": 0,
          "schema_version": 0,
          "attributes": {
            "content": "apiVersion: v1\nkind: ConfigMap\nmetadata:\n  name: aws-auth\n  namespace: kube-system\ndata:\n  mapRoles: |\n    - rolearn: arn:aws:iam::787171992146:role/mytests20191206144716500200000005\n      username: system:node:{{EC2PrivateDNSName}}\n      groups:\n        - system:bootstrappers\n        - system:nodes\n\n  \n  \n  \n",
            "content_base64": null,
            "directory_permission": "0777",
            "file_permission": "0777",
            "filename": "./config-map-aws-auth_mytests.yaml",
            "id": "b9329b498ca278ec27597ecdf4078d26040ce19c",
            "sensitive_content": null
          },
          "private": "bnVsbA==",
          "dependencies": [
            "module.eks-cluster.aws_cloudwatch_log_group.this",
            "module.eks-cluster.aws_eks_cluster.this",
            "module.eks-cluster.aws_iam_instance_profile.workers",
            "module.eks-cluster.aws_iam_role.cluster",
            "module.eks-cluster.aws_iam_role.workers",
            "module.eks-cluster.aws_iam_role_policy_attachment.cluster_AmazonEKSClusterPolicy",
            "module.eks-cluster.aws_iam_role_policy_attachment.cluster_AmazonEKSServicePolicy",
            "module.eks-cluster.aws_security_group.cluster",
            "module.vpc.aws_subnet.private",
            "module.vpc.aws_vpc.this",
            "module.vpc.aws_vpc_ipv4_cidr_block_association.this"
          ]
        }
      ]
    },
    {
      "module": "module.eks-cluster",
      "mode": "managed",
      "type": "local_file",
      "name": "kubeconfig",
      "each": "list",
      "provider": "provider.local",
      "instances": [
        {
          "index_key": 0,
          "schema_version": 0,
          "attributes": {
            "content": "apiVersion: v1\npreferences: {}\nkind: Config\n\nclusters:\n- cluster:\n    server: https://F0206BCBDD30225752A43653FAE5C865.yl4.eu-west-1.eks.amazonaws.com\n    certificate-authority-data: LS0tLS1CRUdJTiBDRVJUSUZJQ0FURS0tLS0tCk1JSUN5RENDQWJDZ0F3SUJBZ0lCQURBTkJna3Foa2lHOXcwQkFRc0ZBREFWTVJNd0VRWURWUVFERXdwcmRXSmwKY201bGRHVnpNQjRYRFRFNU1USXdOakUwTkRReE1Wb1hEVEk1TVRJd016RTBORFF4TVZvd0ZURVRNQkVHQTFVRQpBeE1LYTNWaVpYSnVaWFJsY3pDQ0FTSXdEUVlKS29aSWh2Y05BUUVCQlFBRGdnRVBBRENDQVFvQ2dnRUJBTk5CCnVhZG9zdENXeHJCOTltR2owcGM5Wk1UNlYyNmVmWGt0ZWJ4bUI1VGJLWjYrNWozc3A0eVM4R0JpKys2bGptMEwKdnppSEhlTEs0THRqYkErR3B0dWlnUXJQWFAvUXM4NTNIUzdZL05GWFBnNXRYUWtnVHUzSlFvYUoxam9zVGE0Swo1eVN5NVo0ZnJuR0d0aDBWQmlOcGtJeFV5YU5MTGFXSEw0dSsvaGh3VDhIbzVZRERqTmU2UGRDRlVOSG9JZ3ZHClZEYkRvNTNaN2pWQkEwL3F1RWkrTEJ3RzRpeEJCWTJMdVJ1UmVESkUzWldFZEpWV0lOMm11M2F1ZW1MSnVlVU0KT2FBZU4vc0o5SmpodGtWV0c4Vmppc3hma0d3NjZIcmRMVjV0S1NocTFpTGQ5VEpxYWlEQ3BxMWt1ZlA3Qy96QgpUV0hLNWRxOWh5R2xrU1RPYzZVQ0F3RUFBYU1qTUNFd0RnWURWUjBQQVFIL0JBUURBZ0trTUE4R0ExVWRFd0VCCi93UUZNQU1CQWY4d0RRWUpLb1pJaHZjTkFRRUxCUUFEZ2dFQkFIczFsdWRVY3ZBSlQwRXdlQzRSZUVaT25tN1UKQldzSUdZWXN2YVU0YzA4NWxMRnd3L0FnMnlYSC9VamtNK25nTUdiR2xOZ3hERDJiUnhhdmdLOHpDbVZXZklLdwpqcDJkMzFXYmhGQnkxM1ZDTTFsdUJtVDdoUkVKWmcrZW9ubDJiTDhnbE9ISHdxbTIwa0RlUjgvZFJaMkJQU01vCkJsa1o4ekxpV2FqVUVoQ0xzWTlVOVozdGNWMW5hTkZkRHgrRWFCSUVNV3M1dC9WMDFJbUlhcHJueGkwVElxWFIKKzBjS2xBeUYxSk5TV3hzU0tacm11Z2lRTzV2MjNTZGtvekZvRTlPYU91WFd6MFRUeVZJcFUwSC84OURHbk1HcQpNb2htTERid2JrRzllYnVqeXJ5ZzU2ZmNvN1ZTVWFZWWl2cjNWdDNla1QyR3BuQ3JlOTFwTEYrY2gyOD0KLS0tLS1FTkQgQ0VSVElGSUNBVEUtLS0tLQo=\n  name: eks_mytests\n\ncontexts:\n- context:\n    cluster: eks_mytests\n    user: eks_mytests\n  name: eks_mytests\n\ncurrent-context: eks_mytests\n\nusers:\n- name: eks_mytests\n  user:\n    exec:\n      apiVersion: client.authentication.k8s.io/v1alpha1\n      command: aws-iam-authenticator\n      args:\n        - \"token\"\n        - \"-i\"\n        - \"mytests\"\n\n\n",
            "content_base64": null,
            "directory_permission": "0777",
            "file_permission": "0777",
            "filename": "./kubeconfig_mytests",
            "id": "272b40d8f1f977fb096d92f1f251fd5b8d30991f",
            "sensitive_content": null
          },
          "private": "bnVsbA==",
          "dependencies": [
            "module.eks-cluster.aws_cloudwatch_log_group.this",
            "module.eks-cluster.aws_eks_cluster.this",
            "module.eks-cluster.aws_iam_role.cluster",
            "module.eks-cluster.aws_iam_role_policy_attachment.cluster_AmazonEKSClusterPolicy",
            "module.eks-cluster.aws_iam_role_policy_attachment.cluster_AmazonEKSServicePolicy",
            "module.eks-cluster.aws_security_group.cluster",
            "module.vpc.aws_subnet.private",
            "module.vpc.aws_vpc.this",
            "module.vpc.aws_vpc_ipv4_cidr_block_association.this"
          ]
        }
      ]
    },
    {
      "module": "module.eks-cluster",
      "mode": "managed",
      "type": "null_resource",
      "name": "update_config_map_aws_auth",
      "each": "list",
      "provider": "provider.null",
      "instances": [
        {
          "index_key": 0,
          "schema_version": 0,
          "attributes": {
            "id": "8081468848086773951",
            "triggers": {
              "config_map_rendered": "apiVersion: v1\nkind: ConfigMap\nmetadata:\n  name: aws-auth\n  namespace: kube-system\ndata:\n  mapRoles: |\n    - rolearn: arn:aws:iam::787171992146:role/mytests20191206144716500200000005\n      username: system:node:{{EC2PrivateDNSName}}\n      groups:\n        - system:bootstrappers\n        - system:nodes\n\n  \n  \n  \n",
              "endpoint": "https://F0206BCBDD30225752A43653FAE5C865.yl4.eu-west-1.eks.amazonaws.com",
              "kube_config_map_rendered": "apiVersion: v1\npreferences: {}\nkind: Config\n\nclusters:\n- cluster:\n    server: https://F0206BCBDD30225752A43653FAE5C865.yl4.eu-west-1.eks.amazonaws.com\n    certificate-authority-data: LS0tLS1CRUdJTiBDRVJUSUZJQ0FURS0tLS0tCk1JSUN5RENDQWJDZ0F3SUJBZ0lCQURBTkJna3Foa2lHOXcwQkFRc0ZBREFWTVJNd0VRWURWUVFERXdwcmRXSmwKY201bGRHVnpNQjRYRFRFNU1USXdOakUwTkRReE1Wb1hEVEk1TVRJd016RTBORFF4TVZvd0ZURVRNQkVHQTFVRQpBeE1LYTNWaVpYSnVaWFJsY3pDQ0FTSXdEUVlKS29aSWh2Y05BUUVCQlFBRGdnRVBBRENDQVFvQ2dnRUJBTk5CCnVhZG9zdENXeHJCOTltR2owcGM5Wk1UNlYyNmVmWGt0ZWJ4bUI1VGJLWjYrNWozc3A0eVM4R0JpKys2bGptMEwKdnppSEhlTEs0THRqYkErR3B0dWlnUXJQWFAvUXM4NTNIUzdZL05GWFBnNXRYUWtnVHUzSlFvYUoxam9zVGE0Swo1eVN5NVo0ZnJuR0d0aDBWQmlOcGtJeFV5YU5MTGFXSEw0dSsvaGh3VDhIbzVZRERqTmU2UGRDRlVOSG9JZ3ZHClZEYkRvNTNaN2pWQkEwL3F1RWkrTEJ3RzRpeEJCWTJMdVJ1UmVESkUzWldFZEpWV0lOMm11M2F1ZW1MSnVlVU0KT2FBZU4vc0o5SmpodGtWV0c4Vmppc3hma0d3NjZIcmRMVjV0S1NocTFpTGQ5VEpxYWlEQ3BxMWt1ZlA3Qy96QgpUV0hLNWRxOWh5R2xrU1RPYzZVQ0F3RUFBYU1qTUNFd0RnWURWUjBQQVFIL0JBUURBZ0trTUE4R0ExVWRFd0VCCi93UUZNQU1CQWY4d0RRWUpLb1pJaHZjTkFRRUxCUUFEZ2dFQkFIczFsdWRVY3ZBSlQwRXdlQzRSZUVaT25tN1UKQldzSUdZWXN2YVU0YzA4NWxMRnd3L0FnMnlYSC9VamtNK25nTUdiR2xOZ3hERDJiUnhhdmdLOHpDbVZXZklLdwpqcDJkMzFXYmhGQnkxM1ZDTTFsdUJtVDdoUkVKWmcrZW9ubDJiTDhnbE9ISHdxbTIwa0RlUjgvZFJaMkJQU01vCkJsa1o4ekxpV2FqVUVoQ0xzWTlVOVozdGNWMW5hTkZkRHgrRWFCSUVNV3M1dC9WMDFJbUlhcHJueGkwVElxWFIKKzBjS2xBeUYxSk5TV3hzU0tacm11Z2lRTzV2MjNTZGtvekZvRTlPYU91WFd6MFRUeVZJcFUwSC84OURHbk1HcQpNb2htTERid2JrRzllYnVqeXJ5ZzU2ZmNvN1ZTVWFZWWl2cjNWdDNla1QyR3BuQ3JlOTFwTEYrY2gyOD0KLS0tLS1FTkQgQ0VSVElGSUNBVEUtLS0tLQo=\n  name: eks_mytests\n\ncontexts:\n- context:\n    cluster: eks_mytests\n    user: eks_mytests\n  name: eks_mytests\n\ncurrent-context: eks_mytests\n\nusers:\n- name: eks_mytests\n  user:\n    exec:\n      apiVersion: client.authentication.k8s.io/v1alpha1\n      command: aws-iam-authenticator\n      args:\n        - \"token\"\n        - \"-i\"\n        - \"mytests\"\n\n\n"
            }
          },
          "dependencies": [
            "module.eks-cluster.aws_cloudwatch_log_group.this",
            "module.eks-cluster.aws_eks_cluster.this",
            "module.eks-cluster.aws_iam_instance_profile.workers",
            "module.eks-cluster.aws_iam_role.cluster",
            "module.eks-cluster.aws_iam_role.workers",
            "module.eks-cluster.aws_iam_role_policy_attachment.cluster_AmazonEKSClusterPolicy",
            "module.eks-cluster.aws_iam_role_policy_attachment.cluster_AmazonEKSServicePolicy",
            "module.eks-cluster.aws_security_group.cluster",
            "module.vpc.aws_subnet.private",
            "module.vpc.aws_vpc.this",
            "module.vpc.aws_vpc_ipv4_cidr_block_association.this"
          ]
        }
      ]
    },
    {
      "module": "module.eks-cluster",
      "mode": "managed",
      "type": "random_pet",
      "name": "workers",
      "each": "list",
      "provider": "provider.random",
      "instances": [
        {
          "index_key": 0,
          "schema_version": 0,
          "attributes": {
            "id": "lenient-lacewing",
            "keepers": {
              "lc_name": "mytests-02019120614472021030000000d"
            },
            "length": 2,
            "prefix": null,
            "separator": "-"
          },
          "private": "bnVsbA==",
          "dependencies": [
            "module.eks-cluster.aws_cloudwatch_log_group.this",
            "module.eks-cluster.aws_eks_cluster.this",
            "module.eks-cluster.aws_iam_instance_profile.workers",
            "module.eks-cluster.aws_iam_role.cluster",
            "module.eks-cluster.aws_iam_role.workers",
            "module.eks-cluster.aws_iam_role_policy_attachment.cluster_AmazonEKSClusterPolicy",
            "module.eks-cluster.aws_iam_role_policy_attachment.cluster_AmazonEKSServicePolicy",
            "module.eks-cluster.aws_launch_configuration.workers",
            "module.eks-cluster.aws_security_group.cluster",
            "module.eks-cluster.aws_security_group.workers",
            "module.vpc.aws_subnet.private",
            "module.vpc.aws_vpc.this",
            "module.vpc.aws_vpc_ipv4_cidr_block_association.this"
          ]
        }
      ]
    },
    {
      "module": "module.eks-cluster",
      "mode": "managed",
      "type": "random_pet",
      "name": "workers_launch_template",
      "each": "list",
      "provider": "provider.random",
      "instances": []
    }
  ]
}
